Microsoft Visual Studio Solution File, Format Version 11.00
# Visual Studio 2010
Project("{2150E333-8FDC-42A3-9474-1A3956D46DE8}") = "(WebKit)", "..\..\third_party\WebKit", "{7C6CDB29-38D7-8364-748C-AEAAD8CCFB36}"
EndProject
Project("{2150E333-8FDC-42A3-9474-1A3956D46DE8}") = "(allocator)", "..\..\base\allocator", "{6478B9F3-4858-63F4-35F4-98A303E305F3}"
EndProject
Project("{2150E333-8FDC-42A3-9474-1A3956D46DE8}") = "(base)", "..\..\base", "{9785FB75-982A-5DE3-252D-3F288B9FEF5B}"
EndProject
Project("{2150E333-8FDC-42A3-9474-1A3956D46DE8}") = "(icu)", "..\..\third_party\icu", "{2DE59335-96CE-10CA-CDE5-FEC35E3549BB}"
EndProject
Project("{2150E333-8FDC-42A3-9474-1A3956D46DE8}") = "(public)", "..\..\third_party\WebKit\public", "{7D1F1355-E02E-9573-5185-AFD30F7210BE}"
EndProject
Project("{2150E333-8FDC-42A3-9474-1A3956D46DE8}") = "(skia)", "..\..\skia", "{5B17195B-58DF-4533-4FE7-D2747913694E}"
EndProject
Project("{2150E333-8FDC-42A3-9474-1A3956D46DE8}") = "(testing)", "..\..\testing", "{EAC80D00-01D2-3F49-A377-20B7154947F3}"
EndProject
Project("{2150E333-8FDC-42A3-9474-1A3956D46DE8}") = "(third_party)", "..\..\base\third_party", "{3E7FA5AF-27B3-2DE0-883C-12F98E7F4E81}"
EndProject
Project("{2150E333-8FDC-42A3-9474-1A3956D46DE8}") = "(third_party)", "..\..\third_party", "{89C816A7-DD31-D54C-C69C-5A80E0C49B77}"
EndProject
Project("{8BC9CEB8-8B4A-11D0-8D11-00A0C91BC942}") = "allocator_extension_thunks", "..\base\allocator\allocator_extension_thunks.vcxproj", "{3B157F56-A058-48A3-E8E5-DA48C825B841}"
EndProject
Project("{8BC9CEB8-8B4A-11D0-8D11-00A0C91BC942}") = "base", "..\base\base.vcxproj", "{2E8A02CC-5E8E-1BCB-7C82-BCBE781F50B6}"
	ProjectSection(ProjectDependencies) = postProject
		{3640F086-6973-514D-BB5E-A2E250A058AD} = {3640F086-6973-514D-BB5E-A2E250A058AD}
		{3B157F56-A058-48A3-E8E5-DA48C825B841} = {3B157F56-A058-48A3-E8E5-DA48C825B841}
		{4399B57E-69BB-91FA-2739-42A1DD0384E9} = {4399B57E-69BB-91FA-2739-42A1DD0384E9}
		{081F25EE-7E15-6978-ED76-7ECD60DBFE47} = {081F25EE-7E15-6978-ED76-7ECD60DBFE47}
		{822A3F90-A21C-20A4-C3EE-8852E7F5E994} = {822A3F90-A21C-20A4-C3EE-8852E7F5E994}
	EndProjectSection
EndProject
Project("{8BC9CEB8-8B4A-11D0-8D11-00A0C91BC942}") = "base_static", "..\base\base_static.vcxproj", "{3640F086-6973-514D-BB5E-A2E250A058AD}"
EndProject
Project("{8BC9CEB8-8B4A-11D0-8D11-00A0C91BC942}") = "blink_skia_config", "..\third_party\WebKit\public\blink_skia_config.vcxproj", "{5D944427-4619-6790-B1CC-548262BE6D0A}"
EndProject
Project("{8BC9CEB8-8B4A-11D0-8D11-00A0C91BC942}") = "dynamic_annotations", "..\base\third_party\dynamic_annotations\dynamic_annotations.vcxproj", "{822A3F90-A21C-20A4-C3EE-8852E7F5E994}"
EndProject
Project("{8BC9CEB8-8B4A-11D0-8D11-00A0C91BC942}") = "gtest_prod", "..\testing\gtest_prod.vcxproj", "{4399B57E-69BB-91FA-2739-42A1DD0384E9}"
EndProject
Project("{8BC9CEB8-8B4A-11D0-8D11-00A0C91BC942}") = "icudata", "..\third_party\icu\icudata.vcxproj", "{3EFEA776-164D-3D11-6681-28406F9BD9A0}"
EndProject
Project("{8BC9CEB8-8B4A-11D0-8D11-00A0C91BC942}") = "icuuc", "..\third_party\icu\icuuc.vcxproj", "{52CED90A-C1F5-3186-A0D7-AB99702DFDEA}"
	ProjectSection(ProjectDependencies) = postProject
		{3EFEA776-164D-3D11-6681-28406F9BD9A0} = {3EFEA776-164D-3D11-6681-28406F9BD9A0}
	EndProjectSection
EndProject
Project("{8BC9CEB8-8B4A-11D0-8D11-00A0C91BC942}") = "image_operations_bench", "image_operations_bench.vcxproj", "{52575E68-CE35-07E6-D75E-DE2491B6C03B}"
	ProjectSection(ProjectDependencies) = postProject
		{2E8A02CC-5E8E-1BCB-7C82-BCBE781F50B6} = {2E8A02CC-5E8E-1BCB-7C82-BCBE781F50B6}
		{1675822D-E10E-2CF0-C356-D6CEA6C5DC47} = {1675822D-E10E-2CF0-C356-D6CEA6C5DC47}
	EndProjectSection
EndProject
Project("{8BC9CEB8-8B4A-11D0-8D11-00A0C91BC942}") = "modp_b64", "..\third_party\modp_b64\modp_b64.vcxproj", "{081F25EE-7E15-6978-ED76-7ECD60DBFE47}"
EndProject
Project("{8BC9CEB8-8B4A-11D0-8D11-00A0C91BC942}") = "sfntly", "..\third_party\sfntly\sfntly.vcxproj", "{DC422346-B7FA-1A00-D6ED-DE69F9E5C725}"
	ProjectSection(ProjectDependencies) = postProject
		{52CED90A-C1F5-3186-A0D7-AB99702DFDEA} = {52CED90A-C1F5-3186-A0D7-AB99702DFDEA}
	EndProjectSection
EndProject
Project("{8BC9CEB8-8B4A-11D0-8D11-00A0C91BC942}") = "skia", "skia.vcxproj", "{1675822D-E10E-2CF0-C356-D6CEA6C5DC47}"
	ProjectSection(ProjectDependencies) = postProject
		{E698BF68-143A-785B-B1B1-CBC172FD5C1D} = {E698BF68-143A-785B-B1B1-CBC172FD5C1D}
		{CAB0B7DE-0581-F93E-C688-F5FD7CF8BEA8} = {CAB0B7DE-0581-F93E-C688-F5FD7CF8BEA8}
		{462C35EE-7BDB-B418-FDEB-455C00284D7F} = {462C35EE-7BDB-B418-FDEB-455C00284D7F}
		{768D726A-DC41-F3C5-2028-5951A7CA99B0} = {768D726A-DC41-F3C5-2028-5951A7CA99B0}
		{2E8A02CC-5E8E-1BCB-7C82-BCBE781F50B6} = {2E8A02CC-5E8E-1BCB-7C82-BCBE781F50B6}
		{822A3F90-A21C-20A4-C3EE-8852E7F5E994} = {822A3F90-A21C-20A4-C3EE-8852E7F5E994}
		{DC422346-B7FA-1A00-D6ED-DE69F9E5C725} = {DC422346-B7FA-1A00-D6ED-DE69F9E5C725}
		{5D944427-4619-6790-B1CC-548262BE6D0A} = {5D944427-4619-6790-B1CC-548262BE6D0A}
		{5B07235B-389A-4364-A16B-C7E6DC8DB4B0} = {5B07235B-389A-4364-A16B-C7E6DC8DB4B0}
		{52CED90A-C1F5-3186-A0D7-AB99702DFDEA} = {52CED90A-C1F5-3186-A0D7-AB99702DFDEA}
	EndProjectSection
EndProject
Project("{8BC9CEB8-8B4A-11D0-8D11-00A0C91BC942}") = "skia_chrome", "skia_chrome.vcxproj", "{F6725B8F-0296-4208-7035-63F5A8BED713}"
EndProject
Project("{8BC9CEB8-8B4A-11D0-8D11-00A0C91BC942}") = "skia_chrome_opts", "skia_chrome_opts.vcxproj", "{768D726A-DC41-F3C5-2028-5951A7CA99B0}"
EndProject
Project("{8BC9CEB8-8B4A-11D0-8D11-00A0C91BC942}") = "skia_library", "skia_library.vcxproj", "{462C35EE-7BDB-B418-FDEB-455C00284D7F}"
EndProject
Project("{8BC9CEB8-8B4A-11D0-8D11-00A0C91BC942}") = "skia_opts", "skia_opts.vcxproj", "{E698BF68-143A-785B-B1B1-CBC172FD5C1D}"
EndProject
Project("{8BC9CEB8-8B4A-11D0-8D11-00A0C91BC942}") = "skia_opts_ssse3", "skia_opts_ssse3.vcxproj", "{5B07235B-389A-4364-A16B-C7E6DC8DB4B0}"
EndProject
Project("{8BC9CEB8-8B4A-11D0-8D11-00A0C91BC942}") = "zlib", "..\third_party\zlib\zlib.vcxproj", "{CAB0B7DE-0581-F93E-C688-F5FD7CF8BEA8}"
EndProject
Global
	GlobalSection(SolutionConfigurationPlatforms) = preSolution
		Debug|x64 = Debug|x64
		Debug|Win32 = Debug|Win32
		Release|x64 = Release|x64
		Release|Win32 = Release|Win32
	EndGlobalSection
	GlobalSection(ProjectConfigurationPlatforms) = postSolution
		{081F25EE-7E15-6978-ED76-7ECD60DBFE47}.Debug|x64.ActiveCfg = Debug|x64
		{081F25EE-7E15-6978-ED76-7ECD60DBFE47}.Debug|x64.Build.0 = Debug|x64
		{081F25EE-7E15-6978-ED76-7ECD60DBFE47}.Debug|Win32.ActiveCfg = Debug|Win32
		{081F25EE-7E15-6978-ED76-7ECD60DBFE47}.Debug|Win32.Build.0 = Debug|Win32
		{081F25EE-7E15-6978-ED76-7ECD60DBFE47}.Release|x64.ActiveCfg = Release|x64
		{081F25EE-7E15-6978-ED76-7ECD60DBFE47}.Release|x64.Build.0 = Release|x64
		{081F25EE-7E15-6978-ED76-7ECD60DBFE47}.Release|Win32.ActiveCfg = Release|Win32
		{081F25EE-7E15-6978-ED76-7ECD60DBFE47}.Release|Win32.Build.0 = Release|Win32
		{1675822D-E10E-2CF0-C356-D6CEA6C5DC47}.Debug|x64.ActiveCfg = Debug|x64
		{1675822D-E10E-2CF0-C356-D6CEA6C5DC47}.Debug|x64.Build.0 = Debug|x64
		{1675822D-E10E-2CF0-C356-D6CEA6C5DC47}.Debug|Win32.ActiveCfg = Debug|Win32
		{1675822D-E10E-2CF0-C356-D6CEA6C5DC47}.Debug|Win32.Build.0 = Debug|Win32
		{1675822D-E10E-2CF0-C356-D6CEA6C5DC47}.Release|x64.ActiveCfg = Release|x64
		{1675822D-E10E-2CF0-C356-D6CEA6C5DC47}.Release|x64.Build.0 = Release|x64
		{1675822D-E10E-2CF0-C356-D6CEA6C5DC47}.Release|Win32.ActiveCfg = Release|Win32
		{1675822D-E10E-2CF0-C356-D6CEA6C5DC47}.Release|Win32.Build.0 = Release|Win32
		{2E8A02CC-5E8E-1BCB-7C82-BCBE781F50B6}.Debug|x64.ActiveCfg = Debug|x64
		{2E8A02CC-5E8E-1BCB-7C82-BCBE781F50B6}.Debug|x64.Build.0 = Debug|x64
		{2E8A02CC-5E8E-1BCB-7C82-BCBE781F50B6}.Debug|Win32.ActiveCfg = Debug|Win32
		{2E8A02CC-5E8E-1BCB-7C82-BCBE781F50B6}.Debug|Win32.Build.0 = Debug|Win32
		{2E8A02CC-5E8E-1BCB-7C82-BCBE781F50B6}.Release|x64.ActiveCfg = Release|x64
		{2E8A02CC-5E8E-1BCB-7C82-BCBE781F50B6}.Release|x64.Build.0 = Release|x64
		{2E8A02CC-5E8E-1BCB-7C82-BCBE781F50B6}.Release|Win32.ActiveCfg = Release|Win32
		{2E8A02CC-5E8E-1BCB-7C82-BCBE781F50B6}.Release|Win32.Build.0 = Release|Win32
		{3640F086-6973-514D-BB5E-A2E250A058AD}.Debug|x64.ActiveCfg = Debug|x64
		{3640F086-6973-514D-BB5E-A2E250A058AD}.Debug|x64.Build.0 = Debug|x64
		{3640F086-6973-514D-BB5E-A2E250A058AD}.Debug|Win32.ActiveCfg = Debug|Win32
		{3640F086-6973-514D-BB5E-A2E250A058AD}.Debug|Win32.Build.0 = Debug|Win32
		{3640F086-6973-514D-BB5E-A2E250A058AD}.Release|x64.ActiveCfg = Release|x64
		{3640F086-6973-514D-BB5E-A2E250A058AD}.Release|x64.Build.0 = Release|x64
		{3640F086-6973-514D-BB5E-A2E250A058AD}.Release|Win32.ActiveCfg = Release|Win32
		{3640F086-6973-514D-BB5E-A2E250A058AD}.Release|Win32.Build.0 = Release|Win32
		{3B157F56-A058-48A3-E8E5-DA48C825B841}.Debug|x64.ActiveCfg = Debug|x64
		{3B157F56-A058-48A3-E8E5-DA48C825B841}.Debug|x64.Build.0 = Debug|x64
		{3B157F56-A058-48A3-E8E5-DA48C825B841}.Debug|Win32.ActiveCfg = Debug|Win32
		{3B157F56-A058-48A3-E8E5-DA48C825B841}.Debug|Win32.Build.0 = Debug|Win32
		{3B157F56-A058-48A3-E8E5-DA48C825B841}.Release|x64.ActiveCfg = Release|x64
		{3B157F56-A058-48A3-E8E5-DA48C825B841}.Release|x64.Build.0 = Release|x64
		{3B157F56-A058-48A3-E8E5-DA48C825B841}.Release|Win32.ActiveCfg = Release|Win32
		{3B157F56-A058-48A3-E8E5-DA48C825B841}.Release|Win32.Build.0 = Release|Win32
		{3EFEA776-164D-3D11-6681-28406F9BD9A0}.Debug|x64.ActiveCfg = Debug|x64
		{3EFEA776-164D-3D11-6681-28406F9BD9A0}.Debug|x64.Build.0 = Debug|x64
		{3EFEA776-164D-3D11-6681-28406F9BD9A0}.Debug|Win32.ActiveCfg = Debug|Win32
		{3EFEA776-164D-3D11-6681-28406F9BD9A0}.Debug|Win32.Build.0 = Debug|Win32
		{3EFEA776-164D-3D11-6681-28406F9BD9A0}.Release|x64.ActiveCfg = Release|x64
		{3EFEA776-164D-3D11-6681-28406F9BD9A0}.Release|x64.Build.0 = Release|x64
		{3EFEA776-164D-3D11-6681-28406F9BD9A0}.Release|Win32.ActiveCfg = Release|Win32
		{3EFEA776-164D-3D11-6681-28406F9BD9A0}.Release|Win32.Build.0 = Release|Win32
		{4399B57E-69BB-91FA-2739-42A1DD0384E9}.Debug|x64.ActiveCfg = Debug|x64
		{4399B57E-69BB-91FA-2739-42A1DD0384E9}.Debug|x64.Build.0 = Debug|x64
		{4399B57E-69BB-91FA-2739-42A1DD0384E9}.Debug|Win32.ActiveCfg = Debug|Win32
		{4399B57E-69BB-91FA-2739-42A1DD0384E9}.Debug|Win32.Build.0 = Debug|Win32
		{4399B57E-69BB-91FA-2739-42A1DD0384E9}.Release|x64.ActiveCfg = Release|x64
		{4399B57E-69BB-91FA-2739-42A1DD0384E9}.Release|x64.Build.0 = Release|x64
		{4399B57E-69BB-91FA-2739-42A1DD0384E9}.Release|Win32.ActiveCfg = Release|Win32
		{4399B57E-69BB-91FA-2739-42A1DD0384E9}.Release|Win32.Build.0 = Release|Win32
		{462C35EE-7BDB-B418-FDEB-455C00284D7F}.Debug|x64.ActiveCfg = Debug|x64
		{462C35EE-7BDB-B418-FDEB-455C00284D7F}.Debug|x64.Build.0 = Debug|x64
		{462C35EE-7BDB-B418-FDEB-455C00284D7F}.Debug|Win32.ActiveCfg = Debug|Win32
		{462C35EE-7BDB-B418-FDEB-455C00284D7F}.Debug|Win32.Build.0 = Debug|Win32
		{462C35EE-7BDB-B418-FDEB-455C00284D7F}.Release|x64.ActiveCfg = Release|x64
		{462C35EE-7BDB-B418-FDEB-455C00284D7F}.Release|x64.Build.0 = Release|x64
		{462C35EE-7BDB-B418-FDEB-455C00284D7F}.Release|Win32.ActiveCfg = Release|Win32
		{462C35EE-7BDB-B418-FDEB-455C00284D7F}.Release|Win32.Build.0 = Release|Win32
		{52575E68-CE35-07E6-D75E-DE2491B6C03B}.Debug|x64.ActiveCfg = Debug|x64
		{52575E68-CE35-07E6-D75E-DE2491B6C03B}.Debug|x64.Build.0 = Debug|x64
		{52575E68-CE35-07E6-D75E-DE2491B6C03B}.Debug|Win32.ActiveCfg = Debug|Win32
		{52575E68-CE35-07E6-D75E-DE2491B6C03B}.Debug|Win32.Build.0 = Debug|Win32
		{52575E68-CE35-07E6-D75E-DE2491B6C03B}.Release|x64.ActiveCfg = Release|x64
		{52575E68-CE35-07E6-D75E-DE2491B6C03B}.Release|x64.Build.0 = Release|x64
		{52575E68-CE35-07E6-D75E-DE2491B6C03B}.Release|Win32.ActiveCfg = Release|Win32
		{52575E68-CE35-07E6-D75E-DE2491B6C03B}.Release|Win32.Build.0 = Release|Win32
		{52CED90A-C1F5-3186-A0D7-AB99702DFDEA}.Debug|x64.ActiveCfg = Debug|x64
		{52CED90A-C1F5-3186-A0D7-AB99702DFDEA}.Debug|x64.Build.0 = Debug|x64
		{52CED90A-C1F5-3186-A0D7-AB99702DFDEA}.Debug|Win32.ActiveCfg = Debug|Win32
		{52CED90A-C1F5-3186-A0D7-AB99702DFDEA}.Debug|Win32.Build.0 = Debug|Win32
		{52CED90A-C1F5-3186-A0D7-AB99702DFDEA}.Release|x64.ActiveCfg = Release|x64
		{52CED90A-C1F5-3186-A0D7-AB99702DFDEA}.Release|x64.Build.0 = Release|x64
		{52CED90A-C1F5-3186-A0D7-AB99702DFDEA}.Release|Win32.ActiveCfg = Release|Win32
		{52CED90A-C1F5-3186-A0D7-AB99702DFDEA}.Release|Win32.Build.0 = Release|Win32
		{5B07235B-389A-4364-A16B-C7E6DC8DB4B0}.Debug|x64.ActiveCfg = Debug|x64
		{5B07235B-389A-4364-A16B-C7E6DC8DB4B0}.Debug|x64.Build.0 = Debug|x64
		{5B07235B-389A-4364-A16B-C7E6DC8DB4B0}.Debug|Win32.ActiveCfg = Debug|Win32
		{5B07235B-389A-4364-A16B-C7E6DC8DB4B0}.Debug|Win32.Build.0 = Debug|Win32
		{5B07235B-389A-4364-A16B-C7E6DC8DB4B0}.Release|x64.ActiveCfg = Release|x64
		{5B07235B-389A-4364-A16B-C7E6DC8DB4B0}.Release|x64.Build.0 = Release|x64
		{5B07235B-389A-4364-A16B-C7E6DC8DB4B0}.Release|Win32.ActiveCfg = Release|Win32
		{5B07235B-389A-4364-A16B-C7E6DC8DB4B0}.Release|Win32.Build.0 = Release|Win32
		{5D944427-4619-6790-B1CC-548262BE6D0A}.Debug|x64.ActiveCfg = Debug|x64
		{5D944427-4619-6790-B1CC-548262BE6D0A}.Debug|x64.Build.0 = Debug|x64
		{5D944427-4619-6790-B1CC-548262BE6D0A}.Debug|Win32.ActiveCfg = Debug|Win32
		{5D944427-4619-6790-B1CC-548262BE6D0A}.Debug|Win32.Build.0 = Debug|Win32
		{5D944427-4619-6790-B1CC-548262BE6D0A}.Release|x64.ActiveCfg = Release|x64
		{5D944427-4619-6790-B1CC-548262BE6D0A}.Release|x64.Build.0 = Release|x64
		{5D944427-4619-6790-B1CC-548262BE6D0A}.Release|Win32.ActiveCfg = Release|Win32
		{5D944427-4619-6790-B1CC-548262BE6D0A}.Release|Win32.Build.0 = Release|Win32
		{768D726A-DC41-F3C5-2028-5951A7CA99B0}.Debug|x64.ActiveCfg = Debug|x64
		{768D726A-DC41-F3C5-2028-5951A7CA99B0}.Debug|x64.Build.0 = Debug|x64
		{768D726A-DC41-F3C5-2028-5951A7CA99B0}.Debug|Win32.ActiveCfg = Debug|Win32
		{768D726A-DC41-F3C5-2028-5951A7CA99B0}.Debug|Win32.Build.0 = Debug|Win32
		{768D726A-DC41-F3C5-2028-5951A7CA99B0}.Release|x64.ActiveCfg = Release|x64
		{768D726A-DC41-F3C5-2028-5951A7CA99B0}.Release|x64.Build.0 = Release|x64
		{768D726A-DC41-F3C5-2028-5951A7CA99B0}.Release|Win32.ActiveCfg = Release|Win32
		{768D726A-DC41-F3C5-2028-5951A7CA99B0}.Release|Win32.Build.0 = Release|Win32
		{822A3F90-A21C-20A4-C3EE-8852E7F5E994}.Debug|x64.ActiveCfg = Debug|x64
		{822A3F90-A21C-20A4-C3EE-8852E7F5E994}.Debug|x64.Build.0 = Debug|x64
		{822A3F90-A21C-20A4-C3EE-8852E7F5E994}.Debug|Win32.ActiveCfg = Debug|Win32
		{822A3F90-A21C-20A4-C3EE-8852E7F5E994}.Debug|Win32.Build.0 = Debug|Win32
		{822A3F90-A21C-20A4-C3EE-8852E7F5E994}.Release|x64.ActiveCfg = Release|x64
		{822A3F90-A21C-20A4-C3EE-8852E7F5E994}.Release|x64.Build.0 = Release|x64
		{822A3F90-A21C-20A4-C3EE-8852E7F5E994}.Release|Win32.ActiveCfg = Release|Win32
		{822A3F90-A21C-20A4-C3EE-8852E7F5E994}.Release|Win32.Build.0 = Release|Win32
		{CAB0B7DE-0581-F93E-C688-F5FD7CF8BEA8}.Debug|x64.ActiveCfg = Debug|x64
		{CAB0B7DE-0581-F93E-C688-F5FD7CF8BEA8}.Debug|x64.Build.0 = Debug|x64
		{CAB0B7DE-0581-F93E-C688-F5FD7CF8BEA8}.Debug|Win32.ActiveCfg = Debug|Win32
		{CAB0B7DE-0581-F93E-C688-F5FD7CF8BEA8}.Debug|Win32.Build.0 = Debug|Win32
		{CAB0B7DE-0581-F93E-C688-F5FD7CF8BEA8}.Release|x64.ActiveCfg = Release|x64
		{CAB0B7DE-0581-F93E-C688-F5FD7CF8BEA8}.Release|x64.Build.0 = Release|x64
		{CAB0B7DE-0581-F93E-C688-F5FD7CF8BEA8}.Release|Win32.ActiveCfg = Release|Win32
		{CAB0B7DE-0581-F93E-C688-F5FD7CF8BEA8}.Release|Win32.Build.0 = Release|Win32
		{DC422346-B7FA-1A00-D6ED-DE69F9E5C725}.Debug|x64.ActiveCfg = Debug|x64
		{DC422346-B7FA-1A00-D6ED-DE69F9E5C725}.Debug|x64.Build.0 = Debug|x64
		{DC422346-B7FA-1A00-D6ED-DE69F9E5C725}.Debug|Win32.ActiveCfg = Debug|Win32
		{DC422346-B7FA-1A00-D6ED-DE69F9E5C725}.Debug|Win32.Build.0 = Debug|Win32
		{DC422346-B7FA-1A00-D6ED-DE69F9E5C725}.Release|x64.ActiveCfg = Release|x64
		{DC422346-B7FA-1A00-D6ED-DE69F9E5C725}.Release|x64.Build.0 = Release|x64
		{DC422346-B7FA-1A00-D6ED-DE69F9E5C725}.Release|Win32.ActiveCfg = Release|Win32
		{DC422346-B7FA-1A00-D6ED-DE69F9E5C725}.Release|Win32.Build.0 = Release|Win32
		{E698BF68-143A-785B-B1B1-CBC172FD5C1D}.Debug|x64.ActiveCfg = Debug|x64
		{E698BF68-143A-785B-B1B1-CBC172FD5C1D}.Debug|x64.Build.0 = Debug|x64
		{E698BF68-143A-785B-B1B1-CBC172FD5C1D}.Debug|Win32.ActiveCfg = Debug|Win32
		{E698BF68-143A-785B-B1B1-CBC172FD5C1D}.Debug|Win32.Build.0 = Debug|Win32
		{E698BF68-143A-785B-B1B1-CBC172FD5C1D}.Release|x64.ActiveCfg = Release|x64
		{E698BF68-143A-785B-B1B1-CBC172FD5C1D}.Release|x64.Build.0 = Release|x64
		{E698BF68-143A-785B-B1B1-CBC172FD5C1D}.Release|Win32.ActiveCfg = Release|Win32
		{E698BF68-143A-785B-B1B1-CBC172FD5C1D}.Release|Win32.Build.0 = Release|Win32
		{F6725B8F-0296-4208-7035-63F5A8BED713}.Debug|x64.ActiveCfg = Debug|x64
		{F6725B8F-0296-4208-7035-63F5A8BED713}.Debug|x64.Build.0 = Debug|x64
		{F6725B8F-0296-4208-7035-63F5A8BED713}.Debug|Win32.ActiveCfg = Debug|Win32
		{F6725B8F-0296-4208-7035-63F5A8BED713}.Debug|Win32.Build.0 = Debug|Win32
		{F6725B8F-0296-4208-7035-63F5A8BED713}.Release|x64.ActiveCfg = Release|x64
		{F6725B8F-0296-4208-7035-63F5A8BED713}.Release|x64.Build.0 = Release|x64
		{F6725B8F-0296-4208-7035-63F5A8BED713}.Release|Win32.ActiveCfg = Release|Win32
		{F6725B8F-0296-4208-7035-63F5A8BED713}.Release|Win32.Build.0 = Release|Win32
	EndGlobalSection
	GlobalSection(SolutionProperties) = preSolution
		HideSolutionNode = FALSE
	EndGlobalSection
	GlobalSection(NestedProjects) = preSolution
		{7D1F1355-E02E-9573-5185-AFD30F7210BE} = {7C6CDB29-38D7-8364-748C-AEAAD8CCFB36}
		{3B157F56-A058-48A3-E8E5-DA48C825B841} = {6478B9F3-4858-63F4-35F4-98A303E305F3}
		{6478B9F3-4858-63F4-35F4-98A303E305F3} = {9785FB75-982A-5DE3-252D-3F288B9FEF5B}
		{3E7FA5AF-27B3-2DE0-883C-12F98E7F4E81} = {9785FB75-982A-5DE3-252D-3F288B9FEF5B}
		{2E8A02CC-5E8E-1BCB-7C82-BCBE781F50B6} = {9785FB75-982A-5DE3-252D-3F288B9FEF5B}
		{3640F086-6973-514D-BB5E-A2E250A058AD} = {9785FB75-982A-5DE3-252D-3F288B9FEF5B}
		{3EFEA776-164D-3D11-6681-28406F9BD9A0} = {2DE59335-96CE-10CA-CDE5-FEC35E3549BB}
		{52CED90A-C1F5-3186-A0D7-AB99702DFDEA} = {2DE59335-96CE-10CA-CDE5-FEC35E3549BB}
		{5D944427-4619-6790-B1CC-548262BE6D0A} = {7D1F1355-E02E-9573-5185-AFD30F7210BE}
		{52575E68-CE35-07E6-D75E-DE2491B6C03B} = {5B17195B-58DF-4533-4FE7-D2747913694E}
		{1675822D-E10E-2CF0-C356-D6CEA6C5DC47} = {5B17195B-58DF-4533-4FE7-D2747913694E}
		{F6725B8F-0296-4208-7035-63F5A8BED713} = {5B17195B-58DF-4533-4FE7-D2747913694E}
		{768D726A-DC41-F3C5-2028-5951A7CA99B0} = {5B17195B-58DF-4533-4FE7-D2747913694E}
		{462C35EE-7BDB-B418-FDEB-455C00284D7F} = {5B17195B-58DF-4533-4FE7-D2747913694E}
		{E698BF68-143A-785B-B1B1-CBC172FD5C1D} = {5B17195B-58DF-4533-4FE7-D2747913694E}
		{5B07235B-389A-4364-A16B-C7E6DC8DB4B0} = {5B17195B-58DF-4533-4FE7-D2747913694E}
		{4399B57E-69BB-91FA-2739-42A1DD0384E9} = {EAC80D00-01D2-3F49-A377-20B7154947F3}
		{822A3F90-A21C-20A4-C3EE-8852E7F5E994} = {3E7FA5AF-27B3-2DE0-883C-12F98E7F4E81}
		{7C6CDB29-38D7-8364-748C-AEAAD8CCFB36} = {89C816A7-DD31-D54C-C69C-5A80E0C49B77}
		{2DE59335-96CE-10CA-CDE5-FEC35E3549BB} = {89C816A7-DD31-D54C-C69C-5A80E0C49B77}
		{081F25EE-7E15-6978-ED76-7ECD60DBFE47} = {89C816A7-DD31-D54C-C69C-5A80E0C49B77}
		{DC422346-B7FA-1A00-D6ED-DE69F9E5C725} = {89C816A7-DD31-D54C-C69C-5A80E0C49B77}
		{CAB0B7DE-0581-F93E-C688-F5FD7CF8BEA8} = {89C816A7-DD31-D54C-C69C-5A80E0C49B77}
	EndGlobalSection
EndGlobal
