Microsoft Visual Studio Solution File, Format Version 11.00
# Visual Studio 2010
Project("{2150E333-8FDC-42A3-9474-1A3956D46DE8}") = "(allocator)", "..\..\base\allocator", "{6478B9F3-4858-63F4-35F4-98A303E305F3}"
EndProject
Project("{2150E333-8FDC-42A3-9474-1A3956D46DE8}") = "(base)", "..\..\base", "{9785FB75-982A-5DE3-252D-3F288B9FEF5B}"
EndProject
Project("{2150E333-8FDC-42A3-9474-1A3956D46DE8}") = "(gyp)", "..\..\v8\tools\gyp", "{7FAA885C-04CF-4C6B-16F0-E9F0B44641AF}"
EndProject
Project("{2150E333-8FDC-42A3-9474-1A3956D46DE8}") = "(icu)", "..\..\third_party\icu", "{2DE59335-96CE-10CA-CDE5-FEC35E3549BB}"
EndProject
Project("{2150E333-8FDC-42A3-9474-1A3956D46DE8}") = "(net)", "..\..\net", "{96A8EC63-88DB-B85C-EEBC-43667C60DEB3}"
EndProject
Project("{2150E333-8FDC-42A3-9474-1A3956D46DE8}") = "(nss)", "..\..\net\third_party\nss", "{91989827-5B0C-52D9-1FE9-9553D672A5E7}"
EndProject
Project("{2150E333-8FDC-42A3-9474-1A3956D46DE8}") = "(nss)", "..\..\third_party\nss", "{CD014008-1CDB-809B-D770-C67A261539F7}"
EndProject
Project("{2150E333-8FDC-42A3-9474-1A3956D46DE8}") = "(protobuf)", "..\..\third_party\protobuf", "{FF6C6E0D-F605-D848-8A79-B0ED90BBDB2F}"
EndProject
Project("{2150E333-8FDC-42A3-9474-1A3956D46DE8}") = "(rlz)", "..\..\rlz", "{63A4F3AC-933E-812C-F0A4-F85B86C84BE7}"
EndProject
Project("{2150E333-8FDC-42A3-9474-1A3956D46DE8}") = "(testing)", "..\..\testing", "{EAC80D00-01D2-3F49-A377-20B7154947F3}"
EndProject
Project("{2150E333-8FDC-42A3-9474-1A3956D46DE8}") = "(third_party)", "..\..\base\third_party", "{3E7FA5AF-27B3-2DE0-883C-12F98E7F4E81}"
EndProject
Project("{2150E333-8FDC-42A3-9474-1A3956D46DE8}") = "(third_party)", "..\..\net\third_party", "{5A566D8E-9FAB-ED62-0C7C-BD22FF9AF8A2}"
EndProject
Project("{2150E333-8FDC-42A3-9474-1A3956D46DE8}") = "(third_party)", "..\..\third_party", "{89C816A7-DD31-D54C-C69C-5A80E0C49B77}"
EndProject
Project("{2150E333-8FDC-42A3-9474-1A3956D46DE8}") = "(tld_cleanup)", "..\..\net\tools\tld_cleanup", "{B7DDAB95-240D-F086-A1F3-AB3413E2A45D}"
EndProject
Project("{2150E333-8FDC-42A3-9474-1A3956D46DE8}") = "(tools)", "..\..\net\tools", "{807E4E47-2EC3-D7D5-D42B-11F87A49395A}"
EndProject
Project("{2150E333-8FDC-42A3-9474-1A3956D46DE8}") = "(tools)", "..\..\v8\tools", "{E95778BD-E4AC-C3D0-84EF-83684E04593A}"
EndProject
Project("{2150E333-8FDC-42A3-9474-1A3956D46DE8}") = "(url)", "..\..\url", "{ABEA8C02-AF45-C0B0-B874-B7CA283C10FB}"
EndProject
Project("{2150E333-8FDC-42A3-9474-1A3956D46DE8}") = "(v8)", "..\..\v8", "{F3545621-A177-A1E7-26DB-108FF716F075}"
EndProject
Project("{8BC9CEB8-8B4A-11D0-8D11-00A0C91BC942}") = "allocator_extension_thunks", "..\base\allocator\allocator_extension_thunks.vcxproj", "{3B157F56-A058-48A3-E8E5-DA48C825B841}"
EndProject
Project("{8BC9CEB8-8B4A-11D0-8D11-00A0C91BC942}") = "base", "..\base\base.vcxproj", "{2E8A02CC-5E8E-1BCB-7C82-BCBE781F50B6}"
	ProjectSection(ProjectDependencies) = postProject
		{3640F086-6973-514D-BB5E-A2E250A058AD} = {3640F086-6973-514D-BB5E-A2E250A058AD}
		{3B157F56-A058-48A3-E8E5-DA48C825B841} = {3B157F56-A058-48A3-E8E5-DA48C825B841}
		{4399B57E-69BB-91FA-2739-42A1DD0384E9} = {4399B57E-69BB-91FA-2739-42A1DD0384E9}
		{081F25EE-7E15-6978-ED76-7ECD60DBFE47} = {081F25EE-7E15-6978-ED76-7ECD60DBFE47}
		{822A3F90-A21C-20A4-C3EE-8852E7F5E994} = {822A3F90-A21C-20A4-C3EE-8852E7F5E994}
	EndProjectSection
EndProject
Project("{8BC9CEB8-8B4A-11D0-8D11-00A0C91BC942}") = "base_i18n", "..\base\base_i18n.vcxproj", "{D409960E-7545-56A4-A39D-5C9F3E9856EB}"
	ProjectSection(ProjectDependencies) = postProject
		{2E8A02CC-5E8E-1BCB-7C82-BCBE781F50B6} = {2E8A02CC-5E8E-1BCB-7C82-BCBE781F50B6}
		{822A3F90-A21C-20A4-C3EE-8852E7F5E994} = {822A3F90-A21C-20A4-C3EE-8852E7F5E994}
		{734BBEFB-C97B-AD4F-708C-4475EBF75F8C} = {734BBEFB-C97B-AD4F-708C-4475EBF75F8C}
		{52CED90A-C1F5-3186-A0D7-AB99702DFDEA} = {52CED90A-C1F5-3186-A0D7-AB99702DFDEA}
	EndProjectSection
EndProject
Project("{8BC9CEB8-8B4A-11D0-8D11-00A0C91BC942}") = "base_prefs", "..\base\base_prefs.vcxproj", "{6FEEBA16-FB1D-C7C6-0220-DBC10D1DEA3E}"
	ProjectSection(ProjectDependencies) = postProject
		{2E8A02CC-5E8E-1BCB-7C82-BCBE781F50B6} = {2E8A02CC-5E8E-1BCB-7C82-BCBE781F50B6}
	EndProjectSection
EndProject
Project("{8BC9CEB8-8B4A-11D0-8D11-00A0C91BC942}") = "base_static", "..\base\base_static.vcxproj", "{3640F086-6973-514D-BB5E-A2E250A058AD}"
EndProject
Project("{8BC9CEB8-8B4A-11D0-8D11-00A0C91BC942}") = "crypto", "..\crypto\crypto.vcxproj", "{7E20C3FF-E4F8-0794-AADC-C9D43C33929B}"
	ProjectSection(ProjectDependencies) = postProject
		{2E8A02CC-5E8E-1BCB-7C82-BCBE781F50B6} = {2E8A02CC-5E8E-1BCB-7C82-BCBE781F50B6}
		{822A3F90-A21C-20A4-C3EE-8852E7F5E994} = {822A3F90-A21C-20A4-C3EE-8852E7F5E994}
		{81C68B05-C196-94F4-7009-F9233F2AF4B9} = {81C68B05-C196-94F4-7009-F9233F2AF4B9}
		{AECE38E1-1419-E5DC-5C15-BC43A20A36FC} = {AECE38E1-1419-E5DC-5C15-BC43A20A36FC}
	EndProjectSection
EndProject
Project("{8BC9CEB8-8B4A-11D0-8D11-00A0C91BC942}") = "dynamic_annotations", "..\base\third_party\dynamic_annotations\dynamic_annotations.vcxproj", "{822A3F90-A21C-20A4-C3EE-8852E7F5E994}"
EndProject
Project("{8BC9CEB8-8B4A-11D0-8D11-00A0C91BC942}") = "gmock", "..\testing\gmock.vcxproj", "{4E9C011E-92AB-9D0B-0BBA-28CB6D70C677}"
EndProject
Project("{8BC9CEB8-8B4A-11D0-8D11-00A0C91BC942}") = "gtest", "..\testing\gtest.vcxproj", "{13FD28F2-2B9A-CD6E-A540-6A35E3E50313}"
	ProjectSection(ProjectDependencies) = postProject
		{4399B57E-69BB-91FA-2739-42A1DD0384E9} = {4399B57E-69BB-91FA-2739-42A1DD0384E9}
	EndProjectSection
EndProject
Project("{8BC9CEB8-8B4A-11D0-8D11-00A0C91BC942}") = "gtest_prod", "..\testing\gtest_prod.vcxproj", "{4399B57E-69BB-91FA-2739-42A1DD0384E9}"
EndProject
Project("{8BC9CEB8-8B4A-11D0-8D11-00A0C91BC942}") = "icudata", "..\third_party\icu\icudata.vcxproj", "{3EFEA776-164D-3D11-6681-28406F9BD9A0}"
EndProject
Project("{8BC9CEB8-8B4A-11D0-8D11-00A0C91BC942}") = "icui18n", "..\third_party\icu\icui18n.vcxproj", "{734BBEFB-C97B-AD4F-708C-4475EBF75F8C}"
	ProjectSection(ProjectDependencies) = postProject
		{52CED90A-C1F5-3186-A0D7-AB99702DFDEA} = {52CED90A-C1F5-3186-A0D7-AB99702DFDEA}
	EndProjectSection
EndProject
Project("{8BC9CEB8-8B4A-11D0-8D11-00A0C91BC942}") = "icuuc", "..\third_party\icu\icuuc.vcxproj", "{52CED90A-C1F5-3186-A0D7-AB99702DFDEA}"
	ProjectSection(ProjectDependencies) = postProject
		{3EFEA776-164D-3D11-6681-28406F9BD9A0} = {3EFEA776-164D-3D11-6681-28406F9BD9A0}
	EndProjectSection
EndProject
Project("{8BC9CEB8-8B4A-11D0-8D11-00A0C91BC942}") = "js2c", "..\v8\tools\gyp\js2c.vcxproj", "{0B6C99A1-E6E8-89C2-CE80-0D74FFBC6DD9}"
EndProject
Project("{8BC9CEB8-8B4A-11D0-8D11-00A0C91BC942}") = "libssl", "..\net\third_party\nss\libssl.vcxproj", "{577466D9-1B88-4CDE-9269-EA4EACCD23E9}"
	ProjectSection(ProjectDependencies) = postProject
		{81C68B05-C196-94F4-7009-F9233F2AF4B9} = {81C68B05-C196-94F4-7009-F9233F2AF4B9}
		{AECE38E1-1419-E5DC-5C15-BC43A20A36FC} = {AECE38E1-1419-E5DC-5C15-BC43A20A36FC}
	EndProjectSection
EndProject
Project("{8BC9CEB8-8B4A-11D0-8D11-00A0C91BC942}") = "libxml", "..\third_party\libxml\libxml.vcxproj", "{68E0283F-8A84-BA57-6B4A-3CEABE5CDE5A}"
	ProjectSection(ProjectDependencies) = postProject
		{52CED90A-C1F5-3186-A0D7-AB99702DFDEA} = {52CED90A-C1F5-3186-A0D7-AB99702DFDEA}
	EndProjectSection
EndProject
Project("{8BC9CEB8-8B4A-11D0-8D11-00A0C91BC942}") = "mksnapshot.ia32", "..\v8\tools\gyp\mksnapshot.ia32.vcxproj", "{1D9F70FD-9C58-11CF-E8A2-ABFC3BDC861F}"
	ProjectSection(ProjectDependencies) = postProject
		{69087E37-7D4A-64A0-1A88-03A12AE8B439} = {69087E37-7D4A-64A0-1A88-03A12AE8B439}
		{C65D4586-1BE2-E9D4-187A-CB785E1C8F75} = {C65D4586-1BE2-E9D4-187A-CB785E1C8F75}
		{734BBEFB-C97B-AD4F-708C-4475EBF75F8C} = {734BBEFB-C97B-AD4F-708C-4475EBF75F8C}
		{52CED90A-C1F5-3186-A0D7-AB99702DFDEA} = {52CED90A-C1F5-3186-A0D7-AB99702DFDEA}
		{3EFEA776-164D-3D11-6681-28406F9BD9A0} = {3EFEA776-164D-3D11-6681-28406F9BD9A0}
		{0B6C99A1-E6E8-89C2-CE80-0D74FFBC6DD9} = {0B6C99A1-E6E8-89C2-CE80-0D74FFBC6DD9}
	EndProjectSection
EndProject
Project("{8BC9CEB8-8B4A-11D0-8D11-00A0C91BC942}") = "modp_b64", "..\third_party\modp_b64\modp_b64.vcxproj", "{081F25EE-7E15-6978-ED76-7ECD60DBFE47}"
EndProject
Project("{8BC9CEB8-8B4A-11D0-8D11-00A0C91BC942}") = "net", "..\net\net.vcxproj", "{3FE45A95-FE94-1D27-B82A-CD3BA2ED31F7}"
	ProjectSection(ProjectDependencies) = postProject
		{2E8A02CC-5E8E-1BCB-7C82-BCBE781F50B6} = {2E8A02CC-5E8E-1BCB-7C82-BCBE781F50B6}
		{D409960E-7545-56A4-A39D-5C9F3E9856EB} = {D409960E-7545-56A4-A39D-5C9F3E9856EB}
		{822A3F90-A21C-20A4-C3EE-8852E7F5E994} = {822A3F90-A21C-20A4-C3EE-8852E7F5E994}
		{7E20C3FF-E4F8-0794-AADC-C9D43C33929B} = {7E20C3FF-E4F8-0794-AADC-C9D43C33929B}
		{A0DEF586-48F9-7C43-5E54-0A2F5793581B} = {A0DEF586-48F9-7C43-5E54-0A2F5793581B}
		{734BBEFB-C97B-AD4F-708C-4475EBF75F8C} = {734BBEFB-C97B-AD4F-708C-4475EBF75F8C}
		{52CED90A-C1F5-3186-A0D7-AB99702DFDEA} = {52CED90A-C1F5-3186-A0D7-AB99702DFDEA}
		{CAB0B7DE-0581-F93E-C688-F5FD7CF8BEA8} = {CAB0B7DE-0581-F93E-C688-F5FD7CF8BEA8}
		{47911B0A-BF1E-163B-3A53-A252433056CC} = {47911B0A-BF1E-163B-3A53-A252433056CC}
		{E27C1C6E-6A52-881A-C665-643EE224DA48} = {E27C1C6E-6A52-881A-C665-643EE224DA48}
		{81C68B05-C196-94F4-7009-F9233F2AF4B9} = {81C68B05-C196-94F4-7009-F9233F2AF4B9}
		{AECE38E1-1419-E5DC-5C15-BC43A20A36FC} = {AECE38E1-1419-E5DC-5C15-BC43A20A36FC}
		{577466D9-1B88-4CDE-9269-EA4EACCD23E9} = {577466D9-1B88-4CDE-9269-EA4EACCD23E9}
	EndProjectSection
EndProject
Project("{8BC9CEB8-8B4A-11D0-8D11-00A0C91BC942}") = "net_resources", "..\net\net_resources.vcxproj", "{E27C1C6E-6A52-881A-C665-643EE224DA48}"
EndProject
Project("{8BC9CEB8-8B4A-11D0-8D11-00A0C91BC942}") = "net_test_support", "..\net\net_test_support.vcxproj", "{8B983160-A984-5701-3026-43218A1B8584}"
	ProjectSection(ProjectDependencies) = postProject
		{2E8A02CC-5E8E-1BCB-7C82-BCBE781F50B6} = {2E8A02CC-5E8E-1BCB-7C82-BCBE781F50B6}
		{47911B0A-BF1E-163B-3A53-A252433056CC} = {47911B0A-BF1E-163B-3A53-A252433056CC}
		{3FE45A95-FE94-1D27-B82A-CD3BA2ED31F7} = {3FE45A95-FE94-1D27-B82A-CD3BA2ED31F7}
		{56464452-3FDA-67CD-5052-82D88EB986CA} = {56464452-3FDA-67CD-5052-82D88EB986CA}
		{7B325DE5-206B-DA2B-4777-E1C07D2F82F7} = {7B325DE5-206B-DA2B-4777-E1C07D2F82F7}
	EndProjectSection
EndProject
Project("{8BC9CEB8-8B4A-11D0-8D11-00A0C91BC942}") = "net_with_v8", "..\net\net_with_v8.vcxproj", "{7B325DE5-206B-DA2B-4777-E1C07D2F82F7}"
	ProjectSection(ProjectDependencies) = postProject
		{2E8A02CC-5E8E-1BCB-7C82-BCBE781F50B6} = {2E8A02CC-5E8E-1BCB-7C82-BCBE781F50B6}
		{47911B0A-BF1E-163B-3A53-A252433056CC} = {47911B0A-BF1E-163B-3A53-A252433056CC}
		{D9E898E9-DD43-49BB-5E47-BCE050755F45} = {D9E898E9-DD43-49BB-5E47-BCE050755F45}
		{3FE45A95-FE94-1D27-B82A-CD3BA2ED31F7} = {3FE45A95-FE94-1D27-B82A-CD3BA2ED31F7}
	EndProjectSection
EndProject
Project("{8BC9CEB8-8B4A-11D0-8D11-00A0C91BC942}") = "nspr", "..\third_party\nss\nspr.vcxproj", "{81C68B05-C196-94F4-7009-F9233F2AF4B9}"
EndProject
Project("{8BC9CEB8-8B4A-11D0-8D11-00A0C91BC942}") = "nss", "..\third_party\nss\nss.vcxproj", "{AECE38E1-1419-E5DC-5C15-BC43A20A36FC}"
	ProjectSection(ProjectDependencies) = postProject
		{8078147F-4EAE-DDAC-1720-44E6B24A8585} = {8078147F-4EAE-DDAC-1720-44E6B24A8585}
		{81C68B05-C196-94F4-7009-F9233F2AF4B9} = {81C68B05-C196-94F4-7009-F9233F2AF4B9}
		{3C941464-960D-7EA0-6227-54F232553E1D} = {3C941464-960D-7EA0-6227-54F232553E1D}
		{734BBEFB-C97B-AD4F-708C-4475EBF75F8C} = {734BBEFB-C97B-AD4F-708C-4475EBF75F8C}
		{52CED90A-C1F5-3186-A0D7-AB99702DFDEA} = {52CED90A-C1F5-3186-A0D7-AB99702DFDEA}
	EndProjectSection
EndProject
Project("{8BC9CEB8-8B4A-11D0-8D11-00A0C91BC942}") = "nss_static", "..\third_party\nss\nss_static.vcxproj", "{8078147F-4EAE-DDAC-1720-44E6B24A8585}"
	ProjectSection(ProjectDependencies) = postProject
		{81C68B05-C196-94F4-7009-F9233F2AF4B9} = {81C68B05-C196-94F4-7009-F9233F2AF4B9}
	EndProjectSection
EndProject
Project("{8BC9CEB8-8B4A-11D0-8D11-00A0C91BC942}") = "py_proto", "..\third_party\protobuf\py_proto.vcxproj", "{56464452-3FDA-67CD-5052-82D88EB986CA}"
EndProject
Project("{8BC9CEB8-8B4A-11D0-8D11-00A0C91BC942}") = "rlz", "rlz.vcxproj", "{C30A0F65-A58F-67AB-9E94-6D30486A10A7}"
	ProjectSection(ProjectDependencies) = postProject
		{E4F549AD-6C4B-627D-C02D-B92D30C26E15} = {E4F549AD-6C4B-627D-C02D-B92D30C26E15}
		{CAB0B7DE-0581-F93E-C688-F5FD7CF8BEA8} = {CAB0B7DE-0581-F93E-C688-F5FD7CF8BEA8}
		{2E8A02CC-5E8E-1BCB-7C82-BCBE781F50B6} = {2E8A02CC-5E8E-1BCB-7C82-BCBE781F50B6}
		{822A3F90-A21C-20A4-C3EE-8852E7F5E994} = {822A3F90-A21C-20A4-C3EE-8852E7F5E994}
		{3FE45A95-FE94-1D27-B82A-CD3BA2ED31F7} = {3FE45A95-FE94-1D27-B82A-CD3BA2ED31F7}
		{47911B0A-BF1E-163B-3A53-A252433056CC} = {47911B0A-BF1E-163B-3A53-A252433056CC}
	EndProjectSection
EndProject
Project("{8BC9CEB8-8B4A-11D0-8D11-00A0C91BC942}") = "rlz_id", "rlz_id.vcxproj", "{4E5FF77C-F4CB-BE83-99EB-E7ABE28A1D95}"
	ProjectSection(ProjectDependencies) = postProject
		{E4F549AD-6C4B-627D-C02D-B92D30C26E15} = {E4F549AD-6C4B-627D-C02D-B92D30C26E15}
		{2E8A02CC-5E8E-1BCB-7C82-BCBE781F50B6} = {2E8A02CC-5E8E-1BCB-7C82-BCBE781F50B6}
		{822A3F90-A21C-20A4-C3EE-8852E7F5E994} = {822A3F90-A21C-20A4-C3EE-8852E7F5E994}
		{3FE45A95-FE94-1D27-B82A-CD3BA2ED31F7} = {3FE45A95-FE94-1D27-B82A-CD3BA2ED31F7}
		{47911B0A-BF1E-163B-3A53-A252433056CC} = {47911B0A-BF1E-163B-3A53-A252433056CC}
	EndProjectSection
EndProject
Project("{8BC9CEB8-8B4A-11D0-8D11-00A0C91BC942}") = "rlz_lib", "rlz_lib.vcxproj", "{E4F549AD-6C4B-627D-C02D-B92D30C26E15}"
	ProjectSection(ProjectDependencies) = postProject
		{2E8A02CC-5E8E-1BCB-7C82-BCBE781F50B6} = {2E8A02CC-5E8E-1BCB-7C82-BCBE781F50B6}
		{3FE45A95-FE94-1D27-B82A-CD3BA2ED31F7} = {3FE45A95-FE94-1D27-B82A-CD3BA2ED31F7}
		{47911B0A-BF1E-163B-3A53-A252433056CC} = {47911B0A-BF1E-163B-3A53-A252433056CC}
	EndProjectSection
EndProject
Project("{8BC9CEB8-8B4A-11D0-8D11-00A0C91BC942}") = "rlz_unittests", "rlz_unittests.vcxproj", "{5EADB2BF-E11D-E472-5821-65802079D0C8}"
	ProjectSection(ProjectDependencies) = postProject
		{E4F549AD-6C4B-627D-C02D-B92D30C26E15} = {E4F549AD-6C4B-627D-C02D-B92D30C26E15}
		{2E8A02CC-5E8E-1BCB-7C82-BCBE781F50B6} = {2E8A02CC-5E8E-1BCB-7C82-BCBE781F50B6}
		{6FEEBA16-FB1D-C7C6-0220-DBC10D1DEA3E} = {6FEEBA16-FB1D-C7C6-0220-DBC10D1DEA3E}
		{4E9C011E-92AB-9D0B-0BBA-28CB6D70C677} = {4E9C011E-92AB-9D0B-0BBA-28CB6D70C677}
		{13FD28F2-2B9A-CD6E-A540-6A35E3E50313} = {13FD28F2-2B9A-CD6E-A540-6A35E3E50313}
		{CAB0B7DE-0581-F93E-C688-F5FD7CF8BEA8} = {CAB0B7DE-0581-F93E-C688-F5FD7CF8BEA8}
		{8B983160-A984-5701-3026-43218A1B8584} = {8B983160-A984-5701-3026-43218A1B8584}
		{822A3F90-A21C-20A4-C3EE-8852E7F5E994} = {822A3F90-A21C-20A4-C3EE-8852E7F5E994}
		{3FE45A95-FE94-1D27-B82A-CD3BA2ED31F7} = {3FE45A95-FE94-1D27-B82A-CD3BA2ED31F7}
		{47911B0A-BF1E-163B-3A53-A252433056CC} = {47911B0A-BF1E-163B-3A53-A252433056CC}
		{4399B57E-69BB-91FA-2739-42A1DD0384E9} = {4399B57E-69BB-91FA-2739-42A1DD0384E9}
		{A59786C3-5325-8B79-719B-361A50151533} = {A59786C3-5325-8B79-719B-361A50151533}
		{3640F086-6973-514D-BB5E-A2E250A058AD} = {3640F086-6973-514D-BB5E-A2E250A058AD}
		{D409960E-7545-56A4-A39D-5C9F3E9856EB} = {D409960E-7545-56A4-A39D-5C9F3E9856EB}
		{68E0283F-8A84-BA57-6B4A-3CEABE5CDE5A} = {68E0283F-8A84-BA57-6B4A-3CEABE5CDE5A}
		{52CED90A-C1F5-3186-A0D7-AB99702DFDEA} = {52CED90A-C1F5-3186-A0D7-AB99702DFDEA}
		{C4ED5E63-E73A-568D-B306-192329D86649} = {C4ED5E63-E73A-568D-B306-192329D86649}
		{56464452-3FDA-67CD-5052-82D88EB986CA} = {56464452-3FDA-67CD-5052-82D88EB986CA}
		{7B325DE5-206B-DA2B-4777-E1C07D2F82F7} = {7B325DE5-206B-DA2B-4777-E1C07D2F82F7}
	EndProjectSection
EndProject
Project("{8BC9CEB8-8B4A-11D0-8D11-00A0C91BC942}") = "sdch", "..\sdch\sdch.vcxproj", "{A0DEF586-48F9-7C43-5E54-0A2F5793581B}"
EndProject
Project("{8BC9CEB8-8B4A-11D0-8D11-00A0C91BC942}") = "sqlite", "..\third_party\sqlite\sqlite.vcxproj", "{3C941464-960D-7EA0-6227-54F232553E1D}"
	ProjectSection(ProjectDependencies) = postProject
		{734BBEFB-C97B-AD4F-708C-4475EBF75F8C} = {734BBEFB-C97B-AD4F-708C-4475EBF75F8C}
		{52CED90A-C1F5-3186-A0D7-AB99702DFDEA} = {52CED90A-C1F5-3186-A0D7-AB99702DFDEA}
	EndProjectSection
EndProject
Project("{8BC9CEB8-8B4A-11D0-8D11-00A0C91BC942}") = "test_support_base", "..\base\test_support_base.vcxproj", "{A59786C3-5325-8B79-719B-361A50151533}"
	ProjectSection(ProjectDependencies) = postProject
		{2E8A02CC-5E8E-1BCB-7C82-BCBE781F50B6} = {2E8A02CC-5E8E-1BCB-7C82-BCBE781F50B6}
		{D409960E-7545-56A4-A39D-5C9F3E9856EB} = {D409960E-7545-56A4-A39D-5C9F3E9856EB}
	EndProjectSection
EndProject
Project("{8BC9CEB8-8B4A-11D0-8D11-00A0C91BC942}") = "tld_cleanup_util", "..\net\tools\tld_cleanup\tld_cleanup_util.vcxproj", "{C4ED5E63-E73A-568D-B306-192329D86649}"
	ProjectSection(ProjectDependencies) = postProject
		{2E8A02CC-5E8E-1BCB-7C82-BCBE781F50B6} = {2E8A02CC-5E8E-1BCB-7C82-BCBE781F50B6}
		{47911B0A-BF1E-163B-3A53-A252433056CC} = {47911B0A-BF1E-163B-3A53-A252433056CC}
	EndProjectSection
EndProject
Project("{8BC9CEB8-8B4A-11D0-8D11-00A0C91BC942}") = "url_lib", "..\url\url_lib.vcxproj", "{47911B0A-BF1E-163B-3A53-A252433056CC}"
	ProjectSection(ProjectDependencies) = postProject
		{2E8A02CC-5E8E-1BCB-7C82-BCBE781F50B6} = {2E8A02CC-5E8E-1BCB-7C82-BCBE781F50B6}
		{822A3F90-A21C-20A4-C3EE-8852E7F5E994} = {822A3F90-A21C-20A4-C3EE-8852E7F5E994}
		{3EFEA776-164D-3D11-6681-28406F9BD9A0} = {3EFEA776-164D-3D11-6681-28406F9BD9A0}
		{734BBEFB-C97B-AD4F-708C-4475EBF75F8C} = {734BBEFB-C97B-AD4F-708C-4475EBF75F8C}
		{52CED90A-C1F5-3186-A0D7-AB99702DFDEA} = {52CED90A-C1F5-3186-A0D7-AB99702DFDEA}
	EndProjectSection
EndProject
Project("{8BC9CEB8-8B4A-11D0-8D11-00A0C91BC942}") = "v8", "..\v8\tools\gyp\v8.vcxproj", "{D9E898E9-DD43-49BB-5E47-BCE050755F45}"
	ProjectSection(ProjectDependencies) = postProject
		{69087E37-7D4A-64A0-1A88-03A12AE8B439} = {69087E37-7D4A-64A0-1A88-03A12AE8B439}
		{11DC28EB-9BFA-CC42-28F1-E79D529BEB28} = {11DC28EB-9BFA-CC42-28F1-E79D529BEB28}
		{734BBEFB-C97B-AD4F-708C-4475EBF75F8C} = {734BBEFB-C97B-AD4F-708C-4475EBF75F8C}
		{52CED90A-C1F5-3186-A0D7-AB99702DFDEA} = {52CED90A-C1F5-3186-A0D7-AB99702DFDEA}
		{3EFEA776-164D-3D11-6681-28406F9BD9A0} = {3EFEA776-164D-3D11-6681-28406F9BD9A0}
		{0B6C99A1-E6E8-89C2-CE80-0D74FFBC6DD9} = {0B6C99A1-E6E8-89C2-CE80-0D74FFBC6DD9}
	EndProjectSection
EndProject
Project("{8BC9CEB8-8B4A-11D0-8D11-00A0C91BC942}") = "v8_base.ia32", "..\v8\tools\gyp\v8_base.ia32.vcxproj", "{69087E37-7D4A-64A0-1A88-03A12AE8B439}"
	ProjectSection(ProjectDependencies) = postProject
		{734BBEFB-C97B-AD4F-708C-4475EBF75F8C} = {734BBEFB-C97B-AD4F-708C-4475EBF75F8C}
		{52CED90A-C1F5-3186-A0D7-AB99702DFDEA} = {52CED90A-C1F5-3186-A0D7-AB99702DFDEA}
		{3EFEA776-164D-3D11-6681-28406F9BD9A0} = {3EFEA776-164D-3D11-6681-28406F9BD9A0}
	EndProjectSection
EndProject
Project("{8BC9CEB8-8B4A-11D0-8D11-00A0C91BC942}") = "v8_nosnapshot.ia32", "..\v8\tools\gyp\v8_nosnapshot.ia32.vcxproj", "{C65D4586-1BE2-E9D4-187A-CB785E1C8F75}"
	ProjectSection(ProjectDependencies) = postProject
		{0B6C99A1-E6E8-89C2-CE80-0D74FFBC6DD9} = {0B6C99A1-E6E8-89C2-CE80-0D74FFBC6DD9}
	EndProjectSection
EndProject
Project("{8BC9CEB8-8B4A-11D0-8D11-00A0C91BC942}") = "v8_snapshot", "..\v8\tools\gyp\v8_snapshot.vcxproj", "{11DC28EB-9BFA-CC42-28F1-E79D529BEB28}"
	ProjectSection(ProjectDependencies) = postProject
		{1D9F70FD-9C58-11CF-E8A2-ABFC3BDC861F} = {1D9F70FD-9C58-11CF-E8A2-ABFC3BDC861F}
		{0B6C99A1-E6E8-89C2-CE80-0D74FFBC6DD9} = {0B6C99A1-E6E8-89C2-CE80-0D74FFBC6DD9}
	EndProjectSection
EndProject
Project("{8BC9CEB8-8B4A-11D0-8D11-00A0C91BC942}") = "zlib", "..\third_party\zlib\zlib.vcxproj", "{CAB0B7DE-0581-F93E-C688-F5FD7CF8BEA8}"
EndProject
Global
	GlobalSection(SolutionConfigurationPlatforms) = preSolution
		Debug|x64 = Debug|x64
		Debug|Win32 = Debug|Win32
		Release|x64 = Release|x64
		Release|Win32 = Release|Win32
	EndGlobalSection
	GlobalSection(ProjectConfigurationPlatforms) = postSolution
		{081F25EE-7E15-6978-ED76-7ECD60DBFE47}.Debug|x64.ActiveCfg = Debug|x64
		{081F25EE-7E15-6978-ED76-7ECD60DBFE47}.Debug|x64.Build.0 = Debug|x64
		{081F25EE-7E15-6978-ED76-7ECD60DBFE47}.Debug|Win32.ActiveCfg = Debug|Win32
		{081F25EE-7E15-6978-ED76-7ECD60DBFE47}.Debug|Win32.Build.0 = Debug|Win32
		{081F25EE-7E15-6978-ED76-7ECD60DBFE47}.Release|x64.ActiveCfg = Release|x64
		{081F25EE-7E15-6978-ED76-7ECD60DBFE47}.Release|x64.Build.0 = Release|x64
		{081F25EE-7E15-6978-ED76-7ECD60DBFE47}.Release|Win32.ActiveCfg = Release|Win32
		{081F25EE-7E15-6978-ED76-7ECD60DBFE47}.Release|Win32.Build.0 = Release|Win32
		{0B6C99A1-E6E8-89C2-CE80-0D74FFBC6DD9}.Debug|x64.ActiveCfg = Debug|x64
		{0B6C99A1-E6E8-89C2-CE80-0D74FFBC6DD9}.Debug|x64.Build.0 = Debug|x64
		{0B6C99A1-E6E8-89C2-CE80-0D74FFBC6DD9}.Debug|Win32.ActiveCfg = Debug|Win32
		{0B6C99A1-E6E8-89C2-CE80-0D74FFBC6DD9}.Debug|Win32.Build.0 = Debug|Win32
		{0B6C99A1-E6E8-89C2-CE80-0D74FFBC6DD9}.Release|x64.ActiveCfg = Release|x64
		{0B6C99A1-E6E8-89C2-CE80-0D74FFBC6DD9}.Release|x64.Build.0 = Release|x64
		{0B6C99A1-E6E8-89C2-CE80-0D74FFBC6DD9}.Release|Win32.ActiveCfg = Release|Win32
		{0B6C99A1-E6E8-89C2-CE80-0D74FFBC6DD9}.Release|Win32.Build.0 = Release|Win32
		{11DC28EB-9BFA-CC42-28F1-E79D529BEB28}.Debug|x64.ActiveCfg = Debug|x64
		{11DC28EB-9BFA-CC42-28F1-E79D529BEB28}.Debug|x64.Build.0 = Debug|x64
		{11DC28EB-9BFA-CC42-28F1-E79D529BEB28}.Debug|Win32.ActiveCfg = Debug|Win32
		{11DC28EB-9BFA-CC42-28F1-E79D529BEB28}.Debug|Win32.Build.0 = Debug|Win32
		{11DC28EB-9BFA-CC42-28F1-E79D529BEB28}.Release|x64.ActiveCfg = Release|x64
		{11DC28EB-9BFA-CC42-28F1-E79D529BEB28}.Release|x64.Build.0 = Release|x64
		{11DC28EB-9BFA-CC42-28F1-E79D529BEB28}.Release|Win32.ActiveCfg = Release|Win32
		{11DC28EB-9BFA-CC42-28F1-E79D529BEB28}.Release|Win32.Build.0 = Release|Win32
		{13FD28F2-2B9A-CD6E-A540-6A35E3E50313}.Debug|x64.ActiveCfg = Debug|x64
		{13FD28F2-2B9A-CD6E-A540-6A35E3E50313}.Debug|x64.Build.0 = Debug|x64
		{13FD28F2-2B9A-CD6E-A540-6A35E3E50313}.Debug|Win32.ActiveCfg = Debug|Win32
		{13FD28F2-2B9A-CD6E-A540-6A35E3E50313}.Debug|Win32.Build.0 = Debug|Win32
		{13FD28F2-2B9A-CD6E-A540-6A35E3E50313}.Release|x64.ActiveCfg = Release|x64
		{13FD28F2-2B9A-CD6E-A540-6A35E3E50313}.Release|x64.Build.0 = Release|x64
		{13FD28F2-2B9A-CD6E-A540-6A35E3E50313}.Release|Win32.ActiveCfg = Release|Win32
		{13FD28F2-2B9A-CD6E-A540-6A35E3E50313}.Release|Win32.Build.0 = Release|Win32
		{1D9F70FD-9C58-11CF-E8A2-ABFC3BDC861F}.Debug|x64.ActiveCfg = Debug|x64
		{1D9F70FD-9C58-11CF-E8A2-ABFC3BDC861F}.Debug|x64.Build.0 = Debug|x64
		{1D9F70FD-9C58-11CF-E8A2-ABFC3BDC861F}.Debug|Win32.ActiveCfg = Debug|Win32
		{1D9F70FD-9C58-11CF-E8A2-ABFC3BDC861F}.Debug|Win32.Build.0 = Debug|Win32
		{1D9F70FD-9C58-11CF-E8A2-ABFC3BDC861F}.Release|x64.ActiveCfg = Release|x64
		{1D9F70FD-9C58-11CF-E8A2-ABFC3BDC861F}.Release|x64.Build.0 = Release|x64
		{1D9F70FD-9C58-11CF-E8A2-ABFC3BDC861F}.Release|Win32.ActiveCfg = Release|Win32
		{1D9F70FD-9C58-11CF-E8A2-ABFC3BDC861F}.Release|Win32.Build.0 = Release|Win32
		{2E8A02CC-5E8E-1BCB-7C82-BCBE781F50B6}.Debug|x64.ActiveCfg = Debug|x64
		{2E8A02CC-5E8E-1BCB-7C82-BCBE781F50B6}.Debug|x64.Build.0 = Debug|x64
		{2E8A02CC-5E8E-1BCB-7C82-BCBE781F50B6}.Debug|Win32.ActiveCfg = Debug|Win32
		{2E8A02CC-5E8E-1BCB-7C82-BCBE781F50B6}.Debug|Win32.Build.0 = Debug|Win32
		{2E8A02CC-5E8E-1BCB-7C82-BCBE781F50B6}.Release|x64.ActiveCfg = Release|x64
		{2E8A02CC-5E8E-1BCB-7C82-BCBE781F50B6}.Release|x64.Build.0 = Release|x64
		{2E8A02CC-5E8E-1BCB-7C82-BCBE781F50B6}.Release|Win32.ActiveCfg = Release|Win32
		{2E8A02CC-5E8E-1BCB-7C82-BCBE781F50B6}.Release|Win32.Build.0 = Release|Win32
		{3640F086-6973-514D-BB5E-A2E250A058AD}.Debug|x64.ActiveCfg = Debug|x64
		{3640F086-6973-514D-BB5E-A2E250A058AD}.Debug|x64.Build.0 = Debug|x64
		{3640F086-6973-514D-BB5E-A2E250A058AD}.Debug|Win32.ActiveCfg = Debug|Win32
		{3640F086-6973-514D-BB5E-A2E250A058AD}.Debug|Win32.Build.0 = Debug|Win32
		{3640F086-6973-514D-BB5E-A2E250A058AD}.Release|x64.ActiveCfg = Release|x64
		{3640F086-6973-514D-BB5E-A2E250A058AD}.Release|x64.Build.0 = Release|x64
		{3640F086-6973-514D-BB5E-A2E250A058AD}.Release|Win32.ActiveCfg = Release|Win32
		{3640F086-6973-514D-BB5E-A2E250A058AD}.Release|Win32.Build.0 = Release|Win32
		{3B157F56-A058-48A3-E8E5-DA48C825B841}.Debug|x64.ActiveCfg = Debug|x64
		{3B157F56-A058-48A3-E8E5-DA48C825B841}.Debug|x64.Build.0 = Debug|x64
		{3B157F56-A058-48A3-E8E5-DA48C825B841}.Debug|Win32.ActiveCfg = Debug|Win32
		{3B157F56-A058-48A3-E8E5-DA48C825B841}.Debug|Win32.Build.0 = Debug|Win32
		{3B157F56-A058-48A3-E8E5-DA48C825B841}.Release|x64.ActiveCfg = Release|x64
		{3B157F56-A058-48A3-E8E5-DA48C825B841}.Release|x64.Build.0 = Release|x64
		{3B157F56-A058-48A3-E8E5-DA48C825B841}.Release|Win32.ActiveCfg = Release|Win32
		{3B157F56-A058-48A3-E8E5-DA48C825B841}.Release|Win32.Build.0 = Release|Win32
		{3C941464-960D-7EA0-6227-54F232553E1D}.Debug|x64.ActiveCfg = Debug|x64
		{3C941464-960D-7EA0-6227-54F232553E1D}.Debug|x64.Build.0 = Debug|x64
		{3C941464-960D-7EA0-6227-54F232553E1D}.Debug|Win32.ActiveCfg = Debug|Win32
		{3C941464-960D-7EA0-6227-54F232553E1D}.Debug|Win32.Build.0 = Debug|Win32
		{3C941464-960D-7EA0-6227-54F232553E1D}.Release|x64.ActiveCfg = Release|x64
		{3C941464-960D-7EA0-6227-54F232553E1D}.Release|x64.Build.0 = Release|x64
		{3C941464-960D-7EA0-6227-54F232553E1D}.Release|Win32.ActiveCfg = Release|Win32
		{3C941464-960D-7EA0-6227-54F232553E1D}.Release|Win32.Build.0 = Release|Win32
		{3EFEA776-164D-3D11-6681-28406F9BD9A0}.Debug|x64.ActiveCfg = Debug|x64
		{3EFEA776-164D-3D11-6681-28406F9BD9A0}.Debug|x64.Build.0 = Debug|x64
		{3EFEA776-164D-3D11-6681-28406F9BD9A0}.Debug|Win32.ActiveCfg = Debug|Win32
		{3EFEA776-164D-3D11-6681-28406F9BD9A0}.Debug|Win32.Build.0 = Debug|Win32
		{3EFEA776-164D-3D11-6681-28406F9BD9A0}.Release|x64.ActiveCfg = Release|x64
		{3EFEA776-164D-3D11-6681-28406F9BD9A0}.Release|x64.Build.0 = Release|x64
		{3EFEA776-164D-3D11-6681-28406F9BD9A0}.Release|Win32.ActiveCfg = Release|Win32
		{3EFEA776-164D-3D11-6681-28406F9BD9A0}.Release|Win32.Build.0 = Release|Win32
		{3FE45A95-FE94-1D27-B82A-CD3BA2ED31F7}.Debug|x64.ActiveCfg = Debug|x64
		{3FE45A95-FE94-1D27-B82A-CD3BA2ED31F7}.Debug|x64.Build.0 = Debug|x64
		{3FE45A95-FE94-1D27-B82A-CD3BA2ED31F7}.Debug|Win32.ActiveCfg = Debug|Win32
		{3FE45A95-FE94-1D27-B82A-CD3BA2ED31F7}.Debug|Win32.Build.0 = Debug|Win32
		{3FE45A95-FE94-1D27-B82A-CD3BA2ED31F7}.Release|x64.ActiveCfg = Release|x64
		{3FE45A95-FE94-1D27-B82A-CD3BA2ED31F7}.Release|x64.Build.0 = Release|x64
		{3FE45A95-FE94-1D27-B82A-CD3BA2ED31F7}.Release|Win32.ActiveCfg = Release|Win32
		{3FE45A95-FE94-1D27-B82A-CD3BA2ED31F7}.Release|Win32.Build.0 = Release|Win32
		{4399B57E-69BB-91FA-2739-42A1DD0384E9}.Debug|x64.ActiveCfg = Debug|x64
		{4399B57E-69BB-91FA-2739-42A1DD0384E9}.Debug|x64.Build.0 = Debug|x64
		{4399B57E-69BB-91FA-2739-42A1DD0384E9}.Debug|Win32.ActiveCfg = Debug|Win32
		{4399B57E-69BB-91FA-2739-42A1DD0384E9}.Debug|Win32.Build.0 = Debug|Win32
		{4399B57E-69BB-91FA-2739-42A1DD0384E9}.Release|x64.ActiveCfg = Release|x64
		{4399B57E-69BB-91FA-2739-42A1DD0384E9}.Release|x64.Build.0 = Release|x64
		{4399B57E-69BB-91FA-2739-42A1DD0384E9}.Release|Win32.ActiveCfg = Release|Win32
		{4399B57E-69BB-91FA-2739-42A1DD0384E9}.Release|Win32.Build.0 = Release|Win32
		{47911B0A-BF1E-163B-3A53-A252433056CC}.Debug|x64.ActiveCfg = Debug|x64
		{47911B0A-BF1E-163B-3A53-A252433056CC}.Debug|x64.Build.0 = Debug|x64
		{47911B0A-BF1E-163B-3A53-A252433056CC}.Debug|Win32.ActiveCfg = Debug|Win32
		{47911B0A-BF1E-163B-3A53-A252433056CC}.Debug|Win32.Build.0 = Debug|Win32
		{47911B0A-BF1E-163B-3A53-A252433056CC}.Release|x64.ActiveCfg = Release|x64
		{47911B0A-BF1E-163B-3A53-A252433056CC}.Release|x64.Build.0 = Release|x64
		{47911B0A-BF1E-163B-3A53-A252433056CC}.Release|Win32.ActiveCfg = Release|Win32
		{47911B0A-BF1E-163B-3A53-A252433056CC}.Release|Win32.Build.0 = Release|Win32
		{4E5FF77C-F4CB-BE83-99EB-E7ABE28A1D95}.Debug|x64.ActiveCfg = Debug|x64
		{4E5FF77C-F4CB-BE83-99EB-E7ABE28A1D95}.Debug|x64.Build.0 = Debug|x64
		{4E5FF77C-F4CB-BE83-99EB-E7ABE28A1D95}.Debug|Win32.ActiveCfg = Debug|Win32
		{4E5FF77C-F4CB-BE83-99EB-E7ABE28A1D95}.Debug|Win32.Build.0 = Debug|Win32
		{4E5FF77C-F4CB-BE83-99EB-E7ABE28A1D95}.Release|x64.ActiveCfg = Release|x64
		{4E5FF77C-F4CB-BE83-99EB-E7ABE28A1D95}.Release|x64.Build.0 = Release|x64
		{4E5FF77C-F4CB-BE83-99EB-E7ABE28A1D95}.Release|Win32.ActiveCfg = Release|Win32
		{4E5FF77C-F4CB-BE83-99EB-E7ABE28A1D95}.Release|Win32.Build.0 = Release|Win32
		{4E9C011E-92AB-9D0B-0BBA-28CB6D70C677}.Debug|x64.ActiveCfg = Debug|x64
		{4E9C011E-92AB-9D0B-0BBA-28CB6D70C677}.Debug|x64.Build.0 = Debug|x64
		{4E9C011E-92AB-9D0B-0BBA-28CB6D70C677}.Debug|Win32.ActiveCfg = Debug|Win32
		{4E9C011E-92AB-9D0B-0BBA-28CB6D70C677}.Debug|Win32.Build.0 = Debug|Win32
		{4E9C011E-92AB-9D0B-0BBA-28CB6D70C677}.Release|x64.ActiveCfg = Release|x64
		{4E9C011E-92AB-9D0B-0BBA-28CB6D70C677}.Release|x64.Build.0 = Release|x64
		{4E9C011E-92AB-9D0B-0BBA-28CB6D70C677}.Release|Win32.ActiveCfg = Release|Win32
		{4E9C011E-92AB-9D0B-0BBA-28CB6D70C677}.Release|Win32.Build.0 = Release|Win32
		{52CED90A-C1F5-3186-A0D7-AB99702DFDEA}.Debug|x64.ActiveCfg = Debug|x64
		{52CED90A-C1F5-3186-A0D7-AB99702DFDEA}.Debug|x64.Build.0 = Debug|x64
		{52CED90A-C1F5-3186-A0D7-AB99702DFDEA}.Debug|Win32.ActiveCfg = Debug|Win32
		{52CED90A-C1F5-3186-A0D7-AB99702DFDEA}.Debug|Win32.Build.0 = Debug|Win32
		{52CED90A-C1F5-3186-A0D7-AB99702DFDEA}.Release|x64.ActiveCfg = Release|x64
		{52CED90A-C1F5-3186-A0D7-AB99702DFDEA}.Release|x64.Build.0 = Release|x64
		{52CED90A-C1F5-3186-A0D7-AB99702DFDEA}.Release|Win32.ActiveCfg = Release|Win32
		{52CED90A-C1F5-3186-A0D7-AB99702DFDEA}.Release|Win32.Build.0 = Release|Win32
		{56464452-3FDA-67CD-5052-82D88EB986CA}.Debug|x64.ActiveCfg = Debug|x64
		{56464452-3FDA-67CD-5052-82D88EB986CA}.Debug|x64.Build.0 = Debug|x64
		{56464452-3FDA-67CD-5052-82D88EB986CA}.Debug|Win32.ActiveCfg = Debug|Win32
		{56464452-3FDA-67CD-5052-82D88EB986CA}.Debug|Win32.Build.0 = Debug|Win32
		{56464452-3FDA-67CD-5052-82D88EB986CA}.Release|x64.ActiveCfg = Release|x64
		{56464452-3FDA-67CD-5052-82D88EB986CA}.Release|x64.Build.0 = Release|x64
		{56464452-3FDA-67CD-5052-82D88EB986CA}.Release|Win32.ActiveCfg = Release|Win32
		{56464452-3FDA-67CD-5052-82D88EB986CA}.Release|Win32.Build.0 = Release|Win32
		{577466D9-1B88-4CDE-9269-EA4EACCD23E9}.Debug|x64.ActiveCfg = Debug|x64
		{577466D9-1B88-4CDE-9269-EA4EACCD23E9}.Debug|x64.Build.0 = Debug|x64
		{577466D9-1B88-4CDE-9269-EA4EACCD23E9}.Debug|Win32.ActiveCfg = Debug|Win32
		{577466D9-1B88-4CDE-9269-EA4EACCD23E9}.Debug|Win32.Build.0 = Debug|Win32
		{577466D9-1B88-4CDE-9269-EA4EACCD23E9}.Release|x64.ActiveCfg = Release|x64
		{577466D9-1B88-4CDE-9269-EA4EACCD23E9}.Release|x64.Build.0 = Release|x64
		{577466D9-1B88-4CDE-9269-EA4EACCD23E9}.Release|Win32.ActiveCfg = Release|Win32
		{577466D9-1B88-4CDE-9269-EA4EACCD23E9}.Release|Win32.Build.0 = Release|Win32
		{5EADB2BF-E11D-E472-5821-65802079D0C8}.Debug|x64.ActiveCfg = Debug|x64
		{5EADB2BF-E11D-E472-5821-65802079D0C8}.Debug|x64.Build.0 = Debug|x64
		{5EADB2BF-E11D-E472-5821-65802079D0C8}.Debug|Win32.ActiveCfg = Debug|Win32
		{5EADB2BF-E11D-E472-5821-65802079D0C8}.Debug|Win32.Build.0 = Debug|Win32
		{5EADB2BF-E11D-E472-5821-65802079D0C8}.Release|x64.ActiveCfg = Release|x64
		{5EADB2BF-E11D-E472-5821-65802079D0C8}.Release|x64.Build.0 = Release|x64
		{5EADB2BF-E11D-E472-5821-65802079D0C8}.Release|Win32.ActiveCfg = Release|Win32
		{5EADB2BF-E11D-E472-5821-65802079D0C8}.Release|Win32.Build.0 = Release|Win32
		{68E0283F-8A84-BA57-6B4A-3CEABE5CDE5A}.Debug|x64.ActiveCfg = Debug|x64
		{68E0283F-8A84-BA57-6B4A-3CEABE5CDE5A}.Debug|x64.Build.0 = Debug|x64
		{68E0283F-8A84-BA57-6B4A-3CEABE5CDE5A}.Debug|Win32.ActiveCfg = Debug|Win32
		{68E0283F-8A84-BA57-6B4A-3CEABE5CDE5A}.Debug|Win32.Build.0 = Debug|Win32
		{68E0283F-8A84-BA57-6B4A-3CEABE5CDE5A}.Release|x64.ActiveCfg = Release|x64
		{68E0283F-8A84-BA57-6B4A-3CEABE5CDE5A}.Release|x64.Build.0 = Release|x64
		{68E0283F-8A84-BA57-6B4A-3CEABE5CDE5A}.Release|Win32.ActiveCfg = Release|Win32
		{68E0283F-8A84-BA57-6B4A-3CEABE5CDE5A}.Release|Win32.Build.0 = Release|Win32
		{69087E37-7D4A-64A0-1A88-03A12AE8B439}.Debug|x64.ActiveCfg = Debug|x64
		{69087E37-7D4A-64A0-1A88-03A12AE8B439}.Debug|x64.Build.0 = Debug|x64
		{69087E37-7D4A-64A0-1A88-03A12AE8B439}.Debug|Win32.ActiveCfg = Debug|Win32
		{69087E37-7D4A-64A0-1A88-03A12AE8B439}.Debug|Win32.Build.0 = Debug|Win32
		{69087E37-7D4A-64A0-1A88-03A12AE8B439}.Release|x64.ActiveCfg = Release|x64
		{69087E37-7D4A-64A0-1A88-03A12AE8B439}.Release|x64.Build.0 = Release|x64
		{69087E37-7D4A-64A0-1A88-03A12AE8B439}.Release|Win32.ActiveCfg = Release|Win32
		{69087E37-7D4A-64A0-1A88-03A12AE8B439}.Release|Win32.Build.0 = Release|Win32
		{6FEEBA16-FB1D-C7C6-0220-DBC10D1DEA3E}.Debug|x64.ActiveCfg = Debug|x64
		{6FEEBA16-FB1D-C7C6-0220-DBC10D1DEA3E}.Debug|x64.Build.0 = Debug|x64
		{6FEEBA16-FB1D-C7C6-0220-DBC10D1DEA3E}.Debug|Win32.ActiveCfg = Debug|Win32
		{6FEEBA16-FB1D-C7C6-0220-DBC10D1DEA3E}.Debug|Win32.Build.0 = Debug|Win32
		{6FEEBA16-FB1D-C7C6-0220-DBC10D1DEA3E}.Release|x64.ActiveCfg = Release|x64
		{6FEEBA16-FB1D-C7C6-0220-DBC10D1DEA3E}.Release|x64.Build.0 = Release|x64
		{6FEEBA16-FB1D-C7C6-0220-DBC10D1DEA3E}.Release|Win32.ActiveCfg = Release|Win32
		{6FEEBA16-FB1D-C7C6-0220-DBC10D1DEA3E}.Release|Win32.Build.0 = Release|Win32
		{734BBEFB-C97B-AD4F-708C-4475EBF75F8C}.Debug|x64.ActiveCfg = Debug|x64
		{734BBEFB-C97B-AD4F-708C-4475EBF75F8C}.Debug|x64.Build.0 = Debug|x64
		{734BBEFB-C97B-AD4F-708C-4475EBF75F8C}.Debug|Win32.ActiveCfg = Debug|Win32
		{734BBEFB-C97B-AD4F-708C-4475EBF75F8C}.Debug|Win32.Build.0 = Debug|Win32
		{734BBEFB-C97B-AD4F-708C-4475EBF75F8C}.Release|x64.ActiveCfg = Release|x64
		{734BBEFB-C97B-AD4F-708C-4475EBF75F8C}.Release|x64.Build.0 = Release|x64
		{734BBEFB-C97B-AD4F-708C-4475EBF75F8C}.Release|Win32.ActiveCfg = Release|Win32
		{734BBEFB-C97B-AD4F-708C-4475EBF75F8C}.Release|Win32.Build.0 = Release|Win32
		{7B325DE5-206B-DA2B-4777-E1C07D2F82F7}.Debug|x64.ActiveCfg = Debug|x64
		{7B325DE5-206B-DA2B-4777-E1C07D2F82F7}.Debug|x64.Build.0 = Debug|x64
		{7B325DE5-206B-DA2B-4777-E1C07D2F82F7}.Debug|Win32.ActiveCfg = Debug|Win32
		{7B325DE5-206B-DA2B-4777-E1C07D2F82F7}.Debug|Win32.Build.0 = Debug|Win32
		{7B325DE5-206B-DA2B-4777-E1C07D2F82F7}.Release|x64.ActiveCfg = Release|x64
		{7B325DE5-206B-DA2B-4777-E1C07D2F82F7}.Release|x64.Build.0 = Release|x64
		{7B325DE5-206B-DA2B-4777-E1C07D2F82F7}.Release|Win32.ActiveCfg = Release|Win32
		{7B325DE5-206B-DA2B-4777-E1C07D2F82F7}.Release|Win32.Build.0 = Release|Win32
		{7E20C3FF-E4F8-0794-AADC-C9D43C33929B}.Debug|x64.ActiveCfg = Debug|x64
		{7E20C3FF-E4F8-0794-AADC-C9D43C33929B}.Debug|x64.Build.0 = Debug|x64
		{7E20C3FF-E4F8-0794-AADC-C9D43C33929B}.Debug|Win32.ActiveCfg = Debug|Win32
		{7E20C3FF-E4F8-0794-AADC-C9D43C33929B}.Debug|Win32.Build.0 = Debug|Win32
		{7E20C3FF-E4F8-0794-AADC-C9D43C33929B}.Release|x64.ActiveCfg = Release|x64
		{7E20C3FF-E4F8-0794-AADC-C9D43C33929B}.Release|x64.Build.0 = Release|x64
		{7E20C3FF-E4F8-0794-AADC-C9D43C33929B}.Release|Win32.ActiveCfg = Release|Win32
		{7E20C3FF-E4F8-0794-AADC-C9D43C33929B}.Release|Win32.Build.0 = Release|Win32
		{8078147F-4EAE-DDAC-1720-44E6B24A8585}.Debug|x64.ActiveCfg = Debug|x64
		{8078147F-4EAE-DDAC-1720-44E6B24A8585}.Debug|x64.Build.0 = Debug|x64
		{8078147F-4EAE-DDAC-1720-44E6B24A8585}.Debug|Win32.ActiveCfg = Debug|Win32
		{8078147F-4EAE-DDAC-1720-44E6B24A8585}.Debug|Win32.Build.0 = Debug|Win32
		{8078147F-4EAE-DDAC-1720-44E6B24A8585}.Release|x64.ActiveCfg = Release|x64
		{8078147F-4EAE-DDAC-1720-44E6B24A8585}.Release|x64.Build.0 = Release|x64
		{8078147F-4EAE-DDAC-1720-44E6B24A8585}.Release|Win32.ActiveCfg = Release|Win32
		{8078147F-4EAE-DDAC-1720-44E6B24A8585}.Release|Win32.Build.0 = Release|Win32
		{81C68B05-C196-94F4-7009-F9233F2AF4B9}.Debug|x64.ActiveCfg = Debug|x64
		{81C68B05-C196-94F4-7009-F9233F2AF4B9}.Debug|x64.Build.0 = Debug|x64
		{81C68B05-C196-94F4-7009-F9233F2AF4B9}.Debug|Win32.ActiveCfg = Debug|Win32
		{81C68B05-C196-94F4-7009-F9233F2AF4B9}.Debug|Win32.Build.0 = Debug|Win32
		{81C68B05-C196-94F4-7009-F9233F2AF4B9}.Release|x64.ActiveCfg = Release|x64
		{81C68B05-C196-94F4-7009-F9233F2AF4B9}.Release|x64.Build.0 = Release|x64
		{81C68B05-C196-94F4-7009-F9233F2AF4B9}.Release|Win32.ActiveCfg = Release|Win32
		{81C68B05-C196-94F4-7009-F9233F2AF4B9}.Release|Win32.Build.0 = Release|Win32
		{822A3F90-A21C-20A4-C3EE-8852E7F5E994}.Debug|x64.ActiveCfg = Debug|x64
		{822A3F90-A21C-20A4-C3EE-8852E7F5E994}.Debug|x64.Build.0 = Debug|x64
		{822A3F90-A21C-20A4-C3EE-8852E7F5E994}.Debug|Win32.ActiveCfg = Debug|Win32
		{822A3F90-A21C-20A4-C3EE-8852E7F5E994}.Debug|Win32.Build.0 = Debug|Win32
		{822A3F90-A21C-20A4-C3EE-8852E7F5E994}.Release|x64.ActiveCfg = Release|x64
		{822A3F90-A21C-20A4-C3EE-8852E7F5E994}.Release|x64.Build.0 = Release|x64
		{822A3F90-A21C-20A4-C3EE-8852E7F5E994}.Release|Win32.ActiveCfg = Release|Win32
		{822A3F90-A21C-20A4-C3EE-8852E7F5E994}.Release|Win32.Build.0 = Release|Win32
		{8B983160-A984-5701-3026-43218A1B8584}.Debug|x64.ActiveCfg = Debug|x64
		{8B983160-A984-5701-3026-43218A1B8584}.Debug|x64.Build.0 = Debug|x64
		{8B983160-A984-5701-3026-43218A1B8584}.Debug|Win32.ActiveCfg = Debug|Win32
		{8B983160-A984-5701-3026-43218A1B8584}.Debug|Win32.Build.0 = Debug|Win32
		{8B983160-A984-5701-3026-43218A1B8584}.Release|x64.ActiveCfg = Release|x64
		{8B983160-A984-5701-3026-43218A1B8584}.Release|x64.Build.0 = Release|x64
		{8B983160-A984-5701-3026-43218A1B8584}.Release|Win32.ActiveCfg = Release|Win32
		{8B983160-A984-5701-3026-43218A1B8584}.Release|Win32.Build.0 = Release|Win32
		{A0DEF586-48F9-7C43-5E54-0A2F5793581B}.Debug|x64.ActiveCfg = Debug|x64
		{A0DEF586-48F9-7C43-5E54-0A2F5793581B}.Debug|x64.Build.0 = Debug|x64
		{A0DEF586-48F9-7C43-5E54-0A2F5793581B}.Debug|Win32.ActiveCfg = Debug|Win32
		{A0DEF586-48F9-7C43-5E54-0A2F5793581B}.Debug|Win32.Build.0 = Debug|Win32
		{A0DEF586-48F9-7C43-5E54-0A2F5793581B}.Release|x64.ActiveCfg = Release|x64
		{A0DEF586-48F9-7C43-5E54-0A2F5793581B}.Release|x64.Build.0 = Release|x64
		{A0DEF586-48F9-7C43-5E54-0A2F5793581B}.Release|Win32.ActiveCfg = Release|Win32
		{A0DEF586-48F9-7C43-5E54-0A2F5793581B}.Release|Win32.Build.0 = Release|Win32
		{A59786C3-5325-8B79-719B-361A50151533}.Debug|x64.ActiveCfg = Debug|x64
		{A59786C3-5325-8B79-719B-361A50151533}.Debug|x64.Build.0 = Debug|x64
		{A59786C3-5325-8B79-719B-361A50151533}.Debug|Win32.ActiveCfg = Debug|Win32
		{A59786C3-5325-8B79-719B-361A50151533}.Debug|Win32.Build.0 = Debug|Win32
		{A59786C3-5325-8B79-719B-361A50151533}.Release|x64.ActiveCfg = Release|x64
		{A59786C3-5325-8B79-719B-361A50151533}.Release|x64.Build.0 = Release|x64
		{A59786C3-5325-8B79-719B-361A50151533}.Release|Win32.ActiveCfg = Release|Win32
		{A59786C3-5325-8B79-719B-361A50151533}.Release|Win32.Build.0 = Release|Win32
		{AECE38E1-1419-E5DC-5C15-BC43A20A36FC}.Debug|x64.ActiveCfg = Debug|x64
		{AECE38E1-1419-E5DC-5C15-BC43A20A36FC}.Debug|x64.Build.0 = Debug|x64
		{AECE38E1-1419-E5DC-5C15-BC43A20A36FC}.Debug|Win32.ActiveCfg = Debug|Win32
		{AECE38E1-1419-E5DC-5C15-BC43A20A36FC}.Debug|Win32.Build.0 = Debug|Win32
		{AECE38E1-1419-E5DC-5C15-BC43A20A36FC}.Release|x64.ActiveCfg = Release|x64
		{AECE38E1-1419-E5DC-5C15-BC43A20A36FC}.Release|x64.Build.0 = Release|x64
		{AECE38E1-1419-E5DC-5C15-BC43A20A36FC}.Release|Win32.ActiveCfg = Release|Win32
		{AECE38E1-1419-E5DC-5C15-BC43A20A36FC}.Release|Win32.Build.0 = Release|Win32
		{C30A0F65-A58F-67AB-9E94-6D30486A10A7}.Debug|x64.ActiveCfg = Debug|x64
		{C30A0F65-A58F-67AB-9E94-6D30486A10A7}.Debug|x64.Build.0 = Debug|x64
		{C30A0F65-A58F-67AB-9E94-6D30486A10A7}.Debug|Win32.ActiveCfg = Debug|Win32
		{C30A0F65-A58F-67AB-9E94-6D30486A10A7}.Debug|Win32.Build.0 = Debug|Win32
		{C30A0F65-A58F-67AB-9E94-6D30486A10A7}.Release|x64.ActiveCfg = Release|x64
		{C30A0F65-A58F-67AB-9E94-6D30486A10A7}.Release|x64.Build.0 = Release|x64
		{C30A0F65-A58F-67AB-9E94-6D30486A10A7}.Release|Win32.ActiveCfg = Release|Win32
		{C30A0F65-A58F-67AB-9E94-6D30486A10A7}.Release|Win32.Build.0 = Release|Win32
		{C4ED5E63-E73A-568D-B306-192329D86649}.Debug|x64.ActiveCfg = Debug|x64
		{C4ED5E63-E73A-568D-B306-192329D86649}.Debug|x64.Build.0 = Debug|x64
		{C4ED5E63-E73A-568D-B306-192329D86649}.Debug|Win32.ActiveCfg = Debug|Win32
		{C4ED5E63-E73A-568D-B306-192329D86649}.Debug|Win32.Build.0 = Debug|Win32
		{C4ED5E63-E73A-568D-B306-192329D86649}.Release|x64.ActiveCfg = Release|x64
		{C4ED5E63-E73A-568D-B306-192329D86649}.Release|x64.Build.0 = Release|x64
		{C4ED5E63-E73A-568D-B306-192329D86649}.Release|Win32.ActiveCfg = Release|Win32
		{C4ED5E63-E73A-568D-B306-192329D86649}.Release|Win32.Build.0 = Release|Win32
		{C65D4586-1BE2-E9D4-187A-CB785E1C8F75}.Debug|x64.ActiveCfg = Debug|x64
		{C65D4586-1BE2-E9D4-187A-CB785E1C8F75}.Debug|x64.Build.0 = Debug|x64
		{C65D4586-1BE2-E9D4-187A-CB785E1C8F75}.Debug|Win32.ActiveCfg = Debug|Win32
		{C65D4586-1BE2-E9D4-187A-CB785E1C8F75}.Debug|Win32.Build.0 = Debug|Win32
		{C65D4586-1BE2-E9D4-187A-CB785E1C8F75}.Release|x64.ActiveCfg = Release|x64
		{C65D4586-1BE2-E9D4-187A-CB785E1C8F75}.Release|x64.Build.0 = Release|x64
		{C65D4586-1BE2-E9D4-187A-CB785E1C8F75}.Release|Win32.ActiveCfg = Release|Win32
		{C65D4586-1BE2-E9D4-187A-CB785E1C8F75}.Release|Win32.Build.0 = Release|Win32
		{CAB0B7DE-0581-F93E-C688-F5FD7CF8BEA8}.Debug|x64.ActiveCfg = Debug|x64
		{CAB0B7DE-0581-F93E-C688-F5FD7CF8BEA8}.Debug|x64.Build.0 = Debug|x64
		{CAB0B7DE-0581-F93E-C688-F5FD7CF8BEA8}.Debug|Win32.ActiveCfg = Debug|Win32
		{CAB0B7DE-0581-F93E-C688-F5FD7CF8BEA8}.Debug|Win32.Build.0 = Debug|Win32
		{CAB0B7DE-0581-F93E-C688-F5FD7CF8BEA8}.Release|x64.ActiveCfg = Release|x64
		{CAB0B7DE-0581-F93E-C688-F5FD7CF8BEA8}.Release|x64.Build.0 = Release|x64
		{CAB0B7DE-0581-F93E-C688-F5FD7CF8BEA8}.Release|Win32.ActiveCfg = Release|Win32
		{CAB0B7DE-0581-F93E-C688-F5FD7CF8BEA8}.Release|Win32.Build.0 = Release|Win32
		{D409960E-7545-56A4-A39D-5C9F3E9856EB}.Debug|x64.ActiveCfg = Debug|x64
		{D409960E-7545-56A4-A39D-5C9F3E9856EB}.Debug|x64.Build.0 = Debug|x64
		{D409960E-7545-56A4-A39D-5C9F3E9856EB}.Debug|Win32.ActiveCfg = Debug|Win32
		{D409960E-7545-56A4-A39D-5C9F3E9856EB}.Debug|Win32.Build.0 = Debug|Win32
		{D409960E-7545-56A4-A39D-5C9F3E9856EB}.Release|x64.ActiveCfg = Release|x64
		{D409960E-7545-56A4-A39D-5C9F3E9856EB}.Release|x64.Build.0 = Release|x64
		{D409960E-7545-56A4-A39D-5C9F3E9856EB}.Release|Win32.ActiveCfg = Release|Win32
		{D409960E-7545-56A4-A39D-5C9F3E9856EB}.Release|Win32.Build.0 = Release|Win32
		{D9E898E9-DD43-49BB-5E47-BCE050755F45}.Debug|x64.ActiveCfg = Debug|x64
		{D9E898E9-DD43-49BB-5E47-BCE050755F45}.Debug|x64.Build.0 = Debug|x64
		{D9E898E9-DD43-49BB-5E47-BCE050755F45}.Debug|Win32.ActiveCfg = Debug|Win32
		{D9E898E9-DD43-49BB-5E47-BCE050755F45}.Debug|Win32.Build.0 = Debug|Win32
		{D9E898E9-DD43-49BB-5E47-BCE050755F45}.Release|x64.ActiveCfg = Release|x64
		{D9E898E9-DD43-49BB-5E47-BCE050755F45}.Release|x64.Build.0 = Release|x64
		{D9E898E9-DD43-49BB-5E47-BCE050755F45}.Release|Win32.ActiveCfg = Release|Win32
		{D9E898E9-DD43-49BB-5E47-BCE050755F45}.Release|Win32.Build.0 = Release|Win32
		{E27C1C6E-6A52-881A-C665-643EE224DA48}.Debug|x64.ActiveCfg = Debug|x64
		{E27C1C6E-6A52-881A-C665-643EE224DA48}.Debug|x64.Build.0 = Debug|x64
		{E27C1C6E-6A52-881A-C665-643EE224DA48}.Debug|Win32.ActiveCfg = Debug|Win32
		{E27C1C6E-6A52-881A-C665-643EE224DA48}.Debug|Win32.Build.0 = Debug|Win32
		{E27C1C6E-6A52-881A-C665-643EE224DA48}.Release|x64.ActiveCfg = Release|x64
		{E27C1C6E-6A52-881A-C665-643EE224DA48}.Release|x64.Build.0 = Release|x64
		{E27C1C6E-6A52-881A-C665-643EE224DA48}.Release|Win32.ActiveCfg = Release|Win32
		{E27C1C6E-6A52-881A-C665-643EE224DA48}.Release|Win32.Build.0 = Release|Win32
		{E4F549AD-6C4B-627D-C02D-B92D30C26E15}.Debug|x64.ActiveCfg = Debug|x64
		{E4F549AD-6C4B-627D-C02D-B92D30C26E15}.Debug|x64.Build.0 = Debug|x64
		{E4F549AD-6C4B-627D-C02D-B92D30C26E15}.Debug|Win32.ActiveCfg = Debug|Win32
		{E4F549AD-6C4B-627D-C02D-B92D30C26E15}.Debug|Win32.Build.0 = Debug|Win32
		{E4F549AD-6C4B-627D-C02D-B92D30C26E15}.Release|x64.ActiveCfg = Release|x64
		{E4F549AD-6C4B-627D-C02D-B92D30C26E15}.Release|x64.Build.0 = Release|x64
		{E4F549AD-6C4B-627D-C02D-B92D30C26E15}.Release|Win32.ActiveCfg = Release|Win32
		{E4F549AD-6C4B-627D-C02D-B92D30C26E15}.Release|Win32.Build.0 = Release|Win32
	EndGlobalSection
	GlobalSection(SolutionProperties) = preSolution
		HideSolutionNode = FALSE
	EndGlobalSection
	GlobalSection(NestedProjects) = preSolution
		{3B157F56-A058-48A3-E8E5-DA48C825B841} = {6478B9F3-4858-63F4-35F4-98A303E305F3}
		{6478B9F3-4858-63F4-35F4-98A303E305F3} = {9785FB75-982A-5DE3-252D-3F288B9FEF5B}
		{3E7FA5AF-27B3-2DE0-883C-12F98E7F4E81} = {9785FB75-982A-5DE3-252D-3F288B9FEF5B}
		{2E8A02CC-5E8E-1BCB-7C82-BCBE781F50B6} = {9785FB75-982A-5DE3-252D-3F288B9FEF5B}
		{D409960E-7545-56A4-A39D-5C9F3E9856EB} = {9785FB75-982A-5DE3-252D-3F288B9FEF5B}
		{6FEEBA16-FB1D-C7C6-0220-DBC10D1DEA3E} = {9785FB75-982A-5DE3-252D-3F288B9FEF5B}
		{3640F086-6973-514D-BB5E-A2E250A058AD} = {9785FB75-982A-5DE3-252D-3F288B9FEF5B}
		{A59786C3-5325-8B79-719B-361A50151533} = {9785FB75-982A-5DE3-252D-3F288B9FEF5B}
		{0B6C99A1-E6E8-89C2-CE80-0D74FFBC6DD9} = {7FAA885C-04CF-4C6B-16F0-E9F0B44641AF}
		{1D9F70FD-9C58-11CF-E8A2-ABFC3BDC861F} = {7FAA885C-04CF-4C6B-16F0-E9F0B44641AF}
		{D9E898E9-DD43-49BB-5E47-BCE050755F45} = {7FAA885C-04CF-4C6B-16F0-E9F0B44641AF}
		{69087E37-7D4A-64A0-1A88-03A12AE8B439} = {7FAA885C-04CF-4C6B-16F0-E9F0B44641AF}
		{C65D4586-1BE2-E9D4-187A-CB785E1C8F75} = {7FAA885C-04CF-4C6B-16F0-E9F0B44641AF}
		{11DC28EB-9BFA-CC42-28F1-E79D529BEB28} = {7FAA885C-04CF-4C6B-16F0-E9F0B44641AF}
		{3EFEA776-164D-3D11-6681-28406F9BD9A0} = {2DE59335-96CE-10CA-CDE5-FEC35E3549BB}
		{734BBEFB-C97B-AD4F-708C-4475EBF75F8C} = {2DE59335-96CE-10CA-CDE5-FEC35E3549BB}
		{52CED90A-C1F5-3186-A0D7-AB99702DFDEA} = {2DE59335-96CE-10CA-CDE5-FEC35E3549BB}
		{5A566D8E-9FAB-ED62-0C7C-BD22FF9AF8A2} = {96A8EC63-88DB-B85C-EEBC-43667C60DEB3}
		{807E4E47-2EC3-D7D5-D42B-11F87A49395A} = {96A8EC63-88DB-B85C-EEBC-43667C60DEB3}
		{3FE45A95-FE94-1D27-B82A-CD3BA2ED31F7} = {96A8EC63-88DB-B85C-EEBC-43667C60DEB3}
		{E27C1C6E-6A52-881A-C665-643EE224DA48} = {96A8EC63-88DB-B85C-EEBC-43667C60DEB3}
		{8B983160-A984-5701-3026-43218A1B8584} = {96A8EC63-88DB-B85C-EEBC-43667C60DEB3}
		{7B325DE5-206B-DA2B-4777-E1C07D2F82F7} = {96A8EC63-88DB-B85C-EEBC-43667C60DEB3}
		{577466D9-1B88-4CDE-9269-EA4EACCD23E9} = {91989827-5B0C-52D9-1FE9-9553D672A5E7}
		{81C68B05-C196-94F4-7009-F9233F2AF4B9} = {CD014008-1CDB-809B-D770-C67A261539F7}
		{AECE38E1-1419-E5DC-5C15-BC43A20A36FC} = {CD014008-1CDB-809B-D770-C67A261539F7}
		{8078147F-4EAE-DDAC-1720-44E6B24A8585} = {CD014008-1CDB-809B-D770-C67A261539F7}
		{56464452-3FDA-67CD-5052-82D88EB986CA} = {FF6C6E0D-F605-D848-8A79-B0ED90BBDB2F}
		{C30A0F65-A58F-67AB-9E94-6D30486A10A7} = {63A4F3AC-933E-812C-F0A4-F85B86C84BE7}
		{4E5FF77C-F4CB-BE83-99EB-E7ABE28A1D95} = {63A4F3AC-933E-812C-F0A4-F85B86C84BE7}
		{E4F549AD-6C4B-627D-C02D-B92D30C26E15} = {63A4F3AC-933E-812C-F0A4-F85B86C84BE7}
		{5EADB2BF-E11D-E472-5821-65802079D0C8} = {63A4F3AC-933E-812C-F0A4-F85B86C84BE7}
		{4E9C011E-92AB-9D0B-0BBA-28CB6D70C677} = {EAC80D00-01D2-3F49-A377-20B7154947F3}
		{13FD28F2-2B9A-CD6E-A540-6A35E3E50313} = {EAC80D00-01D2-3F49-A377-20B7154947F3}
		{4399B57E-69BB-91FA-2739-42A1DD0384E9} = {EAC80D00-01D2-3F49-A377-20B7154947F3}
		{822A3F90-A21C-20A4-C3EE-8852E7F5E994} = {3E7FA5AF-27B3-2DE0-883C-12F98E7F4E81}
		{91989827-5B0C-52D9-1FE9-9553D672A5E7} = {5A566D8E-9FAB-ED62-0C7C-BD22FF9AF8A2}
		{2DE59335-96CE-10CA-CDE5-FEC35E3549BB} = {89C816A7-DD31-D54C-C69C-5A80E0C49B77}
		{CD014008-1CDB-809B-D770-C67A261539F7} = {89C816A7-DD31-D54C-C69C-5A80E0C49B77}
		{FF6C6E0D-F605-D848-8A79-B0ED90BBDB2F} = {89C816A7-DD31-D54C-C69C-5A80E0C49B77}
		{68E0283F-8A84-BA57-6B4A-3CEABE5CDE5A} = {89C816A7-DD31-D54C-C69C-5A80E0C49B77}
		{081F25EE-7E15-6978-ED76-7ECD60DBFE47} = {89C816A7-DD31-D54C-C69C-5A80E0C49B77}
		{3C941464-960D-7EA0-6227-54F232553E1D} = {89C816A7-DD31-D54C-C69C-5A80E0C49B77}
		{CAB0B7DE-0581-F93E-C688-F5FD7CF8BEA8} = {89C816A7-DD31-D54C-C69C-5A80E0C49B77}
		{C4ED5E63-E73A-568D-B306-192329D86649} = {B7DDAB95-240D-F086-A1F3-AB3413E2A45D}
		{B7DDAB95-240D-F086-A1F3-AB3413E2A45D} = {807E4E47-2EC3-D7D5-D42B-11F87A49395A}
		{7FAA885C-04CF-4C6B-16F0-E9F0B44641AF} = {E95778BD-E4AC-C3D0-84EF-83684E04593A}
		{47911B0A-BF1E-163B-3A53-A252433056CC} = {ABEA8C02-AF45-C0B0-B874-B7CA283C10FB}
		{E95778BD-E4AC-C3D0-84EF-83684E04593A} = {F3545621-A177-A1E7-26DB-108FF716F075}
	EndGlobalSection
EndGlobal
