Microsoft Visual Studio Solution File, Format Version 11.00
# Visual Studio 2010
Project("{2150E333-8FDC-42A3-9474-1A3956D46DE8}") = "(fault_injection)", "..\..\..\..\..\trusted\fault_injection", "{9C482573-B700-3A77-B276-C60D81648075}"
EndProject
Project("{2150E333-8FDC-42A3-9474-1A3956D46DE8}") = "(gio)", "..\..\..\..\..\shared\gio", "{F71B39B3-D440-240B-D450-D8641F6EA35F}"
EndProject
Project("{2150E333-8FDC-42A3-9474-1A3956D46DE8}") = "(platform)", "..\..\..\..\..\shared\platform", "{180B7690-4D5F-0E15-883B-80057D8C792F}"
EndProject
Project("{2150E333-8FDC-42A3-9474-1A3956D46DE8}") = "(shared)", "..\..\..\..\..\shared", "{3FF8755D-7201-2785-AD1F-48F0C33F9A7E}"
EndProject
Project("{2150E333-8FDC-42A3-9474-1A3956D46DE8}") = "(trusted)", "..\..\..\..\..\trusted", "{B80F6598-F3EF-5FD4-F218-7ED05A4F7861}"
EndProject
Project("{8BC9CEB8-8B4A-11D0-8D11-00A0C91BC942}") = "gio", "..\..\shared\gio\gio.vcxproj", "{A49A8CC3-A363-A031-FCFE-6AEBBC89FD78}"
EndProject
Project("{8BC9CEB8-8B4A-11D0-8D11-00A0C91BC942}") = "gio64", "..\..\shared\gio\gio64.vcxproj", "{4C7B74CF-132A-59EF-0FDB-C6927B56525B}"
EndProject
Project("{8BC9CEB8-8B4A-11D0-8D11-00A0C91BC942}") = "nacl_fault_inject", "nacl_fault_inject.vcxproj", "{29482FF2-F420-4E94-35D7-A2FA750410BA}"
EndProject
Project("{8BC9CEB8-8B4A-11D0-8D11-00A0C91BC942}") = "nacl_fault_inject64", "nacl_fault_inject64.vcxproj", "{572178C1-9BF2-FA8B-9473-A1BD28EAC6BB}"
EndProject
Project("{8BC9CEB8-8B4A-11D0-8D11-00A0C91BC942}") = "platform", "..\..\shared\platform\platform.vcxproj", "{69A4542C-6149-DEFB-B19D-40CAF4E2E6D0}"
EndProject
Project("{8BC9CEB8-8B4A-11D0-8D11-00A0C91BC942}") = "platform64", "..\..\shared\platform\platform64.vcxproj", "{C452D688-5418-AF59-CCDB-9EED6B215EA3}"
EndProject
Global
	GlobalSection(SolutionConfigurationPlatforms) = preSolution
		Debug|x64 = Debug|x64
		Debug|Win32 = Debug|Win32
		Release|x64 = Release|x64
		Release|Win32 = Release|Win32
	EndGlobalSection
	GlobalSection(ProjectConfigurationPlatforms) = postSolution
		{29482FF2-F420-4E94-35D7-A2FA750410BA}.Debug|x64.ActiveCfg = Debug|x64
		{29482FF2-F420-4E94-35D7-A2FA750410BA}.Debug|x64.Build.0 = Debug|x64
		{29482FF2-F420-4E94-35D7-A2FA750410BA}.Debug|Win32.ActiveCfg = Debug|Win32
		{29482FF2-F420-4E94-35D7-A2FA750410BA}.Debug|Win32.Build.0 = Debug|Win32
		{29482FF2-F420-4E94-35D7-A2FA750410BA}.Release|x64.ActiveCfg = Release|x64
		{29482FF2-F420-4E94-35D7-A2FA750410BA}.Release|x64.Build.0 = Release|x64
		{29482FF2-F420-4E94-35D7-A2FA750410BA}.Release|Win32.ActiveCfg = Release|Win32
		{29482FF2-F420-4E94-35D7-A2FA750410BA}.Release|Win32.Build.0 = Release|Win32
		{4C7B74CF-132A-59EF-0FDB-C6927B56525B}.Debug|x64.ActiveCfg = Debug|x64
		{4C7B74CF-132A-59EF-0FDB-C6927B56525B}.Debug|x64.Build.0 = Debug|x64
		{4C7B74CF-132A-59EF-0FDB-C6927B56525B}.Debug|Win32.ActiveCfg = Debug|x64
		{4C7B74CF-132A-59EF-0FDB-C6927B56525B}.Debug|Win32.Build.0 = Debug|x64
		{4C7B74CF-132A-59EF-0FDB-C6927B56525B}.Release|x64.ActiveCfg = Release|x64
		{4C7B74CF-132A-59EF-0FDB-C6927B56525B}.Release|x64.Build.0 = Release|x64
		{4C7B74CF-132A-59EF-0FDB-C6927B56525B}.Release|Win32.ActiveCfg = Release|x64
		{4C7B74CF-132A-59EF-0FDB-C6927B56525B}.Release|Win32.Build.0 = Release|x64
		{572178C1-9BF2-FA8B-9473-A1BD28EAC6BB}.Debug|x64.ActiveCfg = Debug|x64
		{572178C1-9BF2-FA8B-9473-A1BD28EAC6BB}.Debug|x64.Build.0 = Debug|x64
		{572178C1-9BF2-FA8B-9473-A1BD28EAC6BB}.Debug|Win32.ActiveCfg = Debug|x64
		{572178C1-9BF2-FA8B-9473-A1BD28EAC6BB}.Debug|Win32.Build.0 = Debug|x64
		{572178C1-9BF2-FA8B-9473-A1BD28EAC6BB}.Release|x64.ActiveCfg = Release|x64
		{572178C1-9BF2-FA8B-9473-A1BD28EAC6BB}.Release|x64.Build.0 = Release|x64
		{572178C1-9BF2-FA8B-9473-A1BD28EAC6BB}.Release|Win32.ActiveCfg = Release|x64
		{572178C1-9BF2-FA8B-9473-A1BD28EAC6BB}.Release|Win32.Build.0 = Release|x64
		{69A4542C-6149-DEFB-B19D-40CAF4E2E6D0}.Debug|x64.ActiveCfg = Debug|x64
		{69A4542C-6149-DEFB-B19D-40CAF4E2E6D0}.Debug|x64.Build.0 = Debug|x64
		{69A4542C-6149-DEFB-B19D-40CAF4E2E6D0}.Debug|Win32.ActiveCfg = Debug|Win32
		{69A4542C-6149-DEFB-B19D-40CAF4E2E6D0}.Debug|Win32.Build.0 = Debug|Win32
		{69A4542C-6149-DEFB-B19D-40CAF4E2E6D0}.Release|x64.ActiveCfg = Release|x64
		{69A4542C-6149-DEFB-B19D-40CAF4E2E6D0}.Release|x64.Build.0 = Release|x64
		{69A4542C-6149-DEFB-B19D-40CAF4E2E6D0}.Release|Win32.ActiveCfg = Release|Win32
		{69A4542C-6149-DEFB-B19D-40CAF4E2E6D0}.Release|Win32.Build.0 = Release|Win32
		{A49A8CC3-A363-A031-FCFE-6AEBBC89FD78}.Debug|x64.ActiveCfg = Debug|x64
		{A49A8CC3-A363-A031-FCFE-6AEBBC89FD78}.Debug|x64.Build.0 = Debug|x64
		{A49A8CC3-A363-A031-FCFE-6AEBBC89FD78}.Debug|Win32.ActiveCfg = Debug|Win32
		{A49A8CC3-A363-A031-FCFE-6AEBBC89FD78}.Debug|Win32.Build.0 = Debug|Win32
		{A49A8CC3-A363-A031-FCFE-6AEBBC89FD78}.Release|x64.ActiveCfg = Release|x64
		{A49A8CC3-A363-A031-FCFE-6AEBBC89FD78}.Release|x64.Build.0 = Release|x64
		{A49A8CC3-A363-A031-FCFE-6AEBBC89FD78}.Release|Win32.ActiveCfg = Release|Win32
		{A49A8CC3-A363-A031-FCFE-6AEBBC89FD78}.Release|Win32.Build.0 = Release|Win32
		{C452D688-5418-AF59-CCDB-9EED6B215EA3}.Debug|x64.ActiveCfg = Debug|x64
		{C452D688-5418-AF59-CCDB-9EED6B215EA3}.Debug|x64.Build.0 = Debug|x64
		{C452D688-5418-AF59-CCDB-9EED6B215EA3}.Debug|Win32.ActiveCfg = Debug|x64
		{C452D688-5418-AF59-CCDB-9EED6B215EA3}.Debug|Win32.Build.0 = Debug|x64
		{C452D688-5418-AF59-CCDB-9EED6B215EA3}.Release|x64.ActiveCfg = Release|x64
		{C452D688-5418-AF59-CCDB-9EED6B215EA3}.Release|x64.Build.0 = Release|x64
		{C452D688-5418-AF59-CCDB-9EED6B215EA3}.Release|Win32.ActiveCfg = Release|x64
		{C452D688-5418-AF59-CCDB-9EED6B215EA3}.Release|Win32.Build.0 = Release|x64
	EndGlobalSection
	GlobalSection(SolutionProperties) = preSolution
		HideSolutionNode = FALSE
	EndGlobalSection
	GlobalSection(NestedProjects) = preSolution
		{29482FF2-F420-4E94-35D7-A2FA750410BA} = {9C482573-B700-3A77-B276-C60D81648075}
		{572178C1-9BF2-FA8B-9473-A1BD28EAC6BB} = {9C482573-B700-3A77-B276-C60D81648075}
		{A49A8CC3-A363-A031-FCFE-6AEBBC89FD78} = {F71B39B3-D440-240B-D450-D8641F6EA35F}
		{4C7B74CF-132A-59EF-0FDB-C6927B56525B} = {F71B39B3-D440-240B-D450-D8641F6EA35F}
		{69A4542C-6149-DEFB-B19D-40CAF4E2E6D0} = {180B7690-4D5F-0E15-883B-80057D8C792F}
		{C452D688-5418-AF59-CCDB-9EED6B215EA3} = {180B7690-4D5F-0E15-883B-80057D8C792F}
		{F71B39B3-D440-240B-D450-D8641F6EA35F} = {3FF8755D-7201-2785-AD1F-48F0C33F9A7E}
		{180B7690-4D5F-0E15-883B-80057D8C792F} = {3FF8755D-7201-2785-AD1F-48F0C33F9A7E}
		{9C482573-B700-3A77-B276-C60D81648075} = {B80F6598-F3EF-5FD4-F218-7ED05A4F7861}
	EndGlobalSection
EndGlobal
