Microsoft Visual Studio Solution File, Format Version 11.00
# Visual Studio 2010
Project("{2150E333-8FDC-42A3-9474-1A3956D46DE8}") = "(base)", "..\..\base", "{9785FB75-982A-5DE3-252D-3F288B9FEF5B}"
EndProject
Project("{2150E333-8FDC-42A3-9474-1A3956D46DE8}") = "(ipc)", "..\..\ipc", "{6E739A16-1324-5F4E-B3DD-D8BBDA9938E5}"
EndProject
Project("{2150E333-8FDC-42A3-9474-1A3956D46DE8}") = "(native_client)", "..\..\native_client", "{829C43DA-1372-614D-F044-340432AECC41}"
EndProject
Project("{8BC9CEB8-8B4A-11D0-8D11-00A0C91BC942}") = "base_untrusted", "..\base\base_untrusted.vcxproj", "{2E89AD1A-3D95-9A89-587C-E27BA2D3E11B}"
	ProjectSection(ProjectDependencies) = postProject
		{802C7FEC-B83C-AF81-D6A1-B1BB43B82C94} = {802C7FEC-B83C-AF81-D6A1-B1BB43B82C94}
	EndProjectSection
EndProject
Project("{8BC9CEB8-8B4A-11D0-8D11-00A0C91BC942}") = "crt_fini_32", "..\native_client\crt_fini_32.vcxproj", "{52C4B5E6-52A5-A2CB-986A-068A1C39DA07}"
	ProjectSection(ProjectDependencies) = postProject
		{1818E99F-612B-D689-CCF5-6906AD8DD7DB} = {1818E99F-612B-D689-CCF5-6906AD8DD7DB}
		{DD6E8EB5-C665-0956-EDF0-60AC4BFB3125} = {DD6E8EB5-C665-0956-EDF0-60AC4BFB3125}
	EndProjectSection
EndProject
Project("{8BC9CEB8-8B4A-11D0-8D11-00A0C91BC942}") = "crt_fini_64", "..\native_client\crt_fini_64.vcxproj", "{DCC063EA-91BA-4600-EA8F-3A985230CA79}"
	ProjectSection(ProjectDependencies) = postProject
		{1818E99F-612B-D689-CCF5-6906AD8DD7DB} = {1818E99F-612B-D689-CCF5-6906AD8DD7DB}
		{DD6E8EB5-C665-0956-EDF0-60AC4BFB3125} = {DD6E8EB5-C665-0956-EDF0-60AC4BFB3125}
	EndProjectSection
EndProject
Project("{8BC9CEB8-8B4A-11D0-8D11-00A0C91BC942}") = "crt_init_32", "..\native_client\crt_init_32.vcxproj", "{12A21B0D-D868-C1EF-E622-61B205CD8B2E}"
	ProjectSection(ProjectDependencies) = postProject
		{1818E99F-612B-D689-CCF5-6906AD8DD7DB} = {1818E99F-612B-D689-CCF5-6906AD8DD7DB}
		{DD6E8EB5-C665-0956-EDF0-60AC4BFB3125} = {DD6E8EB5-C665-0956-EDF0-60AC4BFB3125}
	EndProjectSection
EndProject
Project("{8BC9CEB8-8B4A-11D0-8D11-00A0C91BC942}") = "crt_init_64", "..\native_client\crt_init_64.vcxproj", "{60D5F429-C34B-8AA1-77CB-1A88FF29C051}"
	ProjectSection(ProjectDependencies) = postProject
		{1818E99F-612B-D689-CCF5-6906AD8DD7DB} = {1818E99F-612B-D689-CCF5-6906AD8DD7DB}
		{DD6E8EB5-C665-0956-EDF0-60AC4BFB3125} = {DD6E8EB5-C665-0956-EDF0-60AC4BFB3125}
	EndProjectSection
EndProject
Project("{8BC9CEB8-8B4A-11D0-8D11-00A0C91BC942}") = "ipc_untrusted", "ipc_untrusted.vcxproj", "{A93B8BFB-0F33-96A0-671E-975FCB6349E2}"
	ProjectSection(ProjectDependencies) = postProject
		{802C7FEC-B83C-AF81-D6A1-B1BB43B82C94} = {802C7FEC-B83C-AF81-D6A1-B1BB43B82C94}
		{2E89AD1A-3D95-9A89-587C-E27BA2D3E11B} = {2E89AD1A-3D95-9A89-587C-E27BA2D3E11B}
	EndProjectSection
EndProject
Project("{8BC9CEB8-8B4A-11D0-8D11-00A0C91BC942}") = "prep_nacl_sdk", "..\native_client\prep_nacl_sdk.vcxproj", "{DD6E8EB5-C665-0956-EDF0-60AC4BFB3125}"
	ProjectSection(ProjectDependencies) = postProject
		{1818E99F-612B-D689-CCF5-6906AD8DD7DB} = {1818E99F-612B-D689-CCF5-6906AD8DD7DB}
	EndProjectSection
EndProject
Project("{8BC9CEB8-8B4A-11D0-8D11-00A0C91BC942}") = "prep_toolchain", "..\native_client\prep_toolchain.vcxproj", "{802C7FEC-B83C-AF81-D6A1-B1BB43B82C94}"
	ProjectSection(ProjectDependencies) = postProject
		{1818E99F-612B-D689-CCF5-6906AD8DD7DB} = {1818E99F-612B-D689-CCF5-6906AD8DD7DB}
		{DD6E8EB5-C665-0956-EDF0-60AC4BFB3125} = {DD6E8EB5-C665-0956-EDF0-60AC4BFB3125}
		{12A21B0D-D868-C1EF-E622-61B205CD8B2E} = {12A21B0D-D868-C1EF-E622-61B205CD8B2E}
		{52C4B5E6-52A5-A2CB-986A-068A1C39DA07} = {52C4B5E6-52A5-A2CB-986A-068A1C39DA07}
		{60D5F429-C34B-8AA1-77CB-1A88FF29C051} = {60D5F429-C34B-8AA1-77CB-1A88FF29C051}
		{DCC063EA-91BA-4600-EA8F-3A985230CA79} = {DCC063EA-91BA-4600-EA8F-3A985230CA79}
	EndProjectSection
EndProject
Project("{8BC9CEB8-8B4A-11D0-8D11-00A0C91BC942}") = "untar_toolchains", "..\native_client\untar_toolchains.vcxproj", "{1818E99F-612B-D689-CCF5-6906AD8DD7DB}"
EndProject
Global
	GlobalSection(SolutionConfigurationPlatforms) = preSolution
		Debug|x64 = Debug|x64
		Debug|Win32 = Debug|Win32
		Release|x64 = Release|x64
		Release|Win32 = Release|Win32
	EndGlobalSection
	GlobalSection(ProjectConfigurationPlatforms) = postSolution
		{12A21B0D-D868-C1EF-E622-61B205CD8B2E}.Debug|x64.ActiveCfg = Debug|x64
		{12A21B0D-D868-C1EF-E622-61B205CD8B2E}.Debug|x64.Build.0 = Debug|x64
		{12A21B0D-D868-C1EF-E622-61B205CD8B2E}.Debug|Win32.ActiveCfg = Debug|Win32
		{12A21B0D-D868-C1EF-E622-61B205CD8B2E}.Debug|Win32.Build.0 = Debug|Win32
		{12A21B0D-D868-C1EF-E622-61B205CD8B2E}.Release|x64.ActiveCfg = Release|x64
		{12A21B0D-D868-C1EF-E622-61B205CD8B2E}.Release|x64.Build.0 = Release|x64
		{12A21B0D-D868-C1EF-E622-61B205CD8B2E}.Release|Win32.ActiveCfg = Release|Win32
		{12A21B0D-D868-C1EF-E622-61B205CD8B2E}.Release|Win32.Build.0 = Release|Win32
		{1818E99F-612B-D689-CCF5-6906AD8DD7DB}.Debug|x64.ActiveCfg = Debug|x64
		{1818E99F-612B-D689-CCF5-6906AD8DD7DB}.Debug|x64.Build.0 = Debug|x64
		{1818E99F-612B-D689-CCF5-6906AD8DD7DB}.Debug|Win32.ActiveCfg = Debug|Win32
		{1818E99F-612B-D689-CCF5-6906AD8DD7DB}.Debug|Win32.Build.0 = Debug|Win32
		{1818E99F-612B-D689-CCF5-6906AD8DD7DB}.Release|x64.ActiveCfg = Release|x64
		{1818E99F-612B-D689-CCF5-6906AD8DD7DB}.Release|x64.Build.0 = Release|x64
		{1818E99F-612B-D689-CCF5-6906AD8DD7DB}.Release|Win32.ActiveCfg = Release|Win32
		{1818E99F-612B-D689-CCF5-6906AD8DD7DB}.Release|Win32.Build.0 = Release|Win32
		{2E89AD1A-3D95-9A89-587C-E27BA2D3E11B}.Debug|x64.ActiveCfg = Debug|x64
		{2E89AD1A-3D95-9A89-587C-E27BA2D3E11B}.Debug|x64.Build.0 = Debug|x64
		{2E89AD1A-3D95-9A89-587C-E27BA2D3E11B}.Debug|Win32.ActiveCfg = Debug|Win32
		{2E89AD1A-3D95-9A89-587C-E27BA2D3E11B}.Debug|Win32.Build.0 = Debug|Win32
		{2E89AD1A-3D95-9A89-587C-E27BA2D3E11B}.Release|x64.ActiveCfg = Release|x64
		{2E89AD1A-3D95-9A89-587C-E27BA2D3E11B}.Release|x64.Build.0 = Release|x64
		{2E89AD1A-3D95-9A89-587C-E27BA2D3E11B}.Release|Win32.ActiveCfg = Release|Win32
		{2E89AD1A-3D95-9A89-587C-E27BA2D3E11B}.Release|Win32.Build.0 = Release|Win32
		{52C4B5E6-52A5-A2CB-986A-068A1C39DA07}.Debug|x64.ActiveCfg = Debug|x64
		{52C4B5E6-52A5-A2CB-986A-068A1C39DA07}.Debug|x64.Build.0 = Debug|x64
		{52C4B5E6-52A5-A2CB-986A-068A1C39DA07}.Debug|Win32.ActiveCfg = Debug|Win32
		{52C4B5E6-52A5-A2CB-986A-068A1C39DA07}.Debug|Win32.Build.0 = Debug|Win32
		{52C4B5E6-52A5-A2CB-986A-068A1C39DA07}.Release|x64.ActiveCfg = Release|x64
		{52C4B5E6-52A5-A2CB-986A-068A1C39DA07}.Release|x64.Build.0 = Release|x64
		{52C4B5E6-52A5-A2CB-986A-068A1C39DA07}.Release|Win32.ActiveCfg = Release|Win32
		{52C4B5E6-52A5-A2CB-986A-068A1C39DA07}.Release|Win32.Build.0 = Release|Win32
		{60D5F429-C34B-8AA1-77CB-1A88FF29C051}.Debug|x64.ActiveCfg = Debug|x64
		{60D5F429-C34B-8AA1-77CB-1A88FF29C051}.Debug|x64.Build.0 = Debug|x64
		{60D5F429-C34B-8AA1-77CB-1A88FF29C051}.Debug|Win32.ActiveCfg = Debug|Win32
		{60D5F429-C34B-8AA1-77CB-1A88FF29C051}.Debug|Win32.Build.0 = Debug|Win32
		{60D5F429-C34B-8AA1-77CB-1A88FF29C051}.Release|x64.ActiveCfg = Release|x64
		{60D5F429-C34B-8AA1-77CB-1A88FF29C051}.Release|x64.Build.0 = Release|x64
		{60D5F429-C34B-8AA1-77CB-1A88FF29C051}.Release|Win32.ActiveCfg = Release|Win32
		{60D5F429-C34B-8AA1-77CB-1A88FF29C051}.Release|Win32.Build.0 = Release|Win32
		{802C7FEC-B83C-AF81-D6A1-B1BB43B82C94}.Debug|x64.ActiveCfg = Debug|x64
		{802C7FEC-B83C-AF81-D6A1-B1BB43B82C94}.Debug|x64.Build.0 = Debug|x64
		{802C7FEC-B83C-AF81-D6A1-B1BB43B82C94}.Debug|Win32.ActiveCfg = Debug|Win32
		{802C7FEC-B83C-AF81-D6A1-B1BB43B82C94}.Debug|Win32.Build.0 = Debug|Win32
		{802C7FEC-B83C-AF81-D6A1-B1BB43B82C94}.Release|x64.ActiveCfg = Release|x64
		{802C7FEC-B83C-AF81-D6A1-B1BB43B82C94}.Release|x64.Build.0 = Release|x64
		{802C7FEC-B83C-AF81-D6A1-B1BB43B82C94}.Release|Win32.ActiveCfg = Release|Win32
		{802C7FEC-B83C-AF81-D6A1-B1BB43B82C94}.Release|Win32.Build.0 = Release|Win32
		{A93B8BFB-0F33-96A0-671E-975FCB6349E2}.Debug|x64.ActiveCfg = Debug|x64
		{A93B8BFB-0F33-96A0-671E-975FCB6349E2}.Debug|x64.Build.0 = Debug|x64
		{A93B8BFB-0F33-96A0-671E-975FCB6349E2}.Debug|Win32.ActiveCfg = Debug|Win32
		{A93B8BFB-0F33-96A0-671E-975FCB6349E2}.Debug|Win32.Build.0 = Debug|Win32
		{A93B8BFB-0F33-96A0-671E-975FCB6349E2}.Release|x64.ActiveCfg = Release|x64
		{A93B8BFB-0F33-96A0-671E-975FCB6349E2}.Release|x64.Build.0 = Release|x64
		{A93B8BFB-0F33-96A0-671E-975FCB6349E2}.Release|Win32.ActiveCfg = Release|Win32
		{A93B8BFB-0F33-96A0-671E-975FCB6349E2}.Release|Win32.Build.0 = Release|Win32
		{DCC063EA-91BA-4600-EA8F-3A985230CA79}.Debug|x64.ActiveCfg = Debug|x64
		{DCC063EA-91BA-4600-EA8F-3A985230CA79}.Debug|x64.Build.0 = Debug|x64
		{DCC063EA-91BA-4600-EA8F-3A985230CA79}.Debug|Win32.ActiveCfg = Debug|Win32
		{DCC063EA-91BA-4600-EA8F-3A985230CA79}.Debug|Win32.Build.0 = Debug|Win32
		{DCC063EA-91BA-4600-EA8F-3A985230CA79}.Release|x64.ActiveCfg = Release|x64
		{DCC063EA-91BA-4600-EA8F-3A985230CA79}.Release|x64.Build.0 = Release|x64
		{DCC063EA-91BA-4600-EA8F-3A985230CA79}.Release|Win32.ActiveCfg = Release|Win32
		{DCC063EA-91BA-4600-EA8F-3A985230CA79}.Release|Win32.Build.0 = Release|Win32
		{DD6E8EB5-C665-0956-EDF0-60AC4BFB3125}.Debug|x64.ActiveCfg = Debug|x64
		{DD6E8EB5-C665-0956-EDF0-60AC4BFB3125}.Debug|x64.Build.0 = Debug|x64
		{DD6E8EB5-C665-0956-EDF0-60AC4BFB3125}.Debug|Win32.ActiveCfg = Debug|Win32
		{DD6E8EB5-C665-0956-EDF0-60AC4BFB3125}.Debug|Win32.Build.0 = Debug|Win32
		{DD6E8EB5-C665-0956-EDF0-60AC4BFB3125}.Release|x64.ActiveCfg = Release|x64
		{DD6E8EB5-C665-0956-EDF0-60AC4BFB3125}.Release|x64.Build.0 = Release|x64
		{DD6E8EB5-C665-0956-EDF0-60AC4BFB3125}.Release|Win32.ActiveCfg = Release|Win32
		{DD6E8EB5-C665-0956-EDF0-60AC4BFB3125}.Release|Win32.Build.0 = Release|Win32
	EndGlobalSection
	GlobalSection(SolutionProperties) = preSolution
		HideSolutionNode = FALSE
	EndGlobalSection
	GlobalSection(NestedProjects) = preSolution
		{2E89AD1A-3D95-9A89-587C-E27BA2D3E11B} = {9785FB75-982A-5DE3-252D-3F288B9FEF5B}
		{A93B8BFB-0F33-96A0-671E-975FCB6349E2} = {6E739A16-1324-5F4E-B3DD-D8BBDA9938E5}
		{52C4B5E6-52A5-A2CB-986A-068A1C39DA07} = {829C43DA-1372-614D-F044-340432AECC41}
		{DCC063EA-91BA-4600-EA8F-3A985230CA79} = {829C43DA-1372-614D-F044-340432AECC41}
		{12A21B0D-D868-C1EF-E622-61B205CD8B2E} = {829C43DA-1372-614D-F044-340432AECC41}
		{60D5F429-C34B-8AA1-77CB-1A88FF29C051} = {829C43DA-1372-614D-F044-340432AECC41}
		{DD6E8EB5-C665-0956-EDF0-60AC4BFB3125} = {829C43DA-1372-614D-F044-340432AECC41}
		{802C7FEC-B83C-AF81-D6A1-B1BB43B82C94} = {829C43DA-1372-614D-F044-340432AECC41}
		{1818E99F-612B-D689-CCF5-6906AD8DD7DB} = {829C43DA-1372-614D-F044-340432AECC41}
	EndGlobalSection
EndGlobal
