Microsoft Visual Studio Solution File, Format Version 11.00
# Visual Studio 2010
Project("{2150E333-8FDC-42A3-9474-1A3956D46DE8}") = "(allocator)", "..\..\..\..\base\allocator", "{6478B9F3-4858-63F4-35F4-98A303E305F3}"
EndProject
Project("{2150E333-8FDC-42A3-9474-1A3956D46DE8}") = "(base)", "..\..\..\..\base", "{9785FB75-982A-5DE3-252D-3F288B9FEF5B}"
EndProject
Project("{2150E333-8FDC-42A3-9474-1A3956D46DE8}") = "(cdm)", "..\..\..\..\third_party\widevine\cdm", "{6A5529F6-591C-F159-8F93-40E508F61E7C}"
EndProject
Project("{2150E333-8FDC-42A3-9474-1A3956D46DE8}") = "(chrome)", "..\..\..\..\chrome", "{CA127179-388A-5DFD-3EE4-9882FA1EF246}"
EndProject
Project("{2150E333-8FDC-42A3-9474-1A3956D46DE8}") = "(cloud_print)", "..\..\..\..\cloud_print", "{9DDBA247-2BAB-5CB3-A88D-ADF66657F098}"
EndProject
Project("{2150E333-8FDC-42A3-9474-1A3956D46DE8}") = "(components)", "..\..\..\..\components", "{61D22B61-259C-DDC3-1E7C-14653843C641}"
EndProject
Project("{2150E333-8FDC-42A3-9474-1A3956D46DE8}") = "(testing)", "..\..\..\..\testing", "{EAC80D00-01D2-3F49-A377-20B7154947F3}"
EndProject
Project("{2150E333-8FDC-42A3-9474-1A3956D46DE8}") = "(third_party)", "..\..\..\..\base\third_party", "{3E7FA5AF-27B3-2DE0-883C-12F98E7F4E81}"
EndProject
Project("{2150E333-8FDC-42A3-9474-1A3956D46DE8}") = "(third_party)", "..\..\..\..\third_party", "{89C816A7-DD31-D54C-C69C-5A80E0C49B77}"
EndProject
Project("{2150E333-8FDC-42A3-9474-1A3956D46DE8}") = "(virtual_driver)", "..\..\..\..\cloud_print\virtual_driver", "{98103C12-4561-27C3-10A9-95ECE1FDABFB}"
EndProject
Project("{2150E333-8FDC-42A3-9474-1A3956D46DE8}") = "(widevine)", "..\..\..\..\third_party\widevine", "{EE3AF7E8-7CE3-D03C-092C-4D563809BFCE}"
EndProject
Project("{2150E333-8FDC-42A3-9474-1A3956D46DE8}") = "(win)", "..\..\..\..\cloud_print\virtual_driver\win", "{ADDF6217-EE45-B048-9B03-CA0827316930}"
EndProject
Project("{8BC9CEB8-8B4A-11D0-8D11-00A0C91BC942}") = "allocator_extension_thunks", "..\..\..\base\allocator\allocator_extension_thunks.vcxproj", "{3B157F56-A058-48A3-E8E5-DA48C825B841}"
EndProject
Project("{8BC9CEB8-8B4A-11D0-8D11-00A0C91BC942}") = "base", "..\..\..\base\base.vcxproj", "{2E8A02CC-5E8E-1BCB-7C82-BCBE781F50B6}"
	ProjectSection(ProjectDependencies) = postProject
		{3640F086-6973-514D-BB5E-A2E250A058AD} = {3640F086-6973-514D-BB5E-A2E250A058AD}
		{3B157F56-A058-48A3-E8E5-DA48C825B841} = {3B157F56-A058-48A3-E8E5-DA48C825B841}
		{4399B57E-69BB-91FA-2739-42A1DD0384E9} = {4399B57E-69BB-91FA-2739-42A1DD0384E9}
		{081F25EE-7E15-6978-ED76-7ECD60DBFE47} = {081F25EE-7E15-6978-ED76-7ECD60DBFE47}
		{822A3F90-A21C-20A4-C3EE-8852E7F5E994} = {822A3F90-A21C-20A4-C3EE-8852E7F5E994}
	EndProjectSection
EndProject
Project("{8BC9CEB8-8B4A-11D0-8D11-00A0C91BC942}") = "base_static", "..\..\..\base\base_static.vcxproj", "{3640F086-6973-514D-BB5E-A2E250A058AD}"
EndProject
Project("{8BC9CEB8-8B4A-11D0-8D11-00A0C91BC942}") = "chrome_version_header", "..\..\..\chrome\chrome_version_header.vcxproj", "{6603A2D8-9FA4-2C04-2731-30150DB50735}"
EndProject
Project("{8BC9CEB8-8B4A-11D0-8D11-00A0C91BC942}") = "cloud_print_version_resources", "..\..\cloud_print_version_resources.vcxproj", "{3E9B12F6-3340-1164-4372-0535C10A9FEE}"
EndProject
Project("{8BC9CEB8-8B4A-11D0-8D11-00A0C91BC942}") = "common_constants", "..\..\..\chrome\common_constants.vcxproj", "{CEF12ACF-A2CF-101F-C092-861013EDEABC}"
	ProjectSection(ProjectDependencies) = postProject
		{2E8A02CC-5E8E-1BCB-7C82-BCBE781F50B6} = {2E8A02CC-5E8E-1BCB-7C82-BCBE781F50B6}
		{B7DA51C5-0660-C025-A37C-4731C22FA90A} = {B7DA51C5-0660-C025-A37C-4731C22FA90A}
	EndProjectSection
EndProject
Project("{8BC9CEB8-8B4A-11D0-8D11-00A0C91BC942}") = "dynamic_annotations", "..\..\..\base\third_party\dynamic_annotations\dynamic_annotations.vcxproj", "{822A3F90-A21C-20A4-C3EE-8852E7F5E994}"
EndProject
Project("{8BC9CEB8-8B4A-11D0-8D11-00A0C91BC942}") = "gcp_portmon", "gcp_portmon.vcxproj", "{F7366FD8-0A08-E260-351F-03B5EBDCA746}"
	ProjectSection(ProjectDependencies) = postProject
		{2E8A02CC-5E8E-1BCB-7C82-BCBE781F50B6} = {2E8A02CC-5E8E-1BCB-7C82-BCBE781F50B6}
		{3204668B-D5F4-58F1-511A-617FB9331A22} = {3204668B-D5F4-58F1-511A-617FB9331A22}
		{CEF12ACF-A2CF-101F-C092-861013EDEABC} = {CEF12ACF-A2CF-101F-C092-861013EDEABC}
		{1E1A80B6-8BCA-6874-9B04-F875C083AD18} = {1E1A80B6-8BCA-6874-9B04-F875C083AD18}
		{6603A2D8-9FA4-2C04-2731-30150DB50735} = {6603A2D8-9FA4-2C04-2731-30150DB50735}
		{3E9B12F6-3340-1164-4372-0535C10A9FEE} = {3E9B12F6-3340-1164-4372-0535C10A9FEE}
		{A044C254-D296-61DA-47D7-C6135265D1AD} = {A044C254-D296-61DA-47D7-C6135265D1AD}
		{B7DA51C5-0660-C025-A37C-4731C22FA90A} = {B7DA51C5-0660-C025-A37C-4731C22FA90A}
		{C35DA4B8-FB59-CCC2-A8F6-7790DAA16A99} = {C35DA4B8-FB59-CCC2-A8F6-7790DAA16A99}
	EndProjectSection
EndProject
Project("{8BC9CEB8-8B4A-11D0-8D11-00A0C91BC942}") = "gcp_portmon_lib", "gcp_portmon_lib.vcxproj", "{1E1A80B6-8BCA-6874-9B04-F875C083AD18}"
	ProjectSection(ProjectDependencies) = postProject
		{2E8A02CC-5E8E-1BCB-7C82-BCBE781F50B6} = {2E8A02CC-5E8E-1BCB-7C82-BCBE781F50B6}
	EndProjectSection
EndProject
Project("{8BC9CEB8-8B4A-11D0-8D11-00A0C91BC942}") = "gtest_prod", "..\..\..\testing\gtest_prod.vcxproj", "{4399B57E-69BB-91FA-2739-42A1DD0384E9}"
EndProject
Project("{8BC9CEB8-8B4A-11D0-8D11-00A0C91BC942}") = "launcher_support", "..\..\..\chrome\launcher_support.vcxproj", "{3204668B-D5F4-58F1-511A-617FB9331A22}"
	ProjectSection(ProjectDependencies) = postProject
		{2E8A02CC-5E8E-1BCB-7C82-BCBE781F50B6} = {2E8A02CC-5E8E-1BCB-7C82-BCBE781F50B6}
	EndProjectSection
EndProject
Project("{8BC9CEB8-8B4A-11D0-8D11-00A0C91BC942}") = "modp_b64", "..\..\..\third_party\modp_b64\modp_b64.vcxproj", "{081F25EE-7E15-6978-ED76-7ECD60DBFE47}"
EndProject
Project("{8BC9CEB8-8B4A-11D0-8D11-00A0C91BC942}") = "nacl_switches", "..\..\..\components\nacl_switches.vcxproj", "{A044C254-D296-61DA-47D7-C6135265D1AD}"
EndProject
Project("{8BC9CEB8-8B4A-11D0-8D11-00A0C91BC942}") = "virtual_driver_lib", "virtual_driver_lib.vcxproj", "{C35DA4B8-FB59-CCC2-A8F6-7790DAA16A99}"
	ProjectSection(ProjectDependencies) = postProject
		{2E8A02CC-5E8E-1BCB-7C82-BCBE781F50B6} = {2E8A02CC-5E8E-1BCB-7C82-BCBE781F50B6}
	EndProjectSection
EndProject
Project("{8BC9CEB8-8B4A-11D0-8D11-00A0C91BC942}") = "widevine_cdm_version_h", "..\..\..\third_party\widevine\cdm\widevine_cdm_version_h.vcxproj", "{B7DA51C5-0660-C025-A37C-4731C22FA90A}"
EndProject
Global
	GlobalSection(SolutionConfigurationPlatforms) = preSolution
		Debug|x64 = Debug|x64
		Debug|Win32 = Debug|Win32
		Release|x64 = Release|x64
		Release|Win32 = Release|Win32
	EndGlobalSection
	GlobalSection(ProjectConfigurationPlatforms) = postSolution
		{081F25EE-7E15-6978-ED76-7ECD60DBFE47}.Debug|x64.ActiveCfg = Debug|x64
		{081F25EE-7E15-6978-ED76-7ECD60DBFE47}.Debug|x64.Build.0 = Debug|x64
		{081F25EE-7E15-6978-ED76-7ECD60DBFE47}.Debug|Win32.ActiveCfg = Debug|Win32
		{081F25EE-7E15-6978-ED76-7ECD60DBFE47}.Debug|Win32.Build.0 = Debug|Win32
		{081F25EE-7E15-6978-ED76-7ECD60DBFE47}.Release|x64.ActiveCfg = Release|x64
		{081F25EE-7E15-6978-ED76-7ECD60DBFE47}.Release|x64.Build.0 = Release|x64
		{081F25EE-7E15-6978-ED76-7ECD60DBFE47}.Release|Win32.ActiveCfg = Release|Win32
		{081F25EE-7E15-6978-ED76-7ECD60DBFE47}.Release|Win32.Build.0 = Release|Win32
		{1E1A80B6-8BCA-6874-9B04-F875C083AD18}.Debug|x64.ActiveCfg = Debug|x64
		{1E1A80B6-8BCA-6874-9B04-F875C083AD18}.Debug|x64.Build.0 = Debug|x64
		{1E1A80B6-8BCA-6874-9B04-F875C083AD18}.Debug|Win32.ActiveCfg = Debug|Win32
		{1E1A80B6-8BCA-6874-9B04-F875C083AD18}.Debug|Win32.Build.0 = Debug|Win32
		{1E1A80B6-8BCA-6874-9B04-F875C083AD18}.Release|x64.ActiveCfg = Release|x64
		{1E1A80B6-8BCA-6874-9B04-F875C083AD18}.Release|x64.Build.0 = Release|x64
		{1E1A80B6-8BCA-6874-9B04-F875C083AD18}.Release|Win32.ActiveCfg = Release|Win32
		{1E1A80B6-8BCA-6874-9B04-F875C083AD18}.Release|Win32.Build.0 = Release|Win32
		{2E8A02CC-5E8E-1BCB-7C82-BCBE781F50B6}.Debug|x64.ActiveCfg = Debug|x64
		{2E8A02CC-5E8E-1BCB-7C82-BCBE781F50B6}.Debug|x64.Build.0 = Debug|x64
		{2E8A02CC-5E8E-1BCB-7C82-BCBE781F50B6}.Debug|Win32.ActiveCfg = Debug|Win32
		{2E8A02CC-5E8E-1BCB-7C82-BCBE781F50B6}.Debug|Win32.Build.0 = Debug|Win32
		{2E8A02CC-5E8E-1BCB-7C82-BCBE781F50B6}.Release|x64.ActiveCfg = Release|x64
		{2E8A02CC-5E8E-1BCB-7C82-BCBE781F50B6}.Release|x64.Build.0 = Release|x64
		{2E8A02CC-5E8E-1BCB-7C82-BCBE781F50B6}.Release|Win32.ActiveCfg = Release|Win32
		{2E8A02CC-5E8E-1BCB-7C82-BCBE781F50B6}.Release|Win32.Build.0 = Release|Win32
		{3204668B-D5F4-58F1-511A-617FB9331A22}.Debug|x64.ActiveCfg = Debug|x64
		{3204668B-D5F4-58F1-511A-617FB9331A22}.Debug|x64.Build.0 = Debug|x64
		{3204668B-D5F4-58F1-511A-617FB9331A22}.Debug|Win32.ActiveCfg = Debug|Win32
		{3204668B-D5F4-58F1-511A-617FB9331A22}.Debug|Win32.Build.0 = Debug|Win32
		{3204668B-D5F4-58F1-511A-617FB9331A22}.Release|x64.ActiveCfg = Release|x64
		{3204668B-D5F4-58F1-511A-617FB9331A22}.Release|x64.Build.0 = Release|x64
		{3204668B-D5F4-58F1-511A-617FB9331A22}.Release|Win32.ActiveCfg = Release|Win32
		{3204668B-D5F4-58F1-511A-617FB9331A22}.Release|Win32.Build.0 = Release|Win32
		{3640F086-6973-514D-BB5E-A2E250A058AD}.Debug|x64.ActiveCfg = Debug|x64
		{3640F086-6973-514D-BB5E-A2E250A058AD}.Debug|x64.Build.0 = Debug|x64
		{3640F086-6973-514D-BB5E-A2E250A058AD}.Debug|Win32.ActiveCfg = Debug|Win32
		{3640F086-6973-514D-BB5E-A2E250A058AD}.Debug|Win32.Build.0 = Debug|Win32
		{3640F086-6973-514D-BB5E-A2E250A058AD}.Release|x64.ActiveCfg = Release|x64
		{3640F086-6973-514D-BB5E-A2E250A058AD}.Release|x64.Build.0 = Release|x64
		{3640F086-6973-514D-BB5E-A2E250A058AD}.Release|Win32.ActiveCfg = Release|Win32
		{3640F086-6973-514D-BB5E-A2E250A058AD}.Release|Win32.Build.0 = Release|Win32
		{3B157F56-A058-48A3-E8E5-DA48C825B841}.Debug|x64.ActiveCfg = Debug|x64
		{3B157F56-A058-48A3-E8E5-DA48C825B841}.Debug|x64.Build.0 = Debug|x64
		{3B157F56-A058-48A3-E8E5-DA48C825B841}.Debug|Win32.ActiveCfg = Debug|Win32
		{3B157F56-A058-48A3-E8E5-DA48C825B841}.Debug|Win32.Build.0 = Debug|Win32
		{3B157F56-A058-48A3-E8E5-DA48C825B841}.Release|x64.ActiveCfg = Release|x64
		{3B157F56-A058-48A3-E8E5-DA48C825B841}.Release|x64.Build.0 = Release|x64
		{3B157F56-A058-48A3-E8E5-DA48C825B841}.Release|Win32.ActiveCfg = Release|Win32
		{3B157F56-A058-48A3-E8E5-DA48C825B841}.Release|Win32.Build.0 = Release|Win32
		{3E9B12F6-3340-1164-4372-0535C10A9FEE}.Debug|x64.ActiveCfg = Debug|x64
		{3E9B12F6-3340-1164-4372-0535C10A9FEE}.Debug|x64.Build.0 = Debug|x64
		{3E9B12F6-3340-1164-4372-0535C10A9FEE}.Debug|Win32.ActiveCfg = Debug|Win32
		{3E9B12F6-3340-1164-4372-0535C10A9FEE}.Debug|Win32.Build.0 = Debug|Win32
		{3E9B12F6-3340-1164-4372-0535C10A9FEE}.Release|x64.ActiveCfg = Release|x64
		{3E9B12F6-3340-1164-4372-0535C10A9FEE}.Release|x64.Build.0 = Release|x64
		{3E9B12F6-3340-1164-4372-0535C10A9FEE}.Release|Win32.ActiveCfg = Release|Win32
		{3E9B12F6-3340-1164-4372-0535C10A9FEE}.Release|Win32.Build.0 = Release|Win32
		{4399B57E-69BB-91FA-2739-42A1DD0384E9}.Debug|x64.ActiveCfg = Debug|x64
		{4399B57E-69BB-91FA-2739-42A1DD0384E9}.Debug|x64.Build.0 = Debug|x64
		{4399B57E-69BB-91FA-2739-42A1DD0384E9}.Debug|Win32.ActiveCfg = Debug|Win32
		{4399B57E-69BB-91FA-2739-42A1DD0384E9}.Debug|Win32.Build.0 = Debug|Win32
		{4399B57E-69BB-91FA-2739-42A1DD0384E9}.Release|x64.ActiveCfg = Release|x64
		{4399B57E-69BB-91FA-2739-42A1DD0384E9}.Release|x64.Build.0 = Release|x64
		{4399B57E-69BB-91FA-2739-42A1DD0384E9}.Release|Win32.ActiveCfg = Release|Win32
		{4399B57E-69BB-91FA-2739-42A1DD0384E9}.Release|Win32.Build.0 = Release|Win32
		{6603A2D8-9FA4-2C04-2731-30150DB50735}.Debug|x64.ActiveCfg = Debug|x64
		{6603A2D8-9FA4-2C04-2731-30150DB50735}.Debug|x64.Build.0 = Debug|x64
		{6603A2D8-9FA4-2C04-2731-30150DB50735}.Debug|Win32.ActiveCfg = Debug|Win32
		{6603A2D8-9FA4-2C04-2731-30150DB50735}.Debug|Win32.Build.0 = Debug|Win32
		{6603A2D8-9FA4-2C04-2731-30150DB50735}.Release|x64.ActiveCfg = Release|x64
		{6603A2D8-9FA4-2C04-2731-30150DB50735}.Release|x64.Build.0 = Release|x64
		{6603A2D8-9FA4-2C04-2731-30150DB50735}.Release|Win32.ActiveCfg = Release|Win32
		{6603A2D8-9FA4-2C04-2731-30150DB50735}.Release|Win32.Build.0 = Release|Win32
		{822A3F90-A21C-20A4-C3EE-8852E7F5E994}.Debug|x64.ActiveCfg = Debug|x64
		{822A3F90-A21C-20A4-C3EE-8852E7F5E994}.Debug|x64.Build.0 = Debug|x64
		{822A3F90-A21C-20A4-C3EE-8852E7F5E994}.Debug|Win32.ActiveCfg = Debug|Win32
		{822A3F90-A21C-20A4-C3EE-8852E7F5E994}.Debug|Win32.Build.0 = Debug|Win32
		{822A3F90-A21C-20A4-C3EE-8852E7F5E994}.Release|x64.ActiveCfg = Release|x64
		{822A3F90-A21C-20A4-C3EE-8852E7F5E994}.Release|x64.Build.0 = Release|x64
		{822A3F90-A21C-20A4-C3EE-8852E7F5E994}.Release|Win32.ActiveCfg = Release|Win32
		{822A3F90-A21C-20A4-C3EE-8852E7F5E994}.Release|Win32.Build.0 = Release|Win32
		{A044C254-D296-61DA-47D7-C6135265D1AD}.Debug|x64.ActiveCfg = Debug|x64
		{A044C254-D296-61DA-47D7-C6135265D1AD}.Debug|x64.Build.0 = Debug|x64
		{A044C254-D296-61DA-47D7-C6135265D1AD}.Debug|Win32.ActiveCfg = Debug|Win32
		{A044C254-D296-61DA-47D7-C6135265D1AD}.Debug|Win32.Build.0 = Debug|Win32
		{A044C254-D296-61DA-47D7-C6135265D1AD}.Release|x64.ActiveCfg = Release|x64
		{A044C254-D296-61DA-47D7-C6135265D1AD}.Release|x64.Build.0 = Release|x64
		{A044C254-D296-61DA-47D7-C6135265D1AD}.Release|Win32.ActiveCfg = Release|Win32
		{A044C254-D296-61DA-47D7-C6135265D1AD}.Release|Win32.Build.0 = Release|Win32
		{B7DA51C5-0660-C025-A37C-4731C22FA90A}.Debug|x64.ActiveCfg = Debug|x64
		{B7DA51C5-0660-C025-A37C-4731C22FA90A}.Debug|x64.Build.0 = Debug|x64
		{B7DA51C5-0660-C025-A37C-4731C22FA90A}.Debug|Win32.ActiveCfg = Debug|Win32
		{B7DA51C5-0660-C025-A37C-4731C22FA90A}.Debug|Win32.Build.0 = Debug|Win32
		{B7DA51C5-0660-C025-A37C-4731C22FA90A}.Release|x64.ActiveCfg = Release|x64
		{B7DA51C5-0660-C025-A37C-4731C22FA90A}.Release|x64.Build.0 = Release|x64
		{B7DA51C5-0660-C025-A37C-4731C22FA90A}.Release|Win32.ActiveCfg = Release|Win32
		{B7DA51C5-0660-C025-A37C-4731C22FA90A}.Release|Win32.Build.0 = Release|Win32
		{C35DA4B8-FB59-CCC2-A8F6-7790DAA16A99}.Debug|x64.ActiveCfg = Debug|x64
		{C35DA4B8-FB59-CCC2-A8F6-7790DAA16A99}.Debug|x64.Build.0 = Debug|x64
		{C35DA4B8-FB59-CCC2-A8F6-7790DAA16A99}.Debug|Win32.ActiveCfg = Debug|Win32
		{C35DA4B8-FB59-CCC2-A8F6-7790DAA16A99}.Debug|Win32.Build.0 = Debug|Win32
		{C35DA4B8-FB59-CCC2-A8F6-7790DAA16A99}.Release|x64.ActiveCfg = Release|x64
		{C35DA4B8-FB59-CCC2-A8F6-7790DAA16A99}.Release|x64.Build.0 = Release|x64
		{C35DA4B8-FB59-CCC2-A8F6-7790DAA16A99}.Release|Win32.ActiveCfg = Release|Win32
		{C35DA4B8-FB59-CCC2-A8F6-7790DAA16A99}.Release|Win32.Build.0 = Release|Win32
		{CEF12ACF-A2CF-101F-C092-861013EDEABC}.Debug|x64.ActiveCfg = Debug|x64
		{CEF12ACF-A2CF-101F-C092-861013EDEABC}.Debug|x64.Build.0 = Debug|x64
		{CEF12ACF-A2CF-101F-C092-861013EDEABC}.Debug|Win32.ActiveCfg = Debug|Win32
		{CEF12ACF-A2CF-101F-C092-861013EDEABC}.Debug|Win32.Build.0 = Debug|Win32
		{CEF12ACF-A2CF-101F-C092-861013EDEABC}.Release|x64.ActiveCfg = Release|x64
		{CEF12ACF-A2CF-101F-C092-861013EDEABC}.Release|x64.Build.0 = Release|x64
		{CEF12ACF-A2CF-101F-C092-861013EDEABC}.Release|Win32.ActiveCfg = Release|Win32
		{CEF12ACF-A2CF-101F-C092-861013EDEABC}.Release|Win32.Build.0 = Release|Win32
		{F7366FD8-0A08-E260-351F-03B5EBDCA746}.Debug|x64.ActiveCfg = Debug|x64
		{F7366FD8-0A08-E260-351F-03B5EBDCA746}.Debug|x64.Build.0 = Debug|x64
		{F7366FD8-0A08-E260-351F-03B5EBDCA746}.Debug|Win32.ActiveCfg = Debug|Win32
		{F7366FD8-0A08-E260-351F-03B5EBDCA746}.Debug|Win32.Build.0 = Debug|Win32
		{F7366FD8-0A08-E260-351F-03B5EBDCA746}.Release|x64.ActiveCfg = Release|x64
		{F7366FD8-0A08-E260-351F-03B5EBDCA746}.Release|x64.Build.0 = Release|x64
		{F7366FD8-0A08-E260-351F-03B5EBDCA746}.Release|Win32.ActiveCfg = Release|Win32
		{F7366FD8-0A08-E260-351F-03B5EBDCA746}.Release|Win32.Build.0 = Release|Win32
	EndGlobalSection
	GlobalSection(SolutionProperties) = preSolution
		HideSolutionNode = FALSE
	EndGlobalSection
	GlobalSection(NestedProjects) = preSolution
		{3B157F56-A058-48A3-E8E5-DA48C825B841} = {6478B9F3-4858-63F4-35F4-98A303E305F3}
		{6478B9F3-4858-63F4-35F4-98A303E305F3} = {9785FB75-982A-5DE3-252D-3F288B9FEF5B}
		{3E7FA5AF-27B3-2DE0-883C-12F98E7F4E81} = {9785FB75-982A-5DE3-252D-3F288B9FEF5B}
		{2E8A02CC-5E8E-1BCB-7C82-BCBE781F50B6} = {9785FB75-982A-5DE3-252D-3F288B9FEF5B}
		{3640F086-6973-514D-BB5E-A2E250A058AD} = {9785FB75-982A-5DE3-252D-3F288B9FEF5B}
		{B7DA51C5-0660-C025-A37C-4731C22FA90A} = {6A5529F6-591C-F159-8F93-40E508F61E7C}
		{6603A2D8-9FA4-2C04-2731-30150DB50735} = {CA127179-388A-5DFD-3EE4-9882FA1EF246}
		{CEF12ACF-A2CF-101F-C092-861013EDEABC} = {CA127179-388A-5DFD-3EE4-9882FA1EF246}
		{3204668B-D5F4-58F1-511A-617FB9331A22} = {CA127179-388A-5DFD-3EE4-9882FA1EF246}
		{98103C12-4561-27C3-10A9-95ECE1FDABFB} = {9DDBA247-2BAB-5CB3-A88D-ADF66657F098}
		{3E9B12F6-3340-1164-4372-0535C10A9FEE} = {9DDBA247-2BAB-5CB3-A88D-ADF66657F098}
		{A044C254-D296-61DA-47D7-C6135265D1AD} = {61D22B61-259C-DDC3-1E7C-14653843C641}
		{4399B57E-69BB-91FA-2739-42A1DD0384E9} = {EAC80D00-01D2-3F49-A377-20B7154947F3}
		{822A3F90-A21C-20A4-C3EE-8852E7F5E994} = {3E7FA5AF-27B3-2DE0-883C-12F98E7F4E81}
		{EE3AF7E8-7CE3-D03C-092C-4D563809BFCE} = {89C816A7-DD31-D54C-C69C-5A80E0C49B77}
		{081F25EE-7E15-6978-ED76-7ECD60DBFE47} = {89C816A7-DD31-D54C-C69C-5A80E0C49B77}
		{ADDF6217-EE45-B048-9B03-CA0827316930} = {98103C12-4561-27C3-10A9-95ECE1FDABFB}
		{6A5529F6-591C-F159-8F93-40E508F61E7C} = {EE3AF7E8-7CE3-D03C-092C-4D563809BFCE}
		{F7366FD8-0A08-E260-351F-03B5EBDCA746} = {ADDF6217-EE45-B048-9B03-CA0827316930}
		{1E1A80B6-8BCA-6874-9B04-F875C083AD18} = {ADDF6217-EE45-B048-9B03-CA0827316930}
		{C35DA4B8-FB59-CCC2-A8F6-7790DAA16A99} = {ADDF6217-EE45-B048-9B03-CA0827316930}
	EndGlobalSection
EndGlobal
