Microsoft Visual Studio Solution File, Format Version 11.00
# Visual Studio 2010
Project("{2150E333-8FDC-42A3-9474-1A3956D46DE8}") = "(arch)", "..\..\..\..\..\..\..\service_runtime\arch", "{0DC980B2-7D6A-FBD2-7C83-D397BCEC17DB}"
EndProject
Project("{2150E333-8FDC-42A3-9474-1A3956D46DE8}") = "(service_runtime)", "..\..\..\..\..\..\..\service_runtime", "{752FC816-5E84-9C72-9960-62C2060D8CAA}"
EndProject
Project("{2150E333-8FDC-42A3-9474-1A3956D46DE8}") = "(validator_ragel)", "..\..\..\..\..\..\..\validator_ragel", "{515B8747-A546-E172-765F-744B42E8D836}"
EndProject
Project("{2150E333-8FDC-42A3-9474-1A3956D46DE8}") = "(x86)", "..\..\..\..\..\..\..\service_runtime\arch\x86", "{05CB3319-D775-C075-8BC2-543D6B985DAE}"
EndProject
Project("{8BC9CEB8-8B4A-11D0-8D11-00A0C91BC942}") = "dfa_validate_x86_32", "..\..\..\validator_ragel\dfa_validate_x86_32.vcxproj", "{7A02D539-3207-7A0D-2FD5-EA77ECED751A}"
EndProject
Project("{8BC9CEB8-8B4A-11D0-8D11-00A0C91BC942}") = "dfa_validate_x86_64", "..\..\..\validator_ragel\dfa_validate_x86_64.vcxproj", "{D03B9319-8138-11CC-D009-97B67E22A37F}"
EndProject
Project("{8BC9CEB8-8B4A-11D0-8D11-00A0C91BC942}") = "service_runtime_x86_common", "service_runtime_x86_common.vcxproj", "{2D1C640D-E260-68AA-D312-F815CB98F2AC}"
EndProject
Project("{8BC9CEB8-8B4A-11D0-8D11-00A0C91BC942}") = "service_runtime_x86_common64", "service_runtime_x86_common64.vcxproj", "{7B55D798-2C4C-6EC6-D360-9D98EF698105}"
EndProject
Global
	GlobalSection(SolutionConfigurationPlatforms) = preSolution
		Debug|x64 = Debug|x64
		Debug|Win32 = Debug|Win32
		Release|x64 = Release|x64
		Release|Win32 = Release|Win32
	EndGlobalSection
	GlobalSection(ProjectConfigurationPlatforms) = postSolution
		{2D1C640D-E260-68AA-D312-F815CB98F2AC}.Debug|x64.ActiveCfg = Debug|x64
		{2D1C640D-E260-68AA-D312-F815CB98F2AC}.Debug|x64.Build.0 = Debug|x64
		{2D1C640D-E260-68AA-D312-F815CB98F2AC}.Debug|Win32.ActiveCfg = Debug|Win32
		{2D1C640D-E260-68AA-D312-F815CB98F2AC}.Debug|Win32.Build.0 = Debug|Win32
		{2D1C640D-E260-68AA-D312-F815CB98F2AC}.Release|x64.ActiveCfg = Release|x64
		{2D1C640D-E260-68AA-D312-F815CB98F2AC}.Release|x64.Build.0 = Release|x64
		{2D1C640D-E260-68AA-D312-F815CB98F2AC}.Release|Win32.ActiveCfg = Release|Win32
		{2D1C640D-E260-68AA-D312-F815CB98F2AC}.Release|Win32.Build.0 = Release|Win32
		{7A02D539-3207-7A0D-2FD5-EA77ECED751A}.Debug|x64.ActiveCfg = Debug|x64
		{7A02D539-3207-7A0D-2FD5-EA77ECED751A}.Debug|x64.Build.0 = Debug|x64
		{7A02D539-3207-7A0D-2FD5-EA77ECED751A}.Debug|Win32.ActiveCfg = Debug|Win32
		{7A02D539-3207-7A0D-2FD5-EA77ECED751A}.Debug|Win32.Build.0 = Debug|Win32
		{7A02D539-3207-7A0D-2FD5-EA77ECED751A}.Release|x64.ActiveCfg = Release|x64
		{7A02D539-3207-7A0D-2FD5-EA77ECED751A}.Release|x64.Build.0 = Release|x64
		{7A02D539-3207-7A0D-2FD5-EA77ECED751A}.Release|Win32.ActiveCfg = Release|Win32
		{7A02D539-3207-7A0D-2FD5-EA77ECED751A}.Release|Win32.Build.0 = Release|Win32
		{7B55D798-2C4C-6EC6-D360-9D98EF698105}.Debug|x64.ActiveCfg = Debug|x64
		{7B55D798-2C4C-6EC6-D360-9D98EF698105}.Debug|x64.Build.0 = Debug|x64
		{7B55D798-2C4C-6EC6-D360-9D98EF698105}.Debug|Win32.ActiveCfg = Debug|x64
		{7B55D798-2C4C-6EC6-D360-9D98EF698105}.Debug|Win32.Build.0 = Debug|x64
		{7B55D798-2C4C-6EC6-D360-9D98EF698105}.Release|x64.ActiveCfg = Release|x64
		{7B55D798-2C4C-6EC6-D360-9D98EF698105}.Release|x64.Build.0 = Release|x64
		{7B55D798-2C4C-6EC6-D360-9D98EF698105}.Release|Win32.ActiveCfg = Release|x64
		{7B55D798-2C4C-6EC6-D360-9D98EF698105}.Release|Win32.Build.0 = Release|x64
		{D03B9319-8138-11CC-D009-97B67E22A37F}.Debug|x64.ActiveCfg = Debug|x64
		{D03B9319-8138-11CC-D009-97B67E22A37F}.Debug|x64.Build.0 = Debug|x64
		{D03B9319-8138-11CC-D009-97B67E22A37F}.Debug|Win32.ActiveCfg = Debug|x64
		{D03B9319-8138-11CC-D009-97B67E22A37F}.Debug|Win32.Build.0 = Debug|x64
		{D03B9319-8138-11CC-D009-97B67E22A37F}.Release|x64.ActiveCfg = Release|x64
		{D03B9319-8138-11CC-D009-97B67E22A37F}.Release|x64.Build.0 = Release|x64
		{D03B9319-8138-11CC-D009-97B67E22A37F}.Release|Win32.ActiveCfg = Release|x64
		{D03B9319-8138-11CC-D009-97B67E22A37F}.Release|Win32.Build.0 = Release|x64
	EndGlobalSection
	GlobalSection(SolutionProperties) = preSolution
		HideSolutionNode = FALSE
	EndGlobalSection
	GlobalSection(NestedProjects) = preSolution
		{05CB3319-D775-C075-8BC2-543D6B985DAE} = {0DC980B2-7D6A-FBD2-7C83-D397BCEC17DB}
		{0DC980B2-7D6A-FBD2-7C83-D397BCEC17DB} = {752FC816-5E84-9C72-9960-62C2060D8CAA}
		{7A02D539-3207-7A0D-2FD5-EA77ECED751A} = {515B8747-A546-E172-765F-744B42E8D836}
		{D03B9319-8138-11CC-D009-97B67E22A37F} = {515B8747-A546-E172-765F-744B42E8D836}
		{2D1C640D-E260-68AA-D312-F815CB98F2AC} = {05CB3319-D775-C075-8BC2-543D6B985DAE}
		{7B55D798-2C4C-6EC6-D360-9D98EF698105} = {05CB3319-D775-C075-8BC2-543D6B985DAE}
	EndGlobalSection
EndGlobal
