Microsoft Visual Studio Solution File, Format Version 11.00
# Visual Studio 2010
Project("{2150E333-8FDC-42A3-9474-1A3956D46DE8}") = "(allocator)", "..\..\..\..\..\..\base\allocator", "{6478B9F3-4858-63F4-35F4-98A303E305F3}"
EndProject
Project("{2150E333-8FDC-42A3-9474-1A3956D46DE8}") = "(base)", "..\..\..\..\..\..\base", "{9785FB75-982A-5DE3-252D-3F288B9FEF5B}"
EndProject
Project("{2150E333-8FDC-42A3-9474-1A3956D46DE8}") = "(desc)", "..\..\..\..\..\..\native_client\src\trusted\desc", "{B89E694F-68CC-E29E-D6BC-37D5B4C2E130}"
EndProject
Project("{2150E333-8FDC-42A3-9474-1A3956D46DE8}") = "(gio)", "..\..\..\..\..\..\native_client\src\trusted\gio", "{7136DD3C-C946-2F81-3CF2-E5BC912864E2}"
EndProject
Project("{2150E333-8FDC-42A3-9474-1A3956D46DE8}") = "(media)", "..\..\..\..\..\..\media", "{019E1937-61F3-F9EC-47C4-8EB017B64518}"
EndProject
Project("{2150E333-8FDC-42A3-9474-1A3956D46DE8}") = "(native_client)", "..\..\..\..\..\..\ppapi\native_client", "{317EA82F-CC9F-D464-C736-28BFAA6BA013}"
EndProject
Project("{2150E333-8FDC-42A3-9474-1A3956D46DE8}") = "(native_client)", "..\..\..\..\..\..\native_client", "{829C43DA-1372-614D-F044-340432AECC41}"
EndProject
Project("{2150E333-8FDC-42A3-9474-1A3956D46DE8}") = "(nonnacl_util)", "..\..\..\..\..\..\native_client\src\trusted\nonnacl_util", "{69680A3F-0585-C97B-554E-354B85B9A59E}"
EndProject
Project("{2150E333-8FDC-42A3-9474-1A3956D46DE8}") = "(platform_qualify)", "..\..\..\..\..\..\native_client\src\trusted\platform_qualify", "{A542CB4F-7771-0A74-046A-3B08D4C73AA3}"
EndProject
Project("{2150E333-8FDC-42A3-9474-1A3956D46DE8}") = "(plugin)", "..\..\..\..\..\..\ppapi\native_client\src\trusted\plugin", "{78BBE86D-8B46-90E3-4AD0-00A352165147}"
EndProject
Project("{2150E333-8FDC-42A3-9474-1A3956D46DE8}") = "(ppapi)", "..\..\..\..\..\..\ppapi", "{5BA6C264-85BC-9866-43EA-BB93D171CD6E}"
EndProject
Project("{2150E333-8FDC-42A3-9474-1A3956D46DE8}") = "(service_runtime)", "..\..\..\..\..\..\native_client\src\trusted\service_runtime", "{C50F2C83-16E1-2829-AA6C-A968DCD9D8AC}"
EndProject
Project("{2150E333-8FDC-42A3-9474-1A3956D46DE8}") = "(shared)", "..\..\..\..\..\..\native_client\src\shared", "{AF54D844-B89C-091B-2908-8ED6A9B1816C}"
EndProject
Project("{2150E333-8FDC-42A3-9474-1A3956D46DE8}") = "(src)", "..\..\..\..\..\..\native_client\src", "{3D22B090-5929-53D0-A1D8-8987B59D8C2A}"
EndProject
Project("{2150E333-8FDC-42A3-9474-1A3956D46DE8}") = "(src)", "..\..\..\..\..\..\ppapi\native_client\src", "{FDAA3BBD-0477-42E2-0864-D8B3277B9A24}"
EndProject
Project("{2150E333-8FDC-42A3-9474-1A3956D46DE8}") = "(srpc)", "..\..\..\..\..\..\native_client\src\shared\srpc", "{7A4A1BB1-1CFA-38F1-1DF6-43EBD6A37EFC}"
EndProject
Project("{2150E333-8FDC-42A3-9474-1A3956D46DE8}") = "(testing)", "..\..\..\..\..\..\testing", "{EAC80D00-01D2-3F49-A377-20B7154947F3}"
EndProject
Project("{2150E333-8FDC-42A3-9474-1A3956D46DE8}") = "(third_party)", "..\..\..\..\..\..\base\third_party", "{3E7FA5AF-27B3-2DE0-883C-12F98E7F4E81}"
EndProject
Project("{2150E333-8FDC-42A3-9474-1A3956D46DE8}") = "(third_party)", "..\..\..\..\..\..\third_party", "{89C816A7-DD31-D54C-C69C-5A80E0C49B77}"
EndProject
Project("{2150E333-8FDC-42A3-9474-1A3956D46DE8}") = "(threading)", "..\..\..\..\..\..\native_client\src\trusted\threading", "{6353D71E-1FF6-3BF5-B7EA-CFE7E4FFB0DA}"
EndProject
Project("{2150E333-8FDC-42A3-9474-1A3956D46DE8}") = "(trusted)", "..\..\..\..\..\..\ppapi\native_client\src\trusted", "{4B71BB44-AE4F-B11B-5412-B5B7B900383D}"
EndProject
Project("{2150E333-8FDC-42A3-9474-1A3956D46DE8}") = "(trusted)", "..\..\..\..\..\..\native_client\src\trusted", "{F9DE3C07-A597-572D-925F-8421178817A2}"
EndProject
Project("{2150E333-8FDC-42A3-9474-1A3956D46DE8}") = "(validator)", "..\..\..\..\..\..\native_client\src\trusted\validator", "{073C2713-7C29-C054-F6BB-8847E1B18F1B}"
EndProject
Project("{8BC9CEB8-8B4A-11D0-8D11-00A0C91BC942}") = "allocator_extension_thunks", "..\..\..\..\..\base\allocator\allocator_extension_thunks.vcxproj", "{3B157F56-A058-48A3-E8E5-DA48C825B841}"
EndProject
Project("{8BC9CEB8-8B4A-11D0-8D11-00A0C91BC942}") = "base", "..\..\..\..\..\base\base.vcxproj", "{2E8A02CC-5E8E-1BCB-7C82-BCBE781F50B6}"
	ProjectSection(ProjectDependencies) = postProject
		{3640F086-6973-514D-BB5E-A2E250A058AD} = {3640F086-6973-514D-BB5E-A2E250A058AD}
		{3B157F56-A058-48A3-E8E5-DA48C825B841} = {3B157F56-A058-48A3-E8E5-DA48C825B841}
		{4399B57E-69BB-91FA-2739-42A1DD0384E9} = {4399B57E-69BB-91FA-2739-42A1DD0384E9}
		{081F25EE-7E15-6978-ED76-7ECD60DBFE47} = {081F25EE-7E15-6978-ED76-7ECD60DBFE47}
		{822A3F90-A21C-20A4-C3EE-8852E7F5E994} = {822A3F90-A21C-20A4-C3EE-8852E7F5E994}
	EndProjectSection
EndProject
Project("{8BC9CEB8-8B4A-11D0-8D11-00A0C91BC942}") = "base_static", "..\..\..\..\..\base\base_static.vcxproj", "{3640F086-6973-514D-BB5E-A2E250A058AD}"
EndProject
Project("{8BC9CEB8-8B4A-11D0-8D11-00A0C91BC942}") = "cpu_features", "..\..\..\..\..\native_client\src\trusted\cpu_features\cpu_features.vcxproj", "{BCA164C1-C8EE-D70B-024F-1B0442BC4EF6}"
EndProject
Project("{8BC9CEB8-8B4A-11D0-8D11-00A0C91BC942}") = "desc_wrapper", "..\..\..\..\..\native_client\src\trusted\desc\desc_wrapper.vcxproj", "{908E2CFE-A2FB-C2F0-1356-F4B7CF09CA70}"
EndProject
Project("{8BC9CEB8-8B4A-11D0-8D11-00A0C91BC942}") = "dynamic_annotations", "..\..\..\..\..\base\third_party\dynamic_annotations\dynamic_annotations.vcxproj", "{822A3F90-A21C-20A4-C3EE-8852E7F5E994}"
EndProject
Project("{8BC9CEB8-8B4A-11D0-8D11-00A0C91BC942}") = "env_cleanser", "..\..\..\..\..\native_client\src\trusted\service_runtime\env_cleanser.vcxproj", "{12B195CA-CDB4-910B-659C-8AD3F98D386B}"
EndProject
Project("{8BC9CEB8-8B4A-11D0-8D11-00A0C91BC942}") = "gio", "..\..\..\..\..\native_client\src\shared\gio\gio.vcxproj", "{A49A8CC3-A363-A031-FCFE-6AEBBC89FD78}"
EndProject
Project("{8BC9CEB8-8B4A-11D0-8D11-00A0C91BC942}") = "gio_wrapped_desc", "..\..\..\..\..\native_client\src\trusted\gio\gio_wrapped_desc.vcxproj", "{9694C7CE-279A-8368-E18B-97B50FBE1280}"
EndProject
Project("{8BC9CEB8-8B4A-11D0-8D11-00A0C91BC942}") = "gtest_prod", "..\..\..\..\..\testing\gtest_prod.vcxproj", "{4399B57E-69BB-91FA-2739-42A1DD0384E9}"
EndProject
Project("{8BC9CEB8-8B4A-11D0-8D11-00A0C91BC942}") = "imc", "..\..\..\..\..\native_client\src\shared\imc\imc.vcxproj", "{562C9D71-FE14-C579-1596-E8A1B5423701}"
EndProject
Project("{8BC9CEB8-8B4A-11D0-8D11-00A0C91BC942}") = "jsoncpp", "..\..\..\..\..\third_party\jsoncpp\jsoncpp.vcxproj", "{A7A9BDCA-ECB0-27AC-F615-E358842F8AF4}"
EndProject
Project("{8BC9CEB8-8B4A-11D0-8D11-00A0C91BC942}") = "modp_b64", "..\..\..\..\..\third_party\modp_b64\modp_b64.vcxproj", "{081F25EE-7E15-6978-ED76-7ECD60DBFE47}"
EndProject
Project("{8BC9CEB8-8B4A-11D0-8D11-00A0C91BC942}") = "nacl_base", "..\..\..\..\..\native_client\src\trusted\nacl_base\nacl_base.vcxproj", "{7511F7AA-BE37-9736-CB65-C3D3A166F893}"
EndProject
Project("{8BC9CEB8-8B4A-11D0-8D11-00A0C91BC942}") = "nacl_error_code", "..\..\..\..\..\native_client\src\trusted\service_runtime\nacl_error_code.vcxproj", "{600BC7F4-2195-2B98-C4F8-B58BDF248653}"
EndProject
Project("{8BC9CEB8-8B4A-11D0-8D11-00A0C91BC942}") = "nonnacl_srpc", "..\..\..\..\..\native_client\src\shared\srpc\nonnacl_srpc.vcxproj", "{8141FC4C-7469-F1FD-4540-2267361C48FE}"
EndProject
Project("{8BC9CEB8-8B4A-11D0-8D11-00A0C91BC942}") = "nonnacl_util", "..\..\..\..\..\native_client\src\trusted\nonnacl_util\nonnacl_util.vcxproj", "{E97FC6BB-5293-4C0E-4692-821AB4BE91DA}"
EndProject
Project("{8BC9CEB8-8B4A-11D0-8D11-00A0C91BC942}") = "nrd_xfer", "..\..\..\..\..\native_client\src\trusted\desc\nrd_xfer.vcxproj", "{2C415E02-D82A-5954-D8BE-F26EB4D78A7C}"
EndProject
Project("{8BC9CEB8-8B4A-11D0-8D11-00A0C91BC942}") = "platform", "..\..\..\..\..\native_client\src\shared\platform\platform.vcxproj", "{69A4542C-6149-DEFB-B19D-40CAF4E2E6D0}"
EndProject
Project("{8BC9CEB8-8B4A-11D0-8D11-00A0C91BC942}") = "platform_qual_lib", "..\..\..\..\..\native_client\src\trusted\platform_qualify\platform_qual_lib.vcxproj", "{48DACCA9-D851-1C4E-4F77-BF6D77BB1BBD}"
	ProjectSection(ProjectDependencies) = postProject
		{BCA164C1-C8EE-D70B-024F-1B0442BC4EF6} = {BCA164C1-C8EE-D70B-024F-1B0442BC4EF6}
	EndProjectSection
EndProject
Project("{8BC9CEB8-8B4A-11D0-8D11-00A0C91BC942}") = "ppGoogleNaClPluginChrome", "ppGoogleNaClPluginChrome.vcxproj", "{C1199AAA-B0C5-87F0-E9D3-25246F938F07}"
	ProjectSection(ProjectDependencies) = postProject
		{B6C4320D-AACA-C7AA-99DA-BB79D6B63E30} = {B6C4320D-AACA-C7AA-99DA-BB79D6B63E30}
		{A49A8CC3-A363-A031-FCFE-6AEBBC89FD78} = {A49A8CC3-A363-A031-FCFE-6AEBBC89FD78}
		{562C9D71-FE14-C579-1596-E8A1B5423701} = {562C9D71-FE14-C579-1596-E8A1B5423701}
		{69A4542C-6149-DEFB-B19D-40CAF4E2E6D0} = {69A4542C-6149-DEFB-B19D-40CAF4E2E6D0}
		{8141FC4C-7469-F1FD-4540-2267361C48FE} = {8141FC4C-7469-F1FD-4540-2267361C48FE}
		{2C415E02-D82A-5954-D8BE-F26EB4D78A7C} = {2C415E02-D82A-5954-D8BE-F26EB4D78A7C}
		{E97FC6BB-5293-4C0E-4692-821AB4BE91DA} = {E97FC6BB-5293-4C0E-4692-821AB4BE91DA}
		{48DACCA9-D851-1C4E-4F77-BF6D77BB1BBD} = {48DACCA9-D851-1C4E-4F77-BF6D77BB1BBD}
		{9694C7CE-279A-8368-E18B-97B50FBE1280} = {9694C7CE-279A-8368-E18B-97B50FBE1280}
		{D3D5D0D8-3994-519F-E563-B9DEF34A38F7} = {D3D5D0D8-3994-519F-E563-B9DEF34A38F7}
		{F81BE623-BAC8-C3F6-58D0-A6511B2FEC98} = {F81BE623-BAC8-C3F6-58D0-A6511B2FEC98}
		{4712A716-5EFC-3ACD-009A-0875233386D0} = {4712A716-5EFC-3ACD-009A-0875233386D0}
		{64C2860A-0138-B944-0DB4-6751B0753661} = {64C2860A-0138-B944-0DB4-6751B0753661}
		{A7A9BDCA-ECB0-27AC-F615-E358842F8AF4} = {A7A9BDCA-ECB0-27AC-F615-E358842F8AF4}
		{908E2CFE-A2FB-C2F0-1356-F4B7CF09CA70} = {908E2CFE-A2FB-C2F0-1356-F4B7CF09CA70}
		{7511F7AA-BE37-9736-CB65-C3D3A166F893} = {7511F7AA-BE37-9736-CB65-C3D3A166F893}
		{E5EED8EF-6F57-2B6E-749B-9E56E647C070} = {E5EED8EF-6F57-2B6E-749B-9E56E647C070}
		{07651C95-D824-1ED7-00BF-0FFD64422872} = {07651C95-D824-1ED7-00BF-0FFD64422872}
		{12B195CA-CDB4-910B-659C-8AD3F98D386B} = {12B195CA-CDB4-910B-659C-8AD3F98D386B}
		{600BC7F4-2195-2B98-C4F8-B58BDF248653} = {600BC7F4-2195-2B98-C4F8-B58BDF248653}
		{BCA164C1-C8EE-D70B-024F-1B0442BC4EF6} = {BCA164C1-C8EE-D70B-024F-1B0442BC4EF6}
		{DB1F94DC-214A-A4DD-3444-C1FBF1FBDD9F} = {DB1F94DC-214A-A4DD-3444-C1FBF1FBDD9F}
		{326457A1-DF4E-2547-5C81-519E8A7F1026} = {326457A1-DF4E-2547-5C81-519E8A7F1026}
		{00CBE8C7-A451-909B-B348-1CE9F2BD0CD0} = {00CBE8C7-A451-909B-B348-1CE9F2BD0CD0}
		{9ABC8722-5D3D-81E2-D346-0DFFA8B83535} = {9ABC8722-5D3D-81E2-D346-0DFFA8B83535}
	EndProjectSection
EndProject
Project("{8BC9CEB8-8B4A-11D0-8D11-00A0C91BC942}") = "ppapi_c", "..\..\..\..\ppapi_c.vcxproj", "{00CBE8C7-A451-909B-B348-1CE9F2BD0CD0}"
EndProject
Project("{8BC9CEB8-8B4A-11D0-8D11-00A0C91BC942}") = "ppapi_cpp", "..\..\..\..\ppapi_cpp.vcxproj", "{64C2860A-0138-B944-0DB4-6751B0753661}"
	ProjectSection(ProjectDependencies) = postProject
		{00CBE8C7-A451-909B-B348-1CE9F2BD0CD0} = {00CBE8C7-A451-909B-B348-1CE9F2BD0CD0}
	EndProjectSection
EndProject
Project("{8BC9CEB8-8B4A-11D0-8D11-00A0C91BC942}") = "ppapi_cpp_objects", "..\..\..\..\ppapi_cpp_objects.vcxproj", "{9ABC8722-5D3D-81E2-D346-0DFFA8B83535}"
	ProjectSection(ProjectDependencies) = postProject
		{00CBE8C7-A451-909B-B348-1CE9F2BD0CD0} = {00CBE8C7-A451-909B-B348-1CE9F2BD0CD0}
	EndProjectSection
EndProject
Project("{8BC9CEB8-8B4A-11D0-8D11-00A0C91BC942}") = "reverse_service", "..\..\..\..\..\native_client\src\trusted\reverse_service\reverse_service.vcxproj", "{F81BE623-BAC8-C3F6-58D0-A6511B2FEC98}"
EndProject
Project("{8BC9CEB8-8B4A-11D0-8D11-00A0C91BC942}") = "sel_ldr_launcher", "..\..\..\..\..\native_client\src\trusted\nonnacl_util\sel_ldr_launcher.vcxproj", "{E5EED8EF-6F57-2B6E-749B-9E56E647C070}"
EndProject
Project("{8BC9CEB8-8B4A-11D0-8D11-00A0C91BC942}") = "serialization", "..\..\..\..\..\native_client\src\shared\serialization\serialization.vcxproj", "{07651C95-D824-1ED7-00BF-0FFD64422872}"
EndProject
Project("{8BC9CEB8-8B4A-11D0-8D11-00A0C91BC942}") = "shared_memory_support", "..\..\..\..\..\media\shared_memory_support.vcxproj", "{B6C4320D-AACA-C7AA-99DA-BB79D6B63E30}"
	ProjectSection(ProjectDependencies) = postProject
		{2E8A02CC-5E8E-1BCB-7C82-BCBE781F50B6} = {2E8A02CC-5E8E-1BCB-7C82-BCBE781F50B6}
		{5CB1052F-F154-B281-4467-324136D2B674} = {5CB1052F-F154-B281-4467-324136D2B674}
	EndProjectSection
EndProject
Project("{8BC9CEB8-8B4A-11D0-8D11-00A0C91BC942}") = "shared_memory_support_sse", "..\..\..\..\..\media\shared_memory_support_sse.vcxproj", "{5CB1052F-F154-B281-4467-324136D2B674}"
EndProject
Project("{8BC9CEB8-8B4A-11D0-8D11-00A0C91BC942}") = "simple_service", "..\..\..\..\..\native_client\src\trusted\simple_service\simple_service.vcxproj", "{D3D5D0D8-3994-519F-E563-B9DEF34A38F7}"
EndProject
Project("{8BC9CEB8-8B4A-11D0-8D11-00A0C91BC942}") = "thread_interface", "..\..\..\..\..\native_client\src\trusted\threading\thread_interface.vcxproj", "{DB1F94DC-214A-A4DD-3444-C1FBF1FBDD9F}"
EndProject
Project("{8BC9CEB8-8B4A-11D0-8D11-00A0C91BC942}") = "validation_cache", "..\..\..\..\..\native_client\src\trusted\validator\validation_cache.vcxproj", "{326457A1-DF4E-2547-5C81-519E8A7F1026}"
EndProject
Project("{8BC9CEB8-8B4A-11D0-8D11-00A0C91BC942}") = "weak_ref", "..\..\..\..\..\native_client\src\trusted\weak_ref\weak_ref.vcxproj", "{4712A716-5EFC-3ACD-009A-0875233386D0}"
EndProject
Global
	GlobalSection(SolutionConfigurationPlatforms) = preSolution
		Debug|x64 = Debug|x64
		Debug|Win32 = Debug|Win32
		Release|x64 = Release|x64
		Release|Win32 = Release|Win32
	EndGlobalSection
	GlobalSection(ProjectConfigurationPlatforms) = postSolution
		{00CBE8C7-A451-909B-B348-1CE9F2BD0CD0}.Debug|x64.ActiveCfg = Debug|x64
		{00CBE8C7-A451-909B-B348-1CE9F2BD0CD0}.Debug|x64.Build.0 = Debug|x64
		{00CBE8C7-A451-909B-B348-1CE9F2BD0CD0}.Debug|Win32.ActiveCfg = Debug|Win32
		{00CBE8C7-A451-909B-B348-1CE9F2BD0CD0}.Debug|Win32.Build.0 = Debug|Win32
		{00CBE8C7-A451-909B-B348-1CE9F2BD0CD0}.Release|x64.ActiveCfg = Release|x64
		{00CBE8C7-A451-909B-B348-1CE9F2BD0CD0}.Release|x64.Build.0 = Release|x64
		{00CBE8C7-A451-909B-B348-1CE9F2BD0CD0}.Release|Win32.ActiveCfg = Release|Win32
		{00CBE8C7-A451-909B-B348-1CE9F2BD0CD0}.Release|Win32.Build.0 = Release|Win32
		{07651C95-D824-1ED7-00BF-0FFD64422872}.Debug|x64.ActiveCfg = Debug|x64
		{07651C95-D824-1ED7-00BF-0FFD64422872}.Debug|x64.Build.0 = Debug|x64
		{07651C95-D824-1ED7-00BF-0FFD64422872}.Debug|Win32.ActiveCfg = Debug|Win32
		{07651C95-D824-1ED7-00BF-0FFD64422872}.Debug|Win32.Build.0 = Debug|Win32
		{07651C95-D824-1ED7-00BF-0FFD64422872}.Release|x64.ActiveCfg = Release|x64
		{07651C95-D824-1ED7-00BF-0FFD64422872}.Release|x64.Build.0 = Release|x64
		{07651C95-D824-1ED7-00BF-0FFD64422872}.Release|Win32.ActiveCfg = Release|Win32
		{07651C95-D824-1ED7-00BF-0FFD64422872}.Release|Win32.Build.0 = Release|Win32
		{081F25EE-7E15-6978-ED76-7ECD60DBFE47}.Debug|x64.ActiveCfg = Debug|x64
		{081F25EE-7E15-6978-ED76-7ECD60DBFE47}.Debug|x64.Build.0 = Debug|x64
		{081F25EE-7E15-6978-ED76-7ECD60DBFE47}.Debug|Win32.ActiveCfg = Debug|Win32
		{081F25EE-7E15-6978-ED76-7ECD60DBFE47}.Debug|Win32.Build.0 = Debug|Win32
		{081F25EE-7E15-6978-ED76-7ECD60DBFE47}.Release|x64.ActiveCfg = Release|x64
		{081F25EE-7E15-6978-ED76-7ECD60DBFE47}.Release|x64.Build.0 = Release|x64
		{081F25EE-7E15-6978-ED76-7ECD60DBFE47}.Release|Win32.ActiveCfg = Release|Win32
		{081F25EE-7E15-6978-ED76-7ECD60DBFE47}.Release|Win32.Build.0 = Release|Win32
		{12B195CA-CDB4-910B-659C-8AD3F98D386B}.Debug|x64.ActiveCfg = Debug|x64
		{12B195CA-CDB4-910B-659C-8AD3F98D386B}.Debug|x64.Build.0 = Debug|x64
		{12B195CA-CDB4-910B-659C-8AD3F98D386B}.Debug|Win32.ActiveCfg = Debug|Win32
		{12B195CA-CDB4-910B-659C-8AD3F98D386B}.Debug|Win32.Build.0 = Debug|Win32
		{12B195CA-CDB4-910B-659C-8AD3F98D386B}.Release|x64.ActiveCfg = Release|x64
		{12B195CA-CDB4-910B-659C-8AD3F98D386B}.Release|x64.Build.0 = Release|x64
		{12B195CA-CDB4-910B-659C-8AD3F98D386B}.Release|Win32.ActiveCfg = Release|Win32
		{12B195CA-CDB4-910B-659C-8AD3F98D386B}.Release|Win32.Build.0 = Release|Win32
		{2C415E02-D82A-5954-D8BE-F26EB4D78A7C}.Debug|x64.ActiveCfg = Debug|x64
		{2C415E02-D82A-5954-D8BE-F26EB4D78A7C}.Debug|x64.Build.0 = Debug|x64
		{2C415E02-D82A-5954-D8BE-F26EB4D78A7C}.Debug|Win32.ActiveCfg = Debug|Win32
		{2C415E02-D82A-5954-D8BE-F26EB4D78A7C}.Debug|Win32.Build.0 = Debug|Win32
		{2C415E02-D82A-5954-D8BE-F26EB4D78A7C}.Release|x64.ActiveCfg = Release|x64
		{2C415E02-D82A-5954-D8BE-F26EB4D78A7C}.Release|x64.Build.0 = Release|x64
		{2C415E02-D82A-5954-D8BE-F26EB4D78A7C}.Release|Win32.ActiveCfg = Release|Win32
		{2C415E02-D82A-5954-D8BE-F26EB4D78A7C}.Release|Win32.Build.0 = Release|Win32
		{2E8A02CC-5E8E-1BCB-7C82-BCBE781F50B6}.Debug|x64.ActiveCfg = Debug|x64
		{2E8A02CC-5E8E-1BCB-7C82-BCBE781F50B6}.Debug|x64.Build.0 = Debug|x64
		{2E8A02CC-5E8E-1BCB-7C82-BCBE781F50B6}.Debug|Win32.ActiveCfg = Debug|Win32
		{2E8A02CC-5E8E-1BCB-7C82-BCBE781F50B6}.Debug|Win32.Build.0 = Debug|Win32
		{2E8A02CC-5E8E-1BCB-7C82-BCBE781F50B6}.Release|x64.ActiveCfg = Release|x64
		{2E8A02CC-5E8E-1BCB-7C82-BCBE781F50B6}.Release|x64.Build.0 = Release|x64
		{2E8A02CC-5E8E-1BCB-7C82-BCBE781F50B6}.Release|Win32.ActiveCfg = Release|Win32
		{2E8A02CC-5E8E-1BCB-7C82-BCBE781F50B6}.Release|Win32.Build.0 = Release|Win32
		{326457A1-DF4E-2547-5C81-519E8A7F1026}.Debug|x64.ActiveCfg = Debug|x64
		{326457A1-DF4E-2547-5C81-519E8A7F1026}.Debug|x64.Build.0 = Debug|x64
		{326457A1-DF4E-2547-5C81-519E8A7F1026}.Debug|Win32.ActiveCfg = Debug|Win32
		{326457A1-DF4E-2547-5C81-519E8A7F1026}.Debug|Win32.Build.0 = Debug|Win32
		{326457A1-DF4E-2547-5C81-519E8A7F1026}.Release|x64.ActiveCfg = Release|x64
		{326457A1-DF4E-2547-5C81-519E8A7F1026}.Release|x64.Build.0 = Release|x64
		{326457A1-DF4E-2547-5C81-519E8A7F1026}.Release|Win32.ActiveCfg = Release|Win32
		{326457A1-DF4E-2547-5C81-519E8A7F1026}.Release|Win32.Build.0 = Release|Win32
		{3640F086-6973-514D-BB5E-A2E250A058AD}.Debug|x64.ActiveCfg = Debug|x64
		{3640F086-6973-514D-BB5E-A2E250A058AD}.Debug|x64.Build.0 = Debug|x64
		{3640F086-6973-514D-BB5E-A2E250A058AD}.Debug|Win32.ActiveCfg = Debug|Win32
		{3640F086-6973-514D-BB5E-A2E250A058AD}.Debug|Win32.Build.0 = Debug|Win32
		{3640F086-6973-514D-BB5E-A2E250A058AD}.Release|x64.ActiveCfg = Release|x64
		{3640F086-6973-514D-BB5E-A2E250A058AD}.Release|x64.Build.0 = Release|x64
		{3640F086-6973-514D-BB5E-A2E250A058AD}.Release|Win32.ActiveCfg = Release|Win32
		{3640F086-6973-514D-BB5E-A2E250A058AD}.Release|Win32.Build.0 = Release|Win32
		{3B157F56-A058-48A3-E8E5-DA48C825B841}.Debug|x64.ActiveCfg = Debug|x64
		{3B157F56-A058-48A3-E8E5-DA48C825B841}.Debug|x64.Build.0 = Debug|x64
		{3B157F56-A058-48A3-E8E5-DA48C825B841}.Debug|Win32.ActiveCfg = Debug|Win32
		{3B157F56-A058-48A3-E8E5-DA48C825B841}.Debug|Win32.Build.0 = Debug|Win32
		{3B157F56-A058-48A3-E8E5-DA48C825B841}.Release|x64.ActiveCfg = Release|x64
		{3B157F56-A058-48A3-E8E5-DA48C825B841}.Release|x64.Build.0 = Release|x64
		{3B157F56-A058-48A3-E8E5-DA48C825B841}.Release|Win32.ActiveCfg = Release|Win32
		{3B157F56-A058-48A3-E8E5-DA48C825B841}.Release|Win32.Build.0 = Release|Win32
		{4399B57E-69BB-91FA-2739-42A1DD0384E9}.Debug|x64.ActiveCfg = Debug|x64
		{4399B57E-69BB-91FA-2739-42A1DD0384E9}.Debug|x64.Build.0 = Debug|x64
		{4399B57E-69BB-91FA-2739-42A1DD0384E9}.Debug|Win32.ActiveCfg = Debug|Win32
		{4399B57E-69BB-91FA-2739-42A1DD0384E9}.Debug|Win32.Build.0 = Debug|Win32
		{4399B57E-69BB-91FA-2739-42A1DD0384E9}.Release|x64.ActiveCfg = Release|x64
		{4399B57E-69BB-91FA-2739-42A1DD0384E9}.Release|x64.Build.0 = Release|x64
		{4399B57E-69BB-91FA-2739-42A1DD0384E9}.Release|Win32.ActiveCfg = Release|Win32
		{4399B57E-69BB-91FA-2739-42A1DD0384E9}.Release|Win32.Build.0 = Release|Win32
		{4712A716-5EFC-3ACD-009A-0875233386D0}.Debug|x64.ActiveCfg = Debug|x64
		{4712A716-5EFC-3ACD-009A-0875233386D0}.Debug|x64.Build.0 = Debug|x64
		{4712A716-5EFC-3ACD-009A-0875233386D0}.Debug|Win32.ActiveCfg = Debug|Win32
		{4712A716-5EFC-3ACD-009A-0875233386D0}.Debug|Win32.Build.0 = Debug|Win32
		{4712A716-5EFC-3ACD-009A-0875233386D0}.Release|x64.ActiveCfg = Release|x64
		{4712A716-5EFC-3ACD-009A-0875233386D0}.Release|x64.Build.0 = Release|x64
		{4712A716-5EFC-3ACD-009A-0875233386D0}.Release|Win32.ActiveCfg = Release|Win32
		{4712A716-5EFC-3ACD-009A-0875233386D0}.Release|Win32.Build.0 = Release|Win32
		{48DACCA9-D851-1C4E-4F77-BF6D77BB1BBD}.Debug|x64.ActiveCfg = Debug|x64
		{48DACCA9-D851-1C4E-4F77-BF6D77BB1BBD}.Debug|x64.Build.0 = Debug|x64
		{48DACCA9-D851-1C4E-4F77-BF6D77BB1BBD}.Debug|Win32.ActiveCfg = Debug|Win32
		{48DACCA9-D851-1C4E-4F77-BF6D77BB1BBD}.Debug|Win32.Build.0 = Debug|Win32
		{48DACCA9-D851-1C4E-4F77-BF6D77BB1BBD}.Release|x64.ActiveCfg = Release|x64
		{48DACCA9-D851-1C4E-4F77-BF6D77BB1BBD}.Release|x64.Build.0 = Release|x64
		{48DACCA9-D851-1C4E-4F77-BF6D77BB1BBD}.Release|Win32.ActiveCfg = Release|Win32
		{48DACCA9-D851-1C4E-4F77-BF6D77BB1BBD}.Release|Win32.Build.0 = Release|Win32
		{562C9D71-FE14-C579-1596-E8A1B5423701}.Debug|x64.ActiveCfg = Debug|x64
		{562C9D71-FE14-C579-1596-E8A1B5423701}.Debug|x64.Build.0 = Debug|x64
		{562C9D71-FE14-C579-1596-E8A1B5423701}.Debug|Win32.ActiveCfg = Debug|Win32
		{562C9D71-FE14-C579-1596-E8A1B5423701}.Debug|Win32.Build.0 = Debug|Win32
		{562C9D71-FE14-C579-1596-E8A1B5423701}.Release|x64.ActiveCfg = Release|x64
		{562C9D71-FE14-C579-1596-E8A1B5423701}.Release|x64.Build.0 = Release|x64
		{562C9D71-FE14-C579-1596-E8A1B5423701}.Release|Win32.ActiveCfg = Release|Win32
		{562C9D71-FE14-C579-1596-E8A1B5423701}.Release|Win32.Build.0 = Release|Win32
		{5CB1052F-F154-B281-4467-324136D2B674}.Debug|x64.ActiveCfg = Debug|x64
		{5CB1052F-F154-B281-4467-324136D2B674}.Debug|x64.Build.0 = Debug|x64
		{5CB1052F-F154-B281-4467-324136D2B674}.Debug|Win32.ActiveCfg = Debug|Win32
		{5CB1052F-F154-B281-4467-324136D2B674}.Debug|Win32.Build.0 = Debug|Win32
		{5CB1052F-F154-B281-4467-324136D2B674}.Release|x64.ActiveCfg = Release|x64
		{5CB1052F-F154-B281-4467-324136D2B674}.Release|x64.Build.0 = Release|x64
		{5CB1052F-F154-B281-4467-324136D2B674}.Release|Win32.ActiveCfg = Release|Win32
		{5CB1052F-F154-B281-4467-324136D2B674}.Release|Win32.Build.0 = Release|Win32
		{600BC7F4-2195-2B98-C4F8-B58BDF248653}.Debug|x64.ActiveCfg = Debug|x64
		{600BC7F4-2195-2B98-C4F8-B58BDF248653}.Debug|x64.Build.0 = Debug|x64
		{600BC7F4-2195-2B98-C4F8-B58BDF248653}.Debug|Win32.ActiveCfg = Debug|Win32
		{600BC7F4-2195-2B98-C4F8-B58BDF248653}.Debug|Win32.Build.0 = Debug|Win32
		{600BC7F4-2195-2B98-C4F8-B58BDF248653}.Release|x64.ActiveCfg = Release|x64
		{600BC7F4-2195-2B98-C4F8-B58BDF248653}.Release|x64.Build.0 = Release|x64
		{600BC7F4-2195-2B98-C4F8-B58BDF248653}.Release|Win32.ActiveCfg = Release|Win32
		{600BC7F4-2195-2B98-C4F8-B58BDF248653}.Release|Win32.Build.0 = Release|Win32
		{64C2860A-0138-B944-0DB4-6751B0753661}.Debug|x64.ActiveCfg = Debug|x64
		{64C2860A-0138-B944-0DB4-6751B0753661}.Debug|x64.Build.0 = Debug|x64
		{64C2860A-0138-B944-0DB4-6751B0753661}.Debug|Win32.ActiveCfg = Debug|Win32
		{64C2860A-0138-B944-0DB4-6751B0753661}.Debug|Win32.Build.0 = Debug|Win32
		{64C2860A-0138-B944-0DB4-6751B0753661}.Release|x64.ActiveCfg = Release|x64
		{64C2860A-0138-B944-0DB4-6751B0753661}.Release|x64.Build.0 = Release|x64
		{64C2860A-0138-B944-0DB4-6751B0753661}.Release|Win32.ActiveCfg = Release|Win32
		{64C2860A-0138-B944-0DB4-6751B0753661}.Release|Win32.Build.0 = Release|Win32
		{69A4542C-6149-DEFB-B19D-40CAF4E2E6D0}.Debug|x64.ActiveCfg = Debug|x64
		{69A4542C-6149-DEFB-B19D-40CAF4E2E6D0}.Debug|x64.Build.0 = Debug|x64
		{69A4542C-6149-DEFB-B19D-40CAF4E2E6D0}.Debug|Win32.ActiveCfg = Debug|Win32
		{69A4542C-6149-DEFB-B19D-40CAF4E2E6D0}.Debug|Win32.Build.0 = Debug|Win32
		{69A4542C-6149-DEFB-B19D-40CAF4E2E6D0}.Release|x64.ActiveCfg = Release|x64
		{69A4542C-6149-DEFB-B19D-40CAF4E2E6D0}.Release|x64.Build.0 = Release|x64
		{69A4542C-6149-DEFB-B19D-40CAF4E2E6D0}.Release|Win32.ActiveCfg = Release|Win32
		{69A4542C-6149-DEFB-B19D-40CAF4E2E6D0}.Release|Win32.Build.0 = Release|Win32
		{7511F7AA-BE37-9736-CB65-C3D3A166F893}.Debug|x64.ActiveCfg = Debug|x64
		{7511F7AA-BE37-9736-CB65-C3D3A166F893}.Debug|x64.Build.0 = Debug|x64
		{7511F7AA-BE37-9736-CB65-C3D3A166F893}.Debug|Win32.ActiveCfg = Debug|Win32
		{7511F7AA-BE37-9736-CB65-C3D3A166F893}.Debug|Win32.Build.0 = Debug|Win32
		{7511F7AA-BE37-9736-CB65-C3D3A166F893}.Release|x64.ActiveCfg = Release|x64
		{7511F7AA-BE37-9736-CB65-C3D3A166F893}.Release|x64.Build.0 = Release|x64
		{7511F7AA-BE37-9736-CB65-C3D3A166F893}.Release|Win32.ActiveCfg = Release|Win32
		{7511F7AA-BE37-9736-CB65-C3D3A166F893}.Release|Win32.Build.0 = Release|Win32
		{8141FC4C-7469-F1FD-4540-2267361C48FE}.Debug|x64.ActiveCfg = Debug|x64
		{8141FC4C-7469-F1FD-4540-2267361C48FE}.Debug|x64.Build.0 = Debug|x64
		{8141FC4C-7469-F1FD-4540-2267361C48FE}.Debug|Win32.ActiveCfg = Debug|Win32
		{8141FC4C-7469-F1FD-4540-2267361C48FE}.Debug|Win32.Build.0 = Debug|Win32
		{8141FC4C-7469-F1FD-4540-2267361C48FE}.Release|x64.ActiveCfg = Release|x64
		{8141FC4C-7469-F1FD-4540-2267361C48FE}.Release|x64.Build.0 = Release|x64
		{8141FC4C-7469-F1FD-4540-2267361C48FE}.Release|Win32.ActiveCfg = Release|Win32
		{8141FC4C-7469-F1FD-4540-2267361C48FE}.Release|Win32.Build.0 = Release|Win32
		{822A3F90-A21C-20A4-C3EE-8852E7F5E994}.Debug|x64.ActiveCfg = Debug|x64
		{822A3F90-A21C-20A4-C3EE-8852E7F5E994}.Debug|x64.Build.0 = Debug|x64
		{822A3F90-A21C-20A4-C3EE-8852E7F5E994}.Debug|Win32.ActiveCfg = Debug|Win32
		{822A3F90-A21C-20A4-C3EE-8852E7F5E994}.Debug|Win32.Build.0 = Debug|Win32
		{822A3F90-A21C-20A4-C3EE-8852E7F5E994}.Release|x64.ActiveCfg = Release|x64
		{822A3F90-A21C-20A4-C3EE-8852E7F5E994}.Release|x64.Build.0 = Release|x64
		{822A3F90-A21C-20A4-C3EE-8852E7F5E994}.Release|Win32.ActiveCfg = Release|Win32
		{822A3F90-A21C-20A4-C3EE-8852E7F5E994}.Release|Win32.Build.0 = Release|Win32
		{908E2CFE-A2FB-C2F0-1356-F4B7CF09CA70}.Debug|x64.ActiveCfg = Debug|x64
		{908E2CFE-A2FB-C2F0-1356-F4B7CF09CA70}.Debug|x64.Build.0 = Debug|x64
		{908E2CFE-A2FB-C2F0-1356-F4B7CF09CA70}.Debug|Win32.ActiveCfg = Debug|Win32
		{908E2CFE-A2FB-C2F0-1356-F4B7CF09CA70}.Debug|Win32.Build.0 = Debug|Win32
		{908E2CFE-A2FB-C2F0-1356-F4B7CF09CA70}.Release|x64.ActiveCfg = Release|x64
		{908E2CFE-A2FB-C2F0-1356-F4B7CF09CA70}.Release|x64.Build.0 = Release|x64
		{908E2CFE-A2FB-C2F0-1356-F4B7CF09CA70}.Release|Win32.ActiveCfg = Release|Win32
		{908E2CFE-A2FB-C2F0-1356-F4B7CF09CA70}.Release|Win32.Build.0 = Release|Win32
		{9694C7CE-279A-8368-E18B-97B50FBE1280}.Debug|x64.ActiveCfg = Debug|x64
		{9694C7CE-279A-8368-E18B-97B50FBE1280}.Debug|x64.Build.0 = Debug|x64
		{9694C7CE-279A-8368-E18B-97B50FBE1280}.Debug|Win32.ActiveCfg = Debug|Win32
		{9694C7CE-279A-8368-E18B-97B50FBE1280}.Debug|Win32.Build.0 = Debug|Win32
		{9694C7CE-279A-8368-E18B-97B50FBE1280}.Release|x64.ActiveCfg = Release|x64
		{9694C7CE-279A-8368-E18B-97B50FBE1280}.Release|x64.Build.0 = Release|x64
		{9694C7CE-279A-8368-E18B-97B50FBE1280}.Release|Win32.ActiveCfg = Release|Win32
		{9694C7CE-279A-8368-E18B-97B50FBE1280}.Release|Win32.Build.0 = Release|Win32
		{9ABC8722-5D3D-81E2-D346-0DFFA8B83535}.Debug|x64.ActiveCfg = Debug|x64
		{9ABC8722-5D3D-81E2-D346-0DFFA8B83535}.Debug|x64.Build.0 = Debug|x64
		{9ABC8722-5D3D-81E2-D346-0DFFA8B83535}.Debug|Win32.ActiveCfg = Debug|Win32
		{9ABC8722-5D3D-81E2-D346-0DFFA8B83535}.Debug|Win32.Build.0 = Debug|Win32
		{9ABC8722-5D3D-81E2-D346-0DFFA8B83535}.Release|x64.ActiveCfg = Release|x64
		{9ABC8722-5D3D-81E2-D346-0DFFA8B83535}.Release|x64.Build.0 = Release|x64
		{9ABC8722-5D3D-81E2-D346-0DFFA8B83535}.Release|Win32.ActiveCfg = Release|Win32
		{9ABC8722-5D3D-81E2-D346-0DFFA8B83535}.Release|Win32.Build.0 = Release|Win32
		{A49A8CC3-A363-A031-FCFE-6AEBBC89FD78}.Debug|x64.ActiveCfg = Debug|x64
		{A49A8CC3-A363-A031-FCFE-6AEBBC89FD78}.Debug|x64.Build.0 = Debug|x64
		{A49A8CC3-A363-A031-FCFE-6AEBBC89FD78}.Debug|Win32.ActiveCfg = Debug|Win32
		{A49A8CC3-A363-A031-FCFE-6AEBBC89FD78}.Debug|Win32.Build.0 = Debug|Win32
		{A49A8CC3-A363-A031-FCFE-6AEBBC89FD78}.Release|x64.ActiveCfg = Release|x64
		{A49A8CC3-A363-A031-FCFE-6AEBBC89FD78}.Release|x64.Build.0 = Release|x64
		{A49A8CC3-A363-A031-FCFE-6AEBBC89FD78}.Release|Win32.ActiveCfg = Release|Win32
		{A49A8CC3-A363-A031-FCFE-6AEBBC89FD78}.Release|Win32.Build.0 = Release|Win32
		{A7A9BDCA-ECB0-27AC-F615-E358842F8AF4}.Debug|x64.ActiveCfg = Debug|x64
		{A7A9BDCA-ECB0-27AC-F615-E358842F8AF4}.Debug|x64.Build.0 = Debug|x64
		{A7A9BDCA-ECB0-27AC-F615-E358842F8AF4}.Debug|Win32.ActiveCfg = Debug|Win32
		{A7A9BDCA-ECB0-27AC-F615-E358842F8AF4}.Debug|Win32.Build.0 = Debug|Win32
		{A7A9BDCA-ECB0-27AC-F615-E358842F8AF4}.Release|x64.ActiveCfg = Release|x64
		{A7A9BDCA-ECB0-27AC-F615-E358842F8AF4}.Release|x64.Build.0 = Release|x64
		{A7A9BDCA-ECB0-27AC-F615-E358842F8AF4}.Release|Win32.ActiveCfg = Release|Win32
		{A7A9BDCA-ECB0-27AC-F615-E358842F8AF4}.Release|Win32.Build.0 = Release|Win32
		{B6C4320D-AACA-C7AA-99DA-BB79D6B63E30}.Debug|x64.ActiveCfg = Debug|x64
		{B6C4320D-AACA-C7AA-99DA-BB79D6B63E30}.Debug|x64.Build.0 = Debug|x64
		{B6C4320D-AACA-C7AA-99DA-BB79D6B63E30}.Debug|Win32.ActiveCfg = Debug|Win32
		{B6C4320D-AACA-C7AA-99DA-BB79D6B63E30}.Debug|Win32.Build.0 = Debug|Win32
		{B6C4320D-AACA-C7AA-99DA-BB79D6B63E30}.Release|x64.ActiveCfg = Release|x64
		{B6C4320D-AACA-C7AA-99DA-BB79D6B63E30}.Release|x64.Build.0 = Release|x64
		{B6C4320D-AACA-C7AA-99DA-BB79D6B63E30}.Release|Win32.ActiveCfg = Release|Win32
		{B6C4320D-AACA-C7AA-99DA-BB79D6B63E30}.Release|Win32.Build.0 = Release|Win32
		{BCA164C1-C8EE-D70B-024F-1B0442BC4EF6}.Debug|x64.ActiveCfg = Debug|x64
		{BCA164C1-C8EE-D70B-024F-1B0442BC4EF6}.Debug|x64.Build.0 = Debug|x64
		{BCA164C1-C8EE-D70B-024F-1B0442BC4EF6}.Debug|Win32.ActiveCfg = Debug|Win32
		{BCA164C1-C8EE-D70B-024F-1B0442BC4EF6}.Debug|Win32.Build.0 = Debug|Win32
		{BCA164C1-C8EE-D70B-024F-1B0442BC4EF6}.Release|x64.ActiveCfg = Release|x64
		{BCA164C1-C8EE-D70B-024F-1B0442BC4EF6}.Release|x64.Build.0 = Release|x64
		{BCA164C1-C8EE-D70B-024F-1B0442BC4EF6}.Release|Win32.ActiveCfg = Release|Win32
		{BCA164C1-C8EE-D70B-024F-1B0442BC4EF6}.Release|Win32.Build.0 = Release|Win32
		{C1199AAA-B0C5-87F0-E9D3-25246F938F07}.Debug|x64.ActiveCfg = Debug|x64
		{C1199AAA-B0C5-87F0-E9D3-25246F938F07}.Debug|x64.Build.0 = Debug|x64
		{C1199AAA-B0C5-87F0-E9D3-25246F938F07}.Debug|Win32.ActiveCfg = Debug|Win32
		{C1199AAA-B0C5-87F0-E9D3-25246F938F07}.Debug|Win32.Build.0 = Debug|Win32
		{C1199AAA-B0C5-87F0-E9D3-25246F938F07}.Release|x64.ActiveCfg = Release|x64
		{C1199AAA-B0C5-87F0-E9D3-25246F938F07}.Release|x64.Build.0 = Release|x64
		{C1199AAA-B0C5-87F0-E9D3-25246F938F07}.Release|Win32.ActiveCfg = Release|Win32
		{C1199AAA-B0C5-87F0-E9D3-25246F938F07}.Release|Win32.Build.0 = Release|Win32
		{D3D5D0D8-3994-519F-E563-B9DEF34A38F7}.Debug|x64.ActiveCfg = Debug|x64
		{D3D5D0D8-3994-519F-E563-B9DEF34A38F7}.Debug|x64.Build.0 = Debug|x64
		{D3D5D0D8-3994-519F-E563-B9DEF34A38F7}.Debug|Win32.ActiveCfg = Debug|Win32
		{D3D5D0D8-3994-519F-E563-B9DEF34A38F7}.Debug|Win32.Build.0 = Debug|Win32
		{D3D5D0D8-3994-519F-E563-B9DEF34A38F7}.Release|x64.ActiveCfg = Release|x64
		{D3D5D0D8-3994-519F-E563-B9DEF34A38F7}.Release|x64.Build.0 = Release|x64
		{D3D5D0D8-3994-519F-E563-B9DEF34A38F7}.Release|Win32.ActiveCfg = Release|Win32
		{D3D5D0D8-3994-519F-E563-B9DEF34A38F7}.Release|Win32.Build.0 = Release|Win32
		{DB1F94DC-214A-A4DD-3444-C1FBF1FBDD9F}.Debug|x64.ActiveCfg = Debug|x64
		{DB1F94DC-214A-A4DD-3444-C1FBF1FBDD9F}.Debug|x64.Build.0 = Debug|x64
		{DB1F94DC-214A-A4DD-3444-C1FBF1FBDD9F}.Debug|Win32.ActiveCfg = Debug|Win32
		{DB1F94DC-214A-A4DD-3444-C1FBF1FBDD9F}.Debug|Win32.Build.0 = Debug|Win32
		{DB1F94DC-214A-A4DD-3444-C1FBF1FBDD9F}.Release|x64.ActiveCfg = Release|x64
		{DB1F94DC-214A-A4DD-3444-C1FBF1FBDD9F}.Release|x64.Build.0 = Release|x64
		{DB1F94DC-214A-A4DD-3444-C1FBF1FBDD9F}.Release|Win32.ActiveCfg = Release|Win32
		{DB1F94DC-214A-A4DD-3444-C1FBF1FBDD9F}.Release|Win32.Build.0 = Release|Win32
		{E5EED8EF-6F57-2B6E-749B-9E56E647C070}.Debug|x64.ActiveCfg = Debug|x64
		{E5EED8EF-6F57-2B6E-749B-9E56E647C070}.Debug|x64.Build.0 = Debug|x64
		{E5EED8EF-6F57-2B6E-749B-9E56E647C070}.Debug|Win32.ActiveCfg = Debug|Win32
		{E5EED8EF-6F57-2B6E-749B-9E56E647C070}.Debug|Win32.Build.0 = Debug|Win32
		{E5EED8EF-6F57-2B6E-749B-9E56E647C070}.Release|x64.ActiveCfg = Release|x64
		{E5EED8EF-6F57-2B6E-749B-9E56E647C070}.Release|x64.Build.0 = Release|x64
		{E5EED8EF-6F57-2B6E-749B-9E56E647C070}.Release|Win32.ActiveCfg = Release|Win32
		{E5EED8EF-6F57-2B6E-749B-9E56E647C070}.Release|Win32.Build.0 = Release|Win32
		{E97FC6BB-5293-4C0E-4692-821AB4BE91DA}.Debug|x64.ActiveCfg = Debug|x64
		{E97FC6BB-5293-4C0E-4692-821AB4BE91DA}.Debug|x64.Build.0 = Debug|x64
		{E97FC6BB-5293-4C0E-4692-821AB4BE91DA}.Debug|Win32.ActiveCfg = Debug|Win32
		{E97FC6BB-5293-4C0E-4692-821AB4BE91DA}.Debug|Win32.Build.0 = Debug|Win32
		{E97FC6BB-5293-4C0E-4692-821AB4BE91DA}.Release|x64.ActiveCfg = Release|x64
		{E97FC6BB-5293-4C0E-4692-821AB4BE91DA}.Release|x64.Build.0 = Release|x64
		{E97FC6BB-5293-4C0E-4692-821AB4BE91DA}.Release|Win32.ActiveCfg = Release|Win32
		{E97FC6BB-5293-4C0E-4692-821AB4BE91DA}.Release|Win32.Build.0 = Release|Win32
		{F81BE623-BAC8-C3F6-58D0-A6511B2FEC98}.Debug|x64.ActiveCfg = Debug|x64
		{F81BE623-BAC8-C3F6-58D0-A6511B2FEC98}.Debug|x64.Build.0 = Debug|x64
		{F81BE623-BAC8-C3F6-58D0-A6511B2FEC98}.Debug|Win32.ActiveCfg = Debug|Win32
		{F81BE623-BAC8-C3F6-58D0-A6511B2FEC98}.Debug|Win32.Build.0 = Debug|Win32
		{F81BE623-BAC8-C3F6-58D0-A6511B2FEC98}.Release|x64.ActiveCfg = Release|x64
		{F81BE623-BAC8-C3F6-58D0-A6511B2FEC98}.Release|x64.Build.0 = Release|x64
		{F81BE623-BAC8-C3F6-58D0-A6511B2FEC98}.Release|Win32.ActiveCfg = Release|Win32
		{F81BE623-BAC8-C3F6-58D0-A6511B2FEC98}.Release|Win32.Build.0 = Release|Win32
	EndGlobalSection
	GlobalSection(SolutionProperties) = preSolution
		HideSolutionNode = FALSE
	EndGlobalSection
	GlobalSection(NestedProjects) = preSolution
		{3B157F56-A058-48A3-E8E5-DA48C825B841} = {6478B9F3-4858-63F4-35F4-98A303E305F3}
		{6478B9F3-4858-63F4-35F4-98A303E305F3} = {9785FB75-982A-5DE3-252D-3F288B9FEF5B}
		{3E7FA5AF-27B3-2DE0-883C-12F98E7F4E81} = {9785FB75-982A-5DE3-252D-3F288B9FEF5B}
		{2E8A02CC-5E8E-1BCB-7C82-BCBE781F50B6} = {9785FB75-982A-5DE3-252D-3F288B9FEF5B}
		{3640F086-6973-514D-BB5E-A2E250A058AD} = {9785FB75-982A-5DE3-252D-3F288B9FEF5B}
		{908E2CFE-A2FB-C2F0-1356-F4B7CF09CA70} = {B89E694F-68CC-E29E-D6BC-37D5B4C2E130}
		{2C415E02-D82A-5954-D8BE-F26EB4D78A7C} = {B89E694F-68CC-E29E-D6BC-37D5B4C2E130}
		{9694C7CE-279A-8368-E18B-97B50FBE1280} = {7136DD3C-C946-2F81-3CF2-E5BC912864E2}
		{B6C4320D-AACA-C7AA-99DA-BB79D6B63E30} = {019E1937-61F3-F9EC-47C4-8EB017B64518}
		{5CB1052F-F154-B281-4467-324136D2B674} = {019E1937-61F3-F9EC-47C4-8EB017B64518}
		{FDAA3BBD-0477-42E2-0864-D8B3277B9A24} = {317EA82F-CC9F-D464-C736-28BFAA6BA013}
		{3D22B090-5929-53D0-A1D8-8987B59D8C2A} = {829C43DA-1372-614D-F044-340432AECC41}
		{E97FC6BB-5293-4C0E-4692-821AB4BE91DA} = {69680A3F-0585-C97B-554E-354B85B9A59E}
		{E5EED8EF-6F57-2B6E-749B-9E56E647C070} = {69680A3F-0585-C97B-554E-354B85B9A59E}
		{48DACCA9-D851-1C4E-4F77-BF6D77BB1BBD} = {A542CB4F-7771-0A74-046A-3B08D4C73AA3}
		{C1199AAA-B0C5-87F0-E9D3-25246F938F07} = {78BBE86D-8B46-90E3-4AD0-00A352165147}
		{317EA82F-CC9F-D464-C736-28BFAA6BA013} = {5BA6C264-85BC-9866-43EA-BB93D171CD6E}
		{00CBE8C7-A451-909B-B348-1CE9F2BD0CD0} = {5BA6C264-85BC-9866-43EA-BB93D171CD6E}
		{64C2860A-0138-B944-0DB4-6751B0753661} = {5BA6C264-85BC-9866-43EA-BB93D171CD6E}
		{9ABC8722-5D3D-81E2-D346-0DFFA8B83535} = {5BA6C264-85BC-9866-43EA-BB93D171CD6E}
		{12B195CA-CDB4-910B-659C-8AD3F98D386B} = {C50F2C83-16E1-2829-AA6C-A968DCD9D8AC}
		{600BC7F4-2195-2B98-C4F8-B58BDF248653} = {C50F2C83-16E1-2829-AA6C-A968DCD9D8AC}
		{7A4A1BB1-1CFA-38F1-1DF6-43EBD6A37EFC} = {AF54D844-B89C-091B-2908-8ED6A9B1816C}
		{A49A8CC3-A363-A031-FCFE-6AEBBC89FD78} = {AF54D844-B89C-091B-2908-8ED6A9B1816C}
		{562C9D71-FE14-C579-1596-E8A1B5423701} = {AF54D844-B89C-091B-2908-8ED6A9B1816C}
		{69A4542C-6149-DEFB-B19D-40CAF4E2E6D0} = {AF54D844-B89C-091B-2908-8ED6A9B1816C}
		{07651C95-D824-1ED7-00BF-0FFD64422872} = {AF54D844-B89C-091B-2908-8ED6A9B1816C}
		{AF54D844-B89C-091B-2908-8ED6A9B1816C} = {3D22B090-5929-53D0-A1D8-8987B59D8C2A}
		{F9DE3C07-A597-572D-925F-8421178817A2} = {3D22B090-5929-53D0-A1D8-8987B59D8C2A}
		{4B71BB44-AE4F-B11B-5412-B5B7B900383D} = {FDAA3BBD-0477-42E2-0864-D8B3277B9A24}
		{8141FC4C-7469-F1FD-4540-2267361C48FE} = {7A4A1BB1-1CFA-38F1-1DF6-43EBD6A37EFC}
		{4399B57E-69BB-91FA-2739-42A1DD0384E9} = {EAC80D00-01D2-3F49-A377-20B7154947F3}
		{822A3F90-A21C-20A4-C3EE-8852E7F5E994} = {3E7FA5AF-27B3-2DE0-883C-12F98E7F4E81}
		{A7A9BDCA-ECB0-27AC-F615-E358842F8AF4} = {89C816A7-DD31-D54C-C69C-5A80E0C49B77}
		{081F25EE-7E15-6978-ED76-7ECD60DBFE47} = {89C816A7-DD31-D54C-C69C-5A80E0C49B77}
		{DB1F94DC-214A-A4DD-3444-C1FBF1FBDD9F} = {6353D71E-1FF6-3BF5-B7EA-CFE7E4FFB0DA}
		{78BBE86D-8B46-90E3-4AD0-00A352165147} = {4B71BB44-AE4F-B11B-5412-B5B7B900383D}
		{B89E694F-68CC-E29E-D6BC-37D5B4C2E130} = {F9DE3C07-A597-572D-925F-8421178817A2}
		{7136DD3C-C946-2F81-3CF2-E5BC912864E2} = {F9DE3C07-A597-572D-925F-8421178817A2}
		{69680A3F-0585-C97B-554E-354B85B9A59E} = {F9DE3C07-A597-572D-925F-8421178817A2}
		{A542CB4F-7771-0A74-046A-3B08D4C73AA3} = {F9DE3C07-A597-572D-925F-8421178817A2}
		{C50F2C83-16E1-2829-AA6C-A968DCD9D8AC} = {F9DE3C07-A597-572D-925F-8421178817A2}
		{6353D71E-1FF6-3BF5-B7EA-CFE7E4FFB0DA} = {F9DE3C07-A597-572D-925F-8421178817A2}
		{073C2713-7C29-C054-F6BB-8847E1B18F1B} = {F9DE3C07-A597-572D-925F-8421178817A2}
		{BCA164C1-C8EE-D70B-024F-1B0442BC4EF6} = {F9DE3C07-A597-572D-925F-8421178817A2}
		{7511F7AA-BE37-9736-CB65-C3D3A166F893} = {F9DE3C07-A597-572D-925F-8421178817A2}
		{F81BE623-BAC8-C3F6-58D0-A6511B2FEC98} = {F9DE3C07-A597-572D-925F-8421178817A2}
		{D3D5D0D8-3994-519F-E563-B9DEF34A38F7} = {F9DE3C07-A597-572D-925F-8421178817A2}
		{4712A716-5EFC-3ACD-009A-0875233386D0} = {F9DE3C07-A597-572D-925F-8421178817A2}
		{326457A1-DF4E-2547-5C81-519E8A7F1026} = {073C2713-7C29-C054-F6BB-8847E1B18F1B}
	EndGlobalSection
EndGlobal
