Microsoft Visual Studio Solution File, Format Version 11.00
# Visual Studio 2010
Project("{8BC9CEB8-8B4A-11D0-8D11-00A0C91BC942}") = "ppapi_c", "ppapi_c.vcxproj", "{00CBE8C7-A451-909B-B348-1CE9F2BD0CD0}"
EndProject
Project("{8BC9CEB8-8B4A-11D0-8D11-00A0C91BC942}") = "ppapi_cpp", "ppapi_cpp.vcxproj", "{64C2860A-0138-B944-0DB4-6751B0753661}"
	ProjectSection(ProjectDependencies) = postProject
		{00CBE8C7-A451-909B-B348-1CE9F2BD0CD0} = {00CBE8C7-A451-909B-B348-1CE9F2BD0CD0}
	EndProjectSection
EndProject
Project("{8BC9CEB8-8B4A-11D0-8D11-00A0C91BC942}") = "ppapi_cpp_objects", "ppapi_cpp_objects.vcxproj", "{9ABC8722-5D3D-81E2-D346-0DFFA8B83535}"
	ProjectSection(ProjectDependencies) = postProject
		{00CBE8C7-A451-909B-B348-1CE9F2BD0CD0} = {00CBE8C7-A451-909B-B348-1CE9F2BD0CD0}
	EndProjectSection
EndProject
Project("{8BC9CEB8-8B4A-11D0-8D11-00A0C91BC942}") = "ppapi_gles2", "ppapi_gles2.vcxproj", "{AC3D0984-E241-A3A0-FCF1-5526E9A3193A}"
	ProjectSection(ProjectDependencies) = postProject
		{00CBE8C7-A451-909B-B348-1CE9F2BD0CD0} = {00CBE8C7-A451-909B-B348-1CE9F2BD0CD0}
	EndProjectSection
EndProject
Global
	GlobalSection(SolutionConfigurationPlatforms) = preSolution
		Debug|x64 = Debug|x64
		Debug|Win32 = Debug|Win32
		Release|x64 = Release|x64
		Release|Win32 = Release|Win32
	EndGlobalSection
	GlobalSection(ProjectConfigurationPlatforms) = postSolution
		{00CBE8C7-A451-909B-B348-1CE9F2BD0CD0}.Debug|x64.ActiveCfg = Debug|x64
		{00CBE8C7-A451-909B-B348-1CE9F2BD0CD0}.Debug|x64.Build.0 = Debug|x64
		{00CBE8C7-A451-909B-B348-1CE9F2BD0CD0}.Debug|Win32.ActiveCfg = Debug|Win32
		{00CBE8C7-A451-909B-B348-1CE9F2BD0CD0}.Debug|Win32.Build.0 = Debug|Win32
		{00CBE8C7-A451-909B-B348-1CE9F2BD0CD0}.Release|x64.ActiveCfg = Release|x64
		{00CBE8C7-A451-909B-B348-1CE9F2BD0CD0}.Release|x64.Build.0 = Release|x64
		{00CBE8C7-A451-909B-B348-1CE9F2BD0CD0}.Release|Win32.ActiveCfg = Release|Win32
		{00CBE8C7-A451-909B-B348-1CE9F2BD0CD0}.Release|Win32.Build.0 = Release|Win32
		{64C2860A-0138-B944-0DB4-6751B0753661}.Debug|x64.ActiveCfg = Debug|x64
		{64C2860A-0138-B944-0DB4-6751B0753661}.Debug|x64.Build.0 = Debug|x64
		{64C2860A-0138-B944-0DB4-6751B0753661}.Debug|Win32.ActiveCfg = Debug|Win32
		{64C2860A-0138-B944-0DB4-6751B0753661}.Debug|Win32.Build.0 = Debug|Win32
		{64C2860A-0138-B944-0DB4-6751B0753661}.Release|x64.ActiveCfg = Release|x64
		{64C2860A-0138-B944-0DB4-6751B0753661}.Release|x64.Build.0 = Release|x64
		{64C2860A-0138-B944-0DB4-6751B0753661}.Release|Win32.ActiveCfg = Release|Win32
		{64C2860A-0138-B944-0DB4-6751B0753661}.Release|Win32.Build.0 = Release|Win32
		{9ABC8722-5D3D-81E2-D346-0DFFA8B83535}.Debug|x64.ActiveCfg = Debug|x64
		{9ABC8722-5D3D-81E2-D346-0DFFA8B83535}.Debug|x64.Build.0 = Debug|x64
		{9ABC8722-5D3D-81E2-D346-0DFFA8B83535}.Debug|Win32.ActiveCfg = Debug|Win32
		{9ABC8722-5D3D-81E2-D346-0DFFA8B83535}.Debug|Win32.Build.0 = Debug|Win32
		{9ABC8722-5D3D-81E2-D346-0DFFA8B83535}.Release|x64.ActiveCfg = Release|x64
		{9ABC8722-5D3D-81E2-D346-0DFFA8B83535}.Release|x64.Build.0 = Release|x64
		{9ABC8722-5D3D-81E2-D346-0DFFA8B83535}.Release|Win32.ActiveCfg = Release|Win32
		{9ABC8722-5D3D-81E2-D346-0DFFA8B83535}.Release|Win32.Build.0 = Release|Win32
		{AC3D0984-E241-A3A0-FCF1-5526E9A3193A}.Debug|x64.ActiveCfg = Debug|x64
		{AC3D0984-E241-A3A0-FCF1-5526E9A3193A}.Debug|x64.Build.0 = Debug|x64
		{AC3D0984-E241-A3A0-FCF1-5526E9A3193A}.Debug|Win32.ActiveCfg = Debug|Win32
		{AC3D0984-E241-A3A0-FCF1-5526E9A3193A}.Debug|Win32.Build.0 = Debug|Win32
		{AC3D0984-E241-A3A0-FCF1-5526E9A3193A}.Release|x64.ActiveCfg = Release|x64
		{AC3D0984-E241-A3A0-FCF1-5526E9A3193A}.Release|x64.Build.0 = Release|x64
		{AC3D0984-E241-A3A0-FCF1-5526E9A3193A}.Release|Win32.ActiveCfg = Release|Win32
		{AC3D0984-E241-A3A0-FCF1-5526E9A3193A}.Release|Win32.Build.0 = Release|Win32
	EndGlobalSection
	GlobalSection(SolutionProperties) = preSolution
		HideSolutionNode = FALSE
	EndGlobalSection
EndGlobal
