Microsoft Visual Studio Solution File, Format Version 11.00
# Visual Studio 2010
Project("{2150E333-8FDC-42A3-9474-1A3956D46DE8}") = "(irt_stub)", "..\..\ppapi\native_client\src\untrusted\irt_stub", "{95BD62CF-53A5-E5A9-898C-13787C510E2B}"
EndProject
Project("{2150E333-8FDC-42A3-9474-1A3956D46DE8}") = "(nacl)", "..\..\native_client\src\untrusted\nacl", "{CAB237C8-575D-BE85-38A7-0B8F64C5C181}"
EndProject
Project("{2150E333-8FDC-42A3-9474-1A3956D46DE8}") = "(native_client)", "..\..\ppapi\native_client", "{317EA82F-CC9F-D464-C736-28BFAA6BA013}"
EndProject
Project("{2150E333-8FDC-42A3-9474-1A3956D46DE8}") = "(native_client)", "..\..\native_client", "{829C43DA-1372-614D-F044-340432AECC41}"
EndProject
Project("{2150E333-8FDC-42A3-9474-1A3956D46DE8}") = "(ppapi)", "..\..\ppapi", "{5BA6C264-85BC-9866-43EA-BB93D171CD6E}"
EndProject
Project("{2150E333-8FDC-42A3-9474-1A3956D46DE8}") = "(pthread)", "..\..\native_client\src\untrusted\pthread", "{FE7A03E0-D9A6-0206-B0B5-8E0126F74276}"
EndProject
Project("{2150E333-8FDC-42A3-9474-1A3956D46DE8}") = "(src)", "..\..\native_client\src", "{3D22B090-5929-53D0-A1D8-8987B59D8C2A}"
EndProject
Project("{2150E333-8FDC-42A3-9474-1A3956D46DE8}") = "(src)", "..\..\ppapi\native_client\src", "{FDAA3BBD-0477-42E2-0864-D8B3277B9A24}"
EndProject
Project("{2150E333-8FDC-42A3-9474-1A3956D46DE8}") = "(untrusted)", "..\..\native_client\src\untrusted", "{63DF5297-C593-9C5B-D4A3-3D8A3FC19474}"
EndProject
Project("{2150E333-8FDC-42A3-9474-1A3956D46DE8}") = "(untrusted)", "..\..\ppapi\native_client\src\untrusted", "{70A32B00-7364-576C-DAF3-596E2AFD80AE}"
EndProject
Project("{8BC9CEB8-8B4A-11D0-8D11-00A0C91BC942}") = "crt_fini_32", "..\native_client\crt_fini_32.vcxproj", "{52C4B5E6-52A5-A2CB-986A-068A1C39DA07}"
	ProjectSection(ProjectDependencies) = postProject
		{1818E99F-612B-D689-CCF5-6906AD8DD7DB} = {1818E99F-612B-D689-CCF5-6906AD8DD7DB}
		{DD6E8EB5-C665-0956-EDF0-60AC4BFB3125} = {DD6E8EB5-C665-0956-EDF0-60AC4BFB3125}
	EndProjectSection
EndProject
Project("{8BC9CEB8-8B4A-11D0-8D11-00A0C91BC942}") = "crt_fini_64", "..\native_client\crt_fini_64.vcxproj", "{DCC063EA-91BA-4600-EA8F-3A985230CA79}"
	ProjectSection(ProjectDependencies) = postProject
		{1818E99F-612B-D689-CCF5-6906AD8DD7DB} = {1818E99F-612B-D689-CCF5-6906AD8DD7DB}
		{DD6E8EB5-C665-0956-EDF0-60AC4BFB3125} = {DD6E8EB5-C665-0956-EDF0-60AC4BFB3125}
	EndProjectSection
EndProject
Project("{8BC9CEB8-8B4A-11D0-8D11-00A0C91BC942}") = "crt_init_32", "..\native_client\crt_init_32.vcxproj", "{12A21B0D-D868-C1EF-E622-61B205CD8B2E}"
	ProjectSection(ProjectDependencies) = postProject
		{1818E99F-612B-D689-CCF5-6906AD8DD7DB} = {1818E99F-612B-D689-CCF5-6906AD8DD7DB}
		{DD6E8EB5-C665-0956-EDF0-60AC4BFB3125} = {DD6E8EB5-C665-0956-EDF0-60AC4BFB3125}
	EndProjectSection
EndProject
Project("{8BC9CEB8-8B4A-11D0-8D11-00A0C91BC942}") = "crt_init_64", "..\native_client\crt_init_64.vcxproj", "{60D5F429-C34B-8AA1-77CB-1A88FF29C051}"
	ProjectSection(ProjectDependencies) = postProject
		{1818E99F-612B-D689-CCF5-6906AD8DD7DB} = {1818E99F-612B-D689-CCF5-6906AD8DD7DB}
		{DD6E8EB5-C665-0956-EDF0-60AC4BFB3125} = {DD6E8EB5-C665-0956-EDF0-60AC4BFB3125}
	EndProjectSection
EndProject
Project("{8BC9CEB8-8B4A-11D0-8D11-00A0C91BC942}") = "nacl_lib", "..\native_client\src\untrusted\nacl\nacl_lib.vcxproj", "{0284E253-CB3F-BD79-15FF-85EBA65D541A}"
	ProjectSection(ProjectDependencies) = postProject
		{97229682-93B9-20F8-B63D-6215D4B678B5} = {97229682-93B9-20F8-B63D-6215D4B678B5}
		{DB48BA35-09CE-6E6C-E012-725AF1FFF612} = {DB48BA35-09CE-6E6C-E012-725AF1FFF612}
	EndProjectSection
EndProject
Project("{8BC9CEB8-8B4A-11D0-8D11-00A0C91BC942}") = "nacl_lib_glibc", "..\native_client\src\untrusted\nacl\nacl_lib_glibc.vcxproj", "{DB48BA35-09CE-6E6C-E012-725AF1FFF612}"
	ProjectSection(ProjectDependencies) = postProject
		{802C7FEC-B83C-AF81-D6A1-B1BB43B82C94} = {802C7FEC-B83C-AF81-D6A1-B1BB43B82C94}
	EndProjectSection
EndProject
Project("{8BC9CEB8-8B4A-11D0-8D11-00A0C91BC942}") = "nacl_lib_newlib", "..\native_client\src\untrusted\nacl\nacl_lib_newlib.vcxproj", "{97229682-93B9-20F8-B63D-6215D4B678B5}"
	ProjectSection(ProjectDependencies) = postProject
		{802C7FEC-B83C-AF81-D6A1-B1BB43B82C94} = {802C7FEC-B83C-AF81-D6A1-B1BB43B82C94}
	EndProjectSection
EndProject
Project("{8BC9CEB8-8B4A-11D0-8D11-00A0C91BC942}") = "pnacl_irt_shim", "native_client\src\untrusted\pnacl_irt_shim\pnacl_irt_shim.vcxproj", "{874966A9-F6D7-16AC-1A5A-F2CAFD7ABFD1}"
	ProjectSection(ProjectDependencies) = postProject
		{802C7FEC-B83C-AF81-D6A1-B1BB43B82C94} = {802C7FEC-B83C-AF81-D6A1-B1BB43B82C94}
	EndProjectSection
EndProject
Project("{8BC9CEB8-8B4A-11D0-8D11-00A0C91BC942}") = "ppapi_cpp_lib", "ppapi_cpp_lib.vcxproj", "{E9D4652E-099E-33CB-0F99-FB136BC1860B}"
	ProjectSection(ProjectDependencies) = postProject
		{802C7FEC-B83C-AF81-D6A1-B1BB43B82C94} = {802C7FEC-B83C-AF81-D6A1-B1BB43B82C94}
	EndProjectSection
EndProject
Project("{8BC9CEB8-8B4A-11D0-8D11-00A0C91BC942}") = "ppapi_gles2_lib", "ppapi_gles2_lib.vcxproj", "{668251FA-4011-9AE8-CAD2-F04537FDC6A6}"
	ProjectSection(ProjectDependencies) = postProject
		{802C7FEC-B83C-AF81-D6A1-B1BB43B82C94} = {802C7FEC-B83C-AF81-D6A1-B1BB43B82C94}
	EndProjectSection
EndProject
Project("{8BC9CEB8-8B4A-11D0-8D11-00A0C91BC942}") = "ppapi_lib", "native_client\ppapi_lib.vcxproj", "{17F8E779-0D57-A615-4B0B-535ABDFAE9F9}"
	ProjectSection(ProjectDependencies) = postProject
		{2AA762F5-C341-0AA2-BC0C-447E451183E5} = {2AA762F5-C341-0AA2-BC0C-447E451183E5}
		{003ABBA2-6C01-3890-0D65-6DCFA05A8A47} = {003ABBA2-6C01-3890-0D65-6DCFA05A8A47}
	EndProjectSection
EndProject
Project("{8BC9CEB8-8B4A-11D0-8D11-00A0C91BC942}") = "ppapi_nacl_tests", "ppapi_nacl_tests.vcxproj", "{F3E068FC-E2C4-EFAB-3335-1342E360AB13}"
	ProjectSection(ProjectDependencies) = postProject
		{0284E253-CB3F-BD79-15FF-85EBA65D541A} = {0284E253-CB3F-BD79-15FF-85EBA65D541A}
		{E9D4652E-099E-33CB-0F99-FB136BC1860B} = {E9D4652E-099E-33CB-0F99-FB136BC1860B}
		{17F8E779-0D57-A615-4B0B-535ABDFAE9F9} = {17F8E779-0D57-A615-4B0B-535ABDFAE9F9}
		{874966A9-F6D7-16AC-1A5A-F2CAFD7ABFD1} = {874966A9-F6D7-16AC-1A5A-F2CAFD7ABFD1}
	EndProjectSection
EndProject
Project("{8BC9CEB8-8B4A-11D0-8D11-00A0C91BC942}") = "ppapi_stub_lib", "native_client\src\untrusted\irt_stub\ppapi_stub_lib.vcxproj", "{003ABBA2-6C01-3890-0D65-6DCFA05A8A47}"
	ProjectSection(ProjectDependencies) = postProject
		{802C7FEC-B83C-AF81-D6A1-B1BB43B82C94} = {802C7FEC-B83C-AF81-D6A1-B1BB43B82C94}
	EndProjectSection
EndProject
Project("{8BC9CEB8-8B4A-11D0-8D11-00A0C91BC942}") = "prep_nacl_sdk", "..\native_client\prep_nacl_sdk.vcxproj", "{DD6E8EB5-C665-0956-EDF0-60AC4BFB3125}"
	ProjectSection(ProjectDependencies) = postProject
		{1818E99F-612B-D689-CCF5-6906AD8DD7DB} = {1818E99F-612B-D689-CCF5-6906AD8DD7DB}
	EndProjectSection
EndProject
Project("{8BC9CEB8-8B4A-11D0-8D11-00A0C91BC942}") = "prep_toolchain", "..\native_client\prep_toolchain.vcxproj", "{802C7FEC-B83C-AF81-D6A1-B1BB43B82C94}"
	ProjectSection(ProjectDependencies) = postProject
		{1818E99F-612B-D689-CCF5-6906AD8DD7DB} = {1818E99F-612B-D689-CCF5-6906AD8DD7DB}
		{DD6E8EB5-C665-0956-EDF0-60AC4BFB3125} = {DD6E8EB5-C665-0956-EDF0-60AC4BFB3125}
		{12A21B0D-D868-C1EF-E622-61B205CD8B2E} = {12A21B0D-D868-C1EF-E622-61B205CD8B2E}
		{52C4B5E6-52A5-A2CB-986A-068A1C39DA07} = {52C4B5E6-52A5-A2CB-986A-068A1C39DA07}
		{60D5F429-C34B-8AA1-77CB-1A88FF29C051} = {60D5F429-C34B-8AA1-77CB-1A88FF29C051}
		{DCC063EA-91BA-4600-EA8F-3A985230CA79} = {DCC063EA-91BA-4600-EA8F-3A985230CA79}
	EndProjectSection
EndProject
Project("{8BC9CEB8-8B4A-11D0-8D11-00A0C91BC942}") = "pthread_lib", "..\native_client\src\untrusted\pthread\pthread_lib.vcxproj", "{2AA762F5-C341-0AA2-BC0C-447E451183E5}"
	ProjectSection(ProjectDependencies) = postProject
		{802C7FEC-B83C-AF81-D6A1-B1BB43B82C94} = {802C7FEC-B83C-AF81-D6A1-B1BB43B82C94}
	EndProjectSection
EndProject
Project("{8BC9CEB8-8B4A-11D0-8D11-00A0C91BC942}") = "untar_toolchains", "..\native_client\untar_toolchains.vcxproj", "{1818E99F-612B-D689-CCF5-6906AD8DD7DB}"
EndProject
Global
	GlobalSection(SolutionConfigurationPlatforms) = preSolution
		Debug|x64 = Debug|x64
		Debug|Win32 = Debug|Win32
		Release|x64 = Release|x64
		Release|Win32 = Release|Win32
	EndGlobalSection
	GlobalSection(ProjectConfigurationPlatforms) = postSolution
		{003ABBA2-6C01-3890-0D65-6DCFA05A8A47}.Debug|x64.ActiveCfg = Debug|x64
		{003ABBA2-6C01-3890-0D65-6DCFA05A8A47}.Debug|x64.Build.0 = Debug|x64
		{003ABBA2-6C01-3890-0D65-6DCFA05A8A47}.Debug|Win32.ActiveCfg = Debug|Win32
		{003ABBA2-6C01-3890-0D65-6DCFA05A8A47}.Debug|Win32.Build.0 = Debug|Win32
		{003ABBA2-6C01-3890-0D65-6DCFA05A8A47}.Release|x64.ActiveCfg = Release|x64
		{003ABBA2-6C01-3890-0D65-6DCFA05A8A47}.Release|x64.Build.0 = Release|x64
		{003ABBA2-6C01-3890-0D65-6DCFA05A8A47}.Release|Win32.ActiveCfg = Release|Win32
		{003ABBA2-6C01-3890-0D65-6DCFA05A8A47}.Release|Win32.Build.0 = Release|Win32
		{0284E253-CB3F-BD79-15FF-85EBA65D541A}.Debug|x64.ActiveCfg = Debug|x64
		{0284E253-CB3F-BD79-15FF-85EBA65D541A}.Debug|x64.Build.0 = Debug|x64
		{0284E253-CB3F-BD79-15FF-85EBA65D541A}.Debug|Win32.ActiveCfg = Debug|Win32
		{0284E253-CB3F-BD79-15FF-85EBA65D541A}.Debug|Win32.Build.0 = Debug|Win32
		{0284E253-CB3F-BD79-15FF-85EBA65D541A}.Release|x64.ActiveCfg = Release|x64
		{0284E253-CB3F-BD79-15FF-85EBA65D541A}.Release|x64.Build.0 = Release|x64
		{0284E253-CB3F-BD79-15FF-85EBA65D541A}.Release|Win32.ActiveCfg = Release|Win32
		{0284E253-CB3F-BD79-15FF-85EBA65D541A}.Release|Win32.Build.0 = Release|Win32
		{12A21B0D-D868-C1EF-E622-61B205CD8B2E}.Debug|x64.ActiveCfg = Debug|x64
		{12A21B0D-D868-C1EF-E622-61B205CD8B2E}.Debug|x64.Build.0 = Debug|x64
		{12A21B0D-D868-C1EF-E622-61B205CD8B2E}.Debug|Win32.ActiveCfg = Debug|Win32
		{12A21B0D-D868-C1EF-E622-61B205CD8B2E}.Debug|Win32.Build.0 = Debug|Win32
		{12A21B0D-D868-C1EF-E622-61B205CD8B2E}.Release|x64.ActiveCfg = Release|x64
		{12A21B0D-D868-C1EF-E622-61B205CD8B2E}.Release|x64.Build.0 = Release|x64
		{12A21B0D-D868-C1EF-E622-61B205CD8B2E}.Release|Win32.ActiveCfg = Release|Win32
		{12A21B0D-D868-C1EF-E622-61B205CD8B2E}.Release|Win32.Build.0 = Release|Win32
		{17F8E779-0D57-A615-4B0B-535ABDFAE9F9}.Debug|x64.ActiveCfg = Debug|x64
		{17F8E779-0D57-A615-4B0B-535ABDFAE9F9}.Debug|x64.Build.0 = Debug|x64
		{17F8E779-0D57-A615-4B0B-535ABDFAE9F9}.Debug|Win32.ActiveCfg = Debug|Win32
		{17F8E779-0D57-A615-4B0B-535ABDFAE9F9}.Debug|Win32.Build.0 = Debug|Win32
		{17F8E779-0D57-A615-4B0B-535ABDFAE9F9}.Release|x64.ActiveCfg = Release|x64
		{17F8E779-0D57-A615-4B0B-535ABDFAE9F9}.Release|x64.Build.0 = Release|x64
		{17F8E779-0D57-A615-4B0B-535ABDFAE9F9}.Release|Win32.ActiveCfg = Release|Win32
		{17F8E779-0D57-A615-4B0B-535ABDFAE9F9}.Release|Win32.Build.0 = Release|Win32
		{1818E99F-612B-D689-CCF5-6906AD8DD7DB}.Debug|x64.ActiveCfg = Debug|x64
		{1818E99F-612B-D689-CCF5-6906AD8DD7DB}.Debug|x64.Build.0 = Debug|x64
		{1818E99F-612B-D689-CCF5-6906AD8DD7DB}.Debug|Win32.ActiveCfg = Debug|Win32
		{1818E99F-612B-D689-CCF5-6906AD8DD7DB}.Debug|Win32.Build.0 = Debug|Win32
		{1818E99F-612B-D689-CCF5-6906AD8DD7DB}.Release|x64.ActiveCfg = Release|x64
		{1818E99F-612B-D689-CCF5-6906AD8DD7DB}.Release|x64.Build.0 = Release|x64
		{1818E99F-612B-D689-CCF5-6906AD8DD7DB}.Release|Win32.ActiveCfg = Release|Win32
		{1818E99F-612B-D689-CCF5-6906AD8DD7DB}.Release|Win32.Build.0 = Release|Win32
		{2AA762F5-C341-0AA2-BC0C-447E451183E5}.Debug|x64.ActiveCfg = Debug|x64
		{2AA762F5-C341-0AA2-BC0C-447E451183E5}.Debug|x64.Build.0 = Debug|x64
		{2AA762F5-C341-0AA2-BC0C-447E451183E5}.Debug|Win32.ActiveCfg = Debug|Win32
		{2AA762F5-C341-0AA2-BC0C-447E451183E5}.Debug|Win32.Build.0 = Debug|Win32
		{2AA762F5-C341-0AA2-BC0C-447E451183E5}.Release|x64.ActiveCfg = Release|x64
		{2AA762F5-C341-0AA2-BC0C-447E451183E5}.Release|x64.Build.0 = Release|x64
		{2AA762F5-C341-0AA2-BC0C-447E451183E5}.Release|Win32.ActiveCfg = Release|Win32
		{2AA762F5-C341-0AA2-BC0C-447E451183E5}.Release|Win32.Build.0 = Release|Win32
		{52C4B5E6-52A5-A2CB-986A-068A1C39DA07}.Debug|x64.ActiveCfg = Debug|x64
		{52C4B5E6-52A5-A2CB-986A-068A1C39DA07}.Debug|x64.Build.0 = Debug|x64
		{52C4B5E6-52A5-A2CB-986A-068A1C39DA07}.Debug|Win32.ActiveCfg = Debug|Win32
		{52C4B5E6-52A5-A2CB-986A-068A1C39DA07}.Debug|Win32.Build.0 = Debug|Win32
		{52C4B5E6-52A5-A2CB-986A-068A1C39DA07}.Release|x64.ActiveCfg = Release|x64
		{52C4B5E6-52A5-A2CB-986A-068A1C39DA07}.Release|x64.Build.0 = Release|x64
		{52C4B5E6-52A5-A2CB-986A-068A1C39DA07}.Release|Win32.ActiveCfg = Release|Win32
		{52C4B5E6-52A5-A2CB-986A-068A1C39DA07}.Release|Win32.Build.0 = Release|Win32
		{60D5F429-C34B-8AA1-77CB-1A88FF29C051}.Debug|x64.ActiveCfg = Debug|x64
		{60D5F429-C34B-8AA1-77CB-1A88FF29C051}.Debug|x64.Build.0 = Debug|x64
		{60D5F429-C34B-8AA1-77CB-1A88FF29C051}.Debug|Win32.ActiveCfg = Debug|Win32
		{60D5F429-C34B-8AA1-77CB-1A88FF29C051}.Debug|Win32.Build.0 = Debug|Win32
		{60D5F429-C34B-8AA1-77CB-1A88FF29C051}.Release|x64.ActiveCfg = Release|x64
		{60D5F429-C34B-8AA1-77CB-1A88FF29C051}.Release|x64.Build.0 = Release|x64
		{60D5F429-C34B-8AA1-77CB-1A88FF29C051}.Release|Win32.ActiveCfg = Release|Win32
		{60D5F429-C34B-8AA1-77CB-1A88FF29C051}.Release|Win32.Build.0 = Release|Win32
		{668251FA-4011-9AE8-CAD2-F04537FDC6A6}.Debug|x64.ActiveCfg = Debug|x64
		{668251FA-4011-9AE8-CAD2-F04537FDC6A6}.Debug|x64.Build.0 = Debug|x64
		{668251FA-4011-9AE8-CAD2-F04537FDC6A6}.Debug|Win32.ActiveCfg = Debug|Win32
		{668251FA-4011-9AE8-CAD2-F04537FDC6A6}.Debug|Win32.Build.0 = Debug|Win32
		{668251FA-4011-9AE8-CAD2-F04537FDC6A6}.Release|x64.ActiveCfg = Release|x64
		{668251FA-4011-9AE8-CAD2-F04537FDC6A6}.Release|x64.Build.0 = Release|x64
		{668251FA-4011-9AE8-CAD2-F04537FDC6A6}.Release|Win32.ActiveCfg = Release|Win32
		{668251FA-4011-9AE8-CAD2-F04537FDC6A6}.Release|Win32.Build.0 = Release|Win32
		{802C7FEC-B83C-AF81-D6A1-B1BB43B82C94}.Debug|x64.ActiveCfg = Debug|x64
		{802C7FEC-B83C-AF81-D6A1-B1BB43B82C94}.Debug|x64.Build.0 = Debug|x64
		{802C7FEC-B83C-AF81-D6A1-B1BB43B82C94}.Debug|Win32.ActiveCfg = Debug|Win32
		{802C7FEC-B83C-AF81-D6A1-B1BB43B82C94}.Debug|Win32.Build.0 = Debug|Win32
		{802C7FEC-B83C-AF81-D6A1-B1BB43B82C94}.Release|x64.ActiveCfg = Release|x64
		{802C7FEC-B83C-AF81-D6A1-B1BB43B82C94}.Release|x64.Build.0 = Release|x64
		{802C7FEC-B83C-AF81-D6A1-B1BB43B82C94}.Release|Win32.ActiveCfg = Release|Win32
		{802C7FEC-B83C-AF81-D6A1-B1BB43B82C94}.Release|Win32.Build.0 = Release|Win32
		{874966A9-F6D7-16AC-1A5A-F2CAFD7ABFD1}.Debug|x64.ActiveCfg = Debug|x64
		{874966A9-F6D7-16AC-1A5A-F2CAFD7ABFD1}.Debug|x64.Build.0 = Debug|x64
		{874966A9-F6D7-16AC-1A5A-F2CAFD7ABFD1}.Debug|Win32.ActiveCfg = Debug|Win32
		{874966A9-F6D7-16AC-1A5A-F2CAFD7ABFD1}.Debug|Win32.Build.0 = Debug|Win32
		{874966A9-F6D7-16AC-1A5A-F2CAFD7ABFD1}.Release|x64.ActiveCfg = Release|x64
		{874966A9-F6D7-16AC-1A5A-F2CAFD7ABFD1}.Release|x64.Build.0 = Release|x64
		{874966A9-F6D7-16AC-1A5A-F2CAFD7ABFD1}.Release|Win32.ActiveCfg = Release|Win32
		{874966A9-F6D7-16AC-1A5A-F2CAFD7ABFD1}.Release|Win32.Build.0 = Release|Win32
		{97229682-93B9-20F8-B63D-6215D4B678B5}.Debug|x64.ActiveCfg = Debug|x64
		{97229682-93B9-20F8-B63D-6215D4B678B5}.Debug|x64.Build.0 = Debug|x64
		{97229682-93B9-20F8-B63D-6215D4B678B5}.Debug|Win32.ActiveCfg = Debug|Win32
		{97229682-93B9-20F8-B63D-6215D4B678B5}.Debug|Win32.Build.0 = Debug|Win32
		{97229682-93B9-20F8-B63D-6215D4B678B5}.Release|x64.ActiveCfg = Release|x64
		{97229682-93B9-20F8-B63D-6215D4B678B5}.Release|x64.Build.0 = Release|x64
		{97229682-93B9-20F8-B63D-6215D4B678B5}.Release|Win32.ActiveCfg = Release|Win32
		{97229682-93B9-20F8-B63D-6215D4B678B5}.Release|Win32.Build.0 = Release|Win32
		{DB48BA35-09CE-6E6C-E012-725AF1FFF612}.Debug|x64.ActiveCfg = Debug|x64
		{DB48BA35-09CE-6E6C-E012-725AF1FFF612}.Debug|x64.Build.0 = Debug|x64
		{DB48BA35-09CE-6E6C-E012-725AF1FFF612}.Debug|Win32.ActiveCfg = Debug|Win32
		{DB48BA35-09CE-6E6C-E012-725AF1FFF612}.Debug|Win32.Build.0 = Debug|Win32
		{DB48BA35-09CE-6E6C-E012-725AF1FFF612}.Release|x64.ActiveCfg = Release|x64
		{DB48BA35-09CE-6E6C-E012-725AF1FFF612}.Release|x64.Build.0 = Release|x64
		{DB48BA35-09CE-6E6C-E012-725AF1FFF612}.Release|Win32.ActiveCfg = Release|Win32
		{DB48BA35-09CE-6E6C-E012-725AF1FFF612}.Release|Win32.Build.0 = Release|Win32
		{DCC063EA-91BA-4600-EA8F-3A985230CA79}.Debug|x64.ActiveCfg = Debug|x64
		{DCC063EA-91BA-4600-EA8F-3A985230CA79}.Debug|x64.Build.0 = Debug|x64
		{DCC063EA-91BA-4600-EA8F-3A985230CA79}.Debug|Win32.ActiveCfg = Debug|Win32
		{DCC063EA-91BA-4600-EA8F-3A985230CA79}.Debug|Win32.Build.0 = Debug|Win32
		{DCC063EA-91BA-4600-EA8F-3A985230CA79}.Release|x64.ActiveCfg = Release|x64
		{DCC063EA-91BA-4600-EA8F-3A985230CA79}.Release|x64.Build.0 = Release|x64
		{DCC063EA-91BA-4600-EA8F-3A985230CA79}.Release|Win32.ActiveCfg = Release|Win32
		{DCC063EA-91BA-4600-EA8F-3A985230CA79}.Release|Win32.Build.0 = Release|Win32
		{DD6E8EB5-C665-0956-EDF0-60AC4BFB3125}.Debug|x64.ActiveCfg = Debug|x64
		{DD6E8EB5-C665-0956-EDF0-60AC4BFB3125}.Debug|x64.Build.0 = Debug|x64
		{DD6E8EB5-C665-0956-EDF0-60AC4BFB3125}.Debug|Win32.ActiveCfg = Debug|Win32
		{DD6E8EB5-C665-0956-EDF0-60AC4BFB3125}.Debug|Win32.Build.0 = Debug|Win32
		{DD6E8EB5-C665-0956-EDF0-60AC4BFB3125}.Release|x64.ActiveCfg = Release|x64
		{DD6E8EB5-C665-0956-EDF0-60AC4BFB3125}.Release|x64.Build.0 = Release|x64
		{DD6E8EB5-C665-0956-EDF0-60AC4BFB3125}.Release|Win32.ActiveCfg = Release|Win32
		{DD6E8EB5-C665-0956-EDF0-60AC4BFB3125}.Release|Win32.Build.0 = Release|Win32
		{E9D4652E-099E-33CB-0F99-FB136BC1860B}.Debug|x64.ActiveCfg = Debug|x64
		{E9D4652E-099E-33CB-0F99-FB136BC1860B}.Debug|x64.Build.0 = Debug|x64
		{E9D4652E-099E-33CB-0F99-FB136BC1860B}.Debug|Win32.ActiveCfg = Debug|Win32
		{E9D4652E-099E-33CB-0F99-FB136BC1860B}.Debug|Win32.Build.0 = Debug|Win32
		{E9D4652E-099E-33CB-0F99-FB136BC1860B}.Release|x64.ActiveCfg = Release|x64
		{E9D4652E-099E-33CB-0F99-FB136BC1860B}.Release|x64.Build.0 = Release|x64
		{E9D4652E-099E-33CB-0F99-FB136BC1860B}.Release|Win32.ActiveCfg = Release|Win32
		{E9D4652E-099E-33CB-0F99-FB136BC1860B}.Release|Win32.Build.0 = Release|Win32
		{F3E068FC-E2C4-EFAB-3335-1342E360AB13}.Debug|x64.ActiveCfg = Debug|x64
		{F3E068FC-E2C4-EFAB-3335-1342E360AB13}.Debug|x64.Build.0 = Debug|x64
		{F3E068FC-E2C4-EFAB-3335-1342E360AB13}.Debug|Win32.ActiveCfg = Debug|Win32
		{F3E068FC-E2C4-EFAB-3335-1342E360AB13}.Debug|Win32.Build.0 = Debug|Win32
		{F3E068FC-E2C4-EFAB-3335-1342E360AB13}.Release|x64.ActiveCfg = Release|x64
		{F3E068FC-E2C4-EFAB-3335-1342E360AB13}.Release|x64.Build.0 = Release|x64
		{F3E068FC-E2C4-EFAB-3335-1342E360AB13}.Release|Win32.ActiveCfg = Release|Win32
		{F3E068FC-E2C4-EFAB-3335-1342E360AB13}.Release|Win32.Build.0 = Release|Win32
	EndGlobalSection
	GlobalSection(SolutionProperties) = preSolution
		HideSolutionNode = FALSE
	EndGlobalSection
	GlobalSection(NestedProjects) = preSolution
		{003ABBA2-6C01-3890-0D65-6DCFA05A8A47} = {95BD62CF-53A5-E5A9-898C-13787C510E2B}
		{0284E253-CB3F-BD79-15FF-85EBA65D541A} = {CAB237C8-575D-BE85-38A7-0B8F64C5C181}
		{DB48BA35-09CE-6E6C-E012-725AF1FFF612} = {CAB237C8-575D-BE85-38A7-0B8F64C5C181}
		{97229682-93B9-20F8-B63D-6215D4B678B5} = {CAB237C8-575D-BE85-38A7-0B8F64C5C181}
		{FDAA3BBD-0477-42E2-0864-D8B3277B9A24} = {317EA82F-CC9F-D464-C736-28BFAA6BA013}
		{17F8E779-0D57-A615-4B0B-535ABDFAE9F9} = {317EA82F-CC9F-D464-C736-28BFAA6BA013}
		{3D22B090-5929-53D0-A1D8-8987B59D8C2A} = {829C43DA-1372-614D-F044-340432AECC41}
		{52C4B5E6-52A5-A2CB-986A-068A1C39DA07} = {829C43DA-1372-614D-F044-340432AECC41}
		{DCC063EA-91BA-4600-EA8F-3A985230CA79} = {829C43DA-1372-614D-F044-340432AECC41}
		{12A21B0D-D868-C1EF-E622-61B205CD8B2E} = {829C43DA-1372-614D-F044-340432AECC41}
		{60D5F429-C34B-8AA1-77CB-1A88FF29C051} = {829C43DA-1372-614D-F044-340432AECC41}
		{DD6E8EB5-C665-0956-EDF0-60AC4BFB3125} = {829C43DA-1372-614D-F044-340432AECC41}
		{802C7FEC-B83C-AF81-D6A1-B1BB43B82C94} = {829C43DA-1372-614D-F044-340432AECC41}
		{1818E99F-612B-D689-CCF5-6906AD8DD7DB} = {829C43DA-1372-614D-F044-340432AECC41}
		{317EA82F-CC9F-D464-C736-28BFAA6BA013} = {5BA6C264-85BC-9866-43EA-BB93D171CD6E}
		{E9D4652E-099E-33CB-0F99-FB136BC1860B} = {5BA6C264-85BC-9866-43EA-BB93D171CD6E}
		{668251FA-4011-9AE8-CAD2-F04537FDC6A6} = {5BA6C264-85BC-9866-43EA-BB93D171CD6E}
		{F3E068FC-E2C4-EFAB-3335-1342E360AB13} = {5BA6C264-85BC-9866-43EA-BB93D171CD6E}
		{2AA762F5-C341-0AA2-BC0C-447E451183E5} = {FE7A03E0-D9A6-0206-B0B5-8E0126F74276}
		{63DF5297-C593-9C5B-D4A3-3D8A3FC19474} = {3D22B090-5929-53D0-A1D8-8987B59D8C2A}
		{70A32B00-7364-576C-DAF3-596E2AFD80AE} = {FDAA3BBD-0477-42E2-0864-D8B3277B9A24}
		{CAB237C8-575D-BE85-38A7-0B8F64C5C181} = {63DF5297-C593-9C5B-D4A3-3D8A3FC19474}
		{FE7A03E0-D9A6-0206-B0B5-8E0126F74276} = {63DF5297-C593-9C5B-D4A3-3D8A3FC19474}
		{95BD62CF-53A5-E5A9-898C-13787C510E2B} = {70A32B00-7364-576C-DAF3-596E2AFD80AE}
		{874966A9-F6D7-16AC-1A5A-F2CAFD7ABFD1} = {70A32B00-7364-576C-DAF3-596E2AFD80AE}
	EndGlobalSection
EndGlobal
