Microsoft Visual Studio Solution File, Format Version 11.00
# Visual Studio 2010
Project("{8BC9CEB8-8B4A-11D0-8D11-00A0C91BC942}") = "google_update", "google_update.vcxproj", "{DD815B37-8AED-94F2-3CD3-7C660A4ADA96}"
EndProject
Global
	GlobalSection(SolutionConfigurationPlatforms) = preSolution
		Debug|x64 = Debug|x64
		Debug|Win32 = Debug|Win32
		Release|x64 = Release|x64
		Release|Win32 = Release|Win32
	EndGlobalSection
	GlobalSection(ProjectConfigurationPlatforms) = postSolution
		{DD815B37-8AED-94F2-3CD3-7C660A4ADA96}.Debug|x64.ActiveCfg = Debug|x64
		{DD815B37-8AED-94F2-3CD3-7C660A4ADA96}.Debug|x64.Build.0 = Debug|x64
		{DD815B37-8AED-94F2-3CD3-7C660A4ADA96}.Debug|Win32.ActiveCfg = Debug|Win32
		{DD815B37-8AED-94F2-3CD3-7C660A4ADA96}.Debug|Win32.Build.0 = Debug|Win32
		{DD815B37-8AED-94F2-3CD3-7C660A4ADA96}.Release|x64.ActiveCfg = Release|x64
		{DD815B37-8AED-94F2-3CD3-7C660A4ADA96}.Release|x64.Build.0 = Release|x64
		{DD815B37-8AED-94F2-3CD3-7C660A4ADA96}.Release|Win32.ActiveCfg = Release|Win32
		{DD815B37-8AED-94F2-3CD3-7C660A4ADA96}.Release|Win32.Build.0 = Release|Win32
	EndGlobalSection
	GlobalSection(SolutionProperties) = preSolution
		HideSolutionNode = FALSE
	EndGlobalSection
EndGlobal
